// !$*UTF8*$!
{
	archiveVersion = 1;
	classes = {
	};
	objectVersion = 46;
	objects = {

/* Begin PBXBuildFile section */
		445128AA1A096B04000364E1 /* xsltproc.c in Sources */ = {isa = PBXBuildFile; fileRef = 4451289D1A096AD5000364E1 /* xsltproc.c */; };
		445128AC1A096D2D000364E1 /* libxslt.dylib in Frameworks */ = {isa = PBXBuildFile; fileRef = 445128AB1A096D2D000364E1 /* libxslt.dylib */; };
		445128AE1A096D32000364E1 /* libexslt.dylib in Frameworks */ = {isa = PBXBuildFile; fileRef = 445128AD1A096D32000364E1 /* libexslt.dylib */; };
		445128B01A096D3D000364E1 /* libxml2.dylib in Frameworks */ = {isa = PBXBuildFile; fileRef = 445128AF1A096D3D000364E1 /* libxml2.dylib */; };
		44A9CD131B9C48B40059BC07 /* regexp.m in Sources */ = {isa = PBXBuildFile; fileRef = 44A9CD121B9C48B40059BC07 /* regexp.m */; };
		44A9CD151B9C48EF0059BC07 /* Foundation.framework in Frameworks */ = {isa = PBXBuildFile; fileRef = 44A9CD141B9C48EF0059BC07 /* Foundation.framework */; };
		44B2ED241A0D6B41000AFC00 /* xsltproc in CopyFiles */ = {isa = PBXBuildFile; fileRef = 445128A21A096AE6000364E1 /* xsltproc */; };
/* End PBXBuildFile section */

/* Begin PBXCopyFilesBuildPhase section */
		445128A01A096AE6000364E1 /* CopyFiles */ = {
			isa = PBXCopyFilesBuildPhase;
			buildActionMask = 12;
			dstPath = "~/bin";
			dstSubfolderSpec = 0;
			files = (
				44B2ED241A0D6B41000AFC00 /* xsltproc in CopyFiles */,
			);
			runOnlyForDeploymentPostprocessing = 0;
		};
/* End PBXCopyFilesBuildPhase section */

/* Begin PBXFileReference section */
		442CDFAD1A0D66CF00B74EB5 /* exslt.h */ = {isa = PBXFileReference; fileEncoding = 4; lastKnownFileType = sourcecode.c.h; path = exslt.h; sourceTree = "<group>"; };
		442CDFAE1A0D66CF00B74EB5 /* exsltconfig.h */ = {isa = PBXFileReference; fileEncoding = 4; lastKnownFileType = sourcecode.c.h; path = exsltconfig.h; sourceTree = "<group>"; };
		442CDFAF1A0D66CF00B74EB5 /* exsltexports.h */ = {isa = PBXFileReference; fileEncoding = 4; lastKnownFileType = sourcecode.c.h; path = exsltexports.h; sourceTree = "<group>"; };
		442CDFB11A0D66CF00B74EB5 /* libexslt.h */ = {isa = PBXFileReference; fileEncoding = 4; lastKnownFileType = sourcecode.c.h; path = libexslt.h; sourceTree = "<group>"; };
		442CDFCC1A0D66CF00B74EB5 /* attributes.h */ = {isa = PBXFileReference; fileEncoding = 4; lastKnownFileType = sourcecode.c.h; path = attributes.h; sourceTree = "<group>"; };
		442CDFCF1A0D66CF00B74EB5 /* documents.h */ = {isa = PBXFileReference; fileEncoding = 4; lastKnownFileType = sourcecode.c.h; path = documents.h; sourceTree = "<group>"; };
		442CDFD11A0D66CF00B74EB5 /* extensions.h */ = {isa = PBXFileReference; fileEncoding = 4; lastKnownFileType = sourcecode.c.h; path = extensions.h; sourceTree = "<group>"; };
		442CDFD31A0D66CF00B74EB5 /* extra.h */ = {isa = PBXFileReference; fileEncoding = 4; lastKnownFileType = sourcecode.c.h; path = extra.h; sourceTree = "<group>"; };
		442CDFD51A0D66CF00B74EB5 /* functions.h */ = {isa = PBXFileReference; fileEncoding = 4; lastKnownFileType = sourcecode.c.h; path = functions.h; sourceTree = "<group>"; };
		442CDFD71A0D66CF00B74EB5 /* imports.h */ = {isa = PBXFileReference; fileEncoding = 4; lastKnownFileType = sourcecode.c.h; path = imports.h; sourceTree = "<group>"; };
		442CDFD91A0D66CF00B74EB5 /* keys.h */ = {isa = PBXFileReference; fileEncoding = 4; lastKnownFileType = sourcecode.c.h; path = keys.h; sourceTree = "<group>"; };
		442CDFDA1A0D66CF00B74EB5 /* libxslt.h */ = {isa = PBXFileReference; fileEncoding = 4; lastKnownFileType = sourcecode.c.h; path = libxslt.h; sourceTree = "<group>"; };
		442CDFDC1A0D66CF00B74EB5 /* namespaces.h */ = {isa = PBXFileReference; fileEncoding = 4; lastKnownFileType = sourcecode.c.h; path = namespaces.h; sourceTree = "<group>"; };
		442CDFDE1A0D66CF00B74EB5 /* numbersInternals.h */ = {isa = PBXFileReference; fileEncoding = 4; lastKnownFileType = sourcecode.c.h; path = numbersInternals.h; sourceTree = "<group>"; };
		442CDFE01A0D66CF00B74EB5 /* pattern.h */ = {isa = PBXFileReference; fileEncoding = 4; lastKnownFileType = sourcecode.c.h; path = pattern.h; sourceTree = "<group>"; };
		442CDFE21A0D66CF00B74EB5 /* preproc.h */ = {isa = PBXFileReference; fileEncoding = 4; lastKnownFileType = sourcecode.c.h; path = preproc.h; sourceTree = "<group>"; };
		442CDFE41A0D66CF00B74EB5 /* security.h */ = {isa = PBXFileReference; fileEncoding = 4; lastKnownFileType = sourcecode.c.h; path = security.h; sourceTree = "<group>"; };
		442CDFE61A0D66CF00B74EB5 /* templates.h */ = {isa = PBXFileReference; fileEncoding = 4; lastKnownFileType = sourcecode.c.h; path = templates.h; sourceTree = "<group>"; };
		442CDFE81A0D66CF00B74EB5 /* transform.h */ = {isa = PBXFileReference; fileEncoding = 4; lastKnownFileType = sourcecode.c.h; path = transform.h; sourceTree = "<group>"; };
		442CDFE91A0D66CF00B74EB5 /* trio.h */ = {isa = PBXFileReference; fileEncoding = 4; lastKnownFileType = sourcecode.c.h; path = trio.h; sourceTree = "<group>"; };
		442CDFEA1A0D66CF00B74EB5 /* triodef.h */ = {isa = PBXFileReference; fileEncoding = 4; lastKnownFileType = sourcecode.c.h; path = triodef.h; sourceTree = "<group>"; };
		442CDFEC1A0D66CF00B74EB5 /* variables.h */ = {isa = PBXFileReference; fileEncoding = 4; lastKnownFileType = sourcecode.c.h; path = variables.h; sourceTree = "<group>"; };
		442CDFEE1A0D66CF00B74EB5 /* xslt.h */ = {isa = PBXFileReference; fileEncoding = 4; lastKnownFileType = sourcecode.c.h; path = xslt.h; sourceTree = "<group>"; };
		442CDFEF1A0D66CF00B74EB5 /* xsltInternals.h */ = {isa = PBXFileReference; fileEncoding = 4; lastKnownFileType = sourcecode.c.h; path = xsltInternals.h; sourceTree = "<group>"; };
		442CDFF01A0D66CF00B74EB5 /* xsltconfig.h */ = {isa = PBXFileReference; fileEncoding = 4; lastKnownFileType = sourcecode.c.h; path = xsltconfig.h; sourceTree = "<group>"; };
		442CDFF11A0D66CF00B74EB5 /* xsltexports.h */ = {isa = PBXFileReference; fileEncoding = 4; lastKnownFileType = sourcecode.c.h; path = xsltexports.h; sourceTree = "<group>"; };
		442CDFF31A0D66CF00B74EB5 /* xsltlocale.h */ = {isa = PBXFileReference; fileEncoding = 4; lastKnownFileType = sourcecode.c.h; path = xsltlocale.h; sourceTree = "<group>"; };
		442CDFF51A0D66CF00B74EB5 /* xsltutils.h */ = {isa = PBXFileReference; fileEncoding = 4; lastKnownFileType = sourcecode.c.h; path = xsltutils.h; sourceTree = "<group>"; };
		4451289D1A096AD5000364E1 /* xsltproc.c */ = {isa = PBXFileReference; lastKnownFileType = sourcecode.c.c; path = xsltproc.c; sourceTree = "<group>"; };
		445128A21A096AE6000364E1 /* xsltproc */ = {isa = PBXFileReference; explicitFileType = "compiled.mach-o.executable"; includeInIndex = 0; path = xsltproc; sourceTree = BUILT_PRODUCTS_DIR; };
		445128AB1A096D2D000364E1 /* libxslt.dylib */ = {isa = PBXFileReference; lastKnownFileType = "compiled.mach-o.dylib"; name = libxslt.dylib; path = usr/lib/libxslt.dylib; sourceTree = SDKROOT; };
		445128AD1A096D32000364E1 /* libexslt.dylib */ = {isa = PBXFileReference; lastKnownFileType = "compiled.mach-o.dylib"; name = libexslt.dylib; path = usr/lib/libexslt.dylib; sourceTree = SDKROOT; };
		445128AF1A096D3D000364E1 /* libxml2.dylib */ = {isa = PBXFileReference; lastKnownFileType = "compiled.mach-o.dylib"; name = libxml2.dylib; path = usr/lib/libxml2.dylib; sourceTree = SDKROOT; };
		44A9CD121B9C48B40059BC07 /* regexp.m */ = {isa = PBXFileReference; fileEncoding = 4; lastKnownFileType = sourcecode.c.objc; path = regexp.m; sourceTree = "<group>"; };
		44A9CD141B9C48EF0059BC07 /* Foundation.framework */ = {isa = PBXFileReference; lastKnownFileType = wrapper.framework; name = Foundation.framework; path = System/Library/Frameworks/Foundation.framework; sourceTree = SDKROOT; };
		44A9CD161B9C4B2E0059BC07 /* regexp.h */ = {isa = PBXFileReference; fileEncoding = 4; lastKnownFileType = sourcecode.c.h; path = regexp.h; sourceTree = "<group>"; };
/* End PBXFileReference section */

/* Begin PBXFrameworksBuildPhase section */
		4451289F1A096AE6000364E1 /* Frameworks */ = {
			isa = PBXFrameworksBuildPhase;
			buildActionMask = 2147483647;
			files = (
				44A9CD151B9C48EF0059BC07 /* Foundation.framework in Frameworks */,
				445128B01A096D3D000364E1 /* libxml2.dylib in Frameworks */,
				445128AE1A096D32000364E1 /* libexslt.dylib in Frameworks */,
				445128AC1A096D2D000364E1 /* libxslt.dylib in Frameworks */,
			);
			runOnlyForDeploymentPostprocessing = 0;
		};
/* End PBXFrameworksBuildPhase section */

/* Begin PBXGroup section */
		442CDF9C1A0D66CF00B74EB5 /* libexslt */ = {
			isa = PBXGroup;
			children = (
				442CDFAD1A0D66CF00B74EB5 /* exslt.h */,
				442CDFAE1A0D66CF00B74EB5 /* exsltconfig.h */,
				442CDFAF1A0D66CF00B74EB5 /* exsltexports.h */,
				442CDFB11A0D66CF00B74EB5 /* libexslt.h */,
			);
			name = libexslt;
			path = ../libexslt;
			sourceTree = "<group>";
		};
		442CDFB61A0D66CF00B74EB5 /* libxslt */ = {
			isa = PBXGroup;
			children = (
				442CDFCC1A0D66CF00B74EB5 /* attributes.h */,
				442CDFCF1A0D66CF00B74EB5 /* documents.h */,
				442CDFD11A0D66CF00B74EB5 /* extensions.h */,
				442CDFD31A0D66CF00B74EB5 /* extra.h */,
				442CDFD51A0D66CF00B74EB5 /* functions.h */,
				442CDFD71A0D66CF00B74EB5 /* imports.h */,
				442CDFD91A0D66CF00B74EB5 /* keys.h */,
				442CDFDA1A0D66CF00B74EB5 /* libxslt.h */,
				442CDFDC1A0D66CF00B74EB5 /* namespaces.h */,
				442CDFDE1A0D66CF00B74EB5 /* numbersInternals.h */,
				442CDFE01A0D66CF00B74EB5 /* pattern.h */,
				442CDFE21A0D66CF00B74EB5 /* preproc.h */,
				442CDFE41A0D66CF00B74EB5 /* security.h */,
				442CDFE61A0D66CF00B74EB5 /* templates.h */,
				442CDFE81A0D66CF00B74EB5 /* transform.h */,
				442CDFE91A0D66CF00B74EB5 /* trio.h */,
				442CDFEA1A0D66CF00B74EB5 /* triodef.h */,
				442CDFEC1A0D66CF00B74EB5 /* variables.h */,
				442CDFEE1A0D66CF00B74EB5 /* xslt.h */,
				442CDFEF1A0D66CF00B74EB5 /* xsltInternals.h */,
				442CDFF01A0D66CF00B74EB5 /* xsltconfig.h */,
				442CDFF11A0D66CF00B74EB5 /* xsltexports.h */,
				442CDFF31A0D66CF00B74EB5 /* xsltlocale.h */,
				442CDFF51A0D66CF00B74EB5 /* xsltutils.h */,
			);
			name = libxslt;
			path = ../libxslt;
			sourceTree = "<group>";
		};
		445128961A096ACB000364E1 = {
			isa = PBXGroup;
			children = (
				44A9CD141B9C48EF0059BC07 /* Foundation.framework */,
				442CDF9C1A0D66CF00B74EB5 /* libexslt */,
				442CDFB61A0D66CF00B74EB5 /* libxslt */,
				44B2ED181A0D6A34000AFC00 /* libxslt-plugin-regexp-0.3 */,
				445128AF1A096D3D000364E1 /* libxml2.dylib */,
				445128AD1A096D32000364E1 /* libexslt.dylib */,
				445128AB1A096D2D000364E1 /* libxslt.dylib */,
				4451289D1A096AD5000364E1 /* xsltproc.c */,
				445128A31A096AE6000364E1 /* Products */,
			);
			sourceTree = "<group>";
		};
		445128A31A096AE6000364E1 /* Products */ = {
			isa = PBXGroup;
			children = (
				445128A21A096AE6000364E1 /* xsltproc */,
			);
			name = Products;
			sourceTree = "<group>";
		};
		44B2ED181A0D6A34000AFC00 /* libxslt-plugin-regexp-0.3 */ = {
			isa = PBXGroup;
			children = (
				44A9CD161B9C4B2E0059BC07 /* regexp.h */,
				44A9CD121B9C48B40059BC07 /* regexp.m */,
			);
			name = "libxslt-plugin-regexp-0.3";
			path = "../libxslt-plugin-regexp-0.3";
			sourceTree = "<group>";
		};
/* End PBXGroup section */

/* Begin PBXNativeTarget section */
		445128A11A096AE6000364E1 /* xsltproc */ = {
			isa = PBXNativeTarget;
			buildConfigurationList = 445128A71A096AE6000364E1 /* Build configuration list for PBXNativeTarget "xsltproc" */;
			buildPhases = (
				4451289E1A096AE6000364E1 /* Sources */,
				4451289F1A096AE6000364E1 /* Frameworks */,
				445128A01A096AE6000364E1 /* CopyFiles */,
			);
			buildRules = (
			);
			dependencies = (
			);
			name = xsltproc;
			productName = xsltproc;
			productReference = 445128A21A096AE6000364E1 /* xsltproc */;
			productType = "com.apple.product-type.tool";
		};
/* End PBXNativeTarget section */

/* Begin PBXProject section */
		445128971A096ACB000364E1 /* Project object */ = {
			isa = PBXProject;
			attributes = {
				LastUpgradeCheck = 0610;
				TargetAttributes = {
					445128A11A096AE6000364E1 = {
						CreatedOnToolsVersion = 6.1;
					};
				};
			};
			buildConfigurationList = 4451289A1A096ACB000364E1 /* Build configuration list for PBXProject "xsltproc" */;
			compatibilityVersion = "Xcode 3.2";
			developmentRegion = English;
			hasScannedForEncodings = 0;
			knownRegions = (
				en,
			);
			mainGroup = 445128961A096ACB000364E1;
			productRefGroup = 445128A31A096AE6000364E1 /* Products */;
			projectDirPath = "";
			projectRoot = "";
			targets = (
				445128A11A096AE6000364E1 /* xsltproc */,
			);
		};
/* End PBXProject section */

/* Begin PBXSourcesBuildPhase section */
		4451289E1A096AE6000364E1 /* Sources */ = {
			isa = PBXSourcesBuildPhase;
			buildActionMask = 2147483647;
			files = (
				445128AA1A096B04000364E1 /* xsltproc.c in Sources */,
				44A9CD131B9C48B40059BC07 /* regexp.m in Sources */,
			);
			runOnlyForDeploymentPostprocessing = 0;
		};
/* End PBXSourcesBuildPhase section */

/* Begin XCBuildConfiguration section */
		4451289B1A096ACB000364E1 /* Debug */ = {
			isa = XCBuildConfiguration;
			buildSettings = {
				GCC_PREPROCESSOR_DEFINITIONS = HAVE_CONFIG_H;
				USER_HEADER_SEARCH_PATHS = "/usr/include/libxml2 /usr/include";
			};
			name = Debug;
		};
		4451289C1A096ACB000364E1 /* Release */ = {
			isa = XCBuildConfiguration;
			buildSettings = {
				GCC_PREPROCESSOR_DEFINITIONS = HAVE_CONFIG_H;
				USER_HEADER_SEARCH_PATHS = "/usr/include/libxml2 /usr/include";
			};
			name = Release;
		};
		445128A81A096AE6000364E1 /* Debug */ = {
			isa = XCBuildConfiguration;
			buildSettings = {
				CLANG_CXX_LANGUAGE_STANDARD = "gnu++0x";
				CLANG_CXX_LIBRARY = "libc++";
				CLANG_ENABLE_OBJC_ARC = YES;
				CLANG_WARN_BOOL_CONVERSION = YES;
				CLANG_WARN_CONSTANT_CONVERSION = YES;
				CLANG_WARN_DIRECT_OBJC_ISA_USAGE = YES_ERROR;
				CLANG_WARN_EMPTY_BODY = YES;
				CLANG_WARN_ENUM_CONVERSION = YES;
				CLANG_WARN_INT_CONVERSION = YES;
				CLANG_WARN_OBJC_ROOT_CLASS = YES_ERROR;
				CLANG_WARN_UNREACHABLE_CODE = YES;
				CLANG_WARN__DUPLICATE_METHOD_MATCH = YES;
				COPY_PHASE_STRIP = NO;
				ENABLE_STRICT_OBJC_MSGSEND = YES;
				GCC_C_LANGUAGE_STANDARD = gnu99;
				GCC_DYNAMIC_NO_PIC = NO;
				GCC_OPTIMIZATION_LEVEL = 0;
				GCC_PREPROCESSOR_DEFINITIONS = (
					"DEBUG=1",
					"$(inherited)",
				);
				GCC_SYMBOLS_PRIVATE_EXTERN = NO;
				GCC_WARN_64_TO_32_BIT_CONVERSION = YES;
				GCC_WARN_ABOUT_RETURN_TYPE = YES_ERROR;
				GCC_WARN_UNDECLARED_SELECTOR = YES;
				GCC_WARN_UNINITIALIZED_AUTOS = YES_AGGRESSIVE;
				GCC_WARN_UNUSED_FUNCTION = YES;
				GCC_WARN_UNUSED_VARIABLE = YES;
				MACOSX_DEPLOYMENT_TARGET = 10.9;
				MTL_ENABLE_DEBUG_INFO = YES;
				PRODUCT_NAME = "$(TARGET_NAME)";
			};
			name = Debug;
		};
		445128A91A096AE6000364E1 /* Release */ = {
			isa = XCBuildConfiguration;
			buildSettings = {
				CLANG_CXX_LANGUAGE_STANDARD = "gnu++0x";
				CLANG_CXX_LIBRARY = "libc++";
				CLANG_ENABLE_OBJC_ARC = YES;
				CLANG_WARN_BOOL_CONVERSION = YES;
				CLANG_WARN_CONSTANT_CONVERSION = YES;
				CLANG_WARN_DIRECT_OBJC_ISA_USAGE = YES_ERROR;
				CLANG_WARN_EMPTY_BODY = YES;
				CLANG_WARN_ENUM_CONVERSION = YES;
				CLANG_WARN_INT_CONVERSION = YES;
				CLANG_WARN_OBJC_ROOT_CLASS = YES_ERROR;
				CLANG_WARN_UNREACHABLE_CODE = YES;
				CLANG_WARN__DUPLICATE_METHOD_MATCH = YES;
				COPY_PHASE_STRIP = YES;
				DEBUG_INFORMATION_FORMAT = "dwarf-with-dsym";
				ENABLE_NS_ASSERTIONS = NO;
				ENABLE_STRICT_OBJC_MSGSEND = YES;
				GCC_C_LANGUAGE_STANDARD = gnu99;
				GCC_WARN_64_TO_32_BIT_CONVERSION = YES;
				GCC_WARN_ABOUT_RETURN_TYPE = YES_ERROR;
				GCC_WARN_UNDECLARED_SELECTOR = YES;
				GCC_WARN_UNINITIALIZED_AUTOS = YES_AGGRESSIVE;
				GCC_WARN_UNUSED_FUNCTION = YES;
				GCC_WARN_UNUSED_VARIABLE = YES;
				MACOSX_DEPLOYMENT_TARGET = 10.9;
				MTL_ENABLE_DEBUG_INFO = NO;
				PRODUCT_NAME = "$(TARGET_NAME)";
			};
			name = Release;
		};
/* End XCBuildConfiguration section */

/* Begin XCConfigurationList section */
		4451289A1A096ACB000364E1 /* Build configuration list for PBXProject "xsltproc" */ = {
			isa = XCConfigurationList;
			buildConfigurations = (
				4451289B1A096ACB000364E1 /* Debug */,
				4451289C1A096ACB000364E1 /* Release */,
			);
			defaultConfigurationIsVisible = 0;
			defaultConfigurationName = Release;
		};
		445128A71A096AE6000364E1 /* Build configuration list for PBXNativeTarget "xsltproc" */ = {
			isa = XCConfigurationList;
			buildConfigurations = (
				445128A81A096AE6000364E1 /* Debug */,
				445128A91A096AE6000364E1 /* Release */,
			);
			defaultConfigurationIsVisible = 0;
			defaultConfigurationName = Release;
		};
/* End XCConfigurationList section */
	};
	rootObject = 445128971A096ACB000364E1 /* Project object */;
}
