// !$*UTF8*$!
{
	archiveVersion = 1;
	classes = {
	};
	objectVersion = 46;
	objects = {

/* Begin PBXBuildFile section */
		44B2ED9F1A0D7D70000AFC00 /* dftables.c in Sources */ = {isa = PBXBuildFile; fileRef = 44B2ED4C1A0D7D70000AFC00 /* dftables.c */; };
		44B2EDA01A0D7D70000AFC00 /* pcre16_byte_order.c in Sources */ = {isa = PBXBuildFile; fileRef = 44B2ED4E1A0D7D70000AFC00 /* pcre16_byte_order.c */; };
		44B2EDA11A0D7D70000AFC00 /* pcre16_chartables.c in Sources */ = {isa = PBXBuildFile; fileRef = 44B2ED4F1A0D7D70000AFC00 /* pcre16_chartables.c */; };
		44B2EDA21A0D7D70000AFC00 /* pcre16_compile.c in Sources */ = {isa = PBXBuildFile; fileRef = 44B2ED501A0D7D70000AFC00 /* pcre16_compile.c */; };
		44B2EDA31A0D7D70000AFC00 /* pcre16_config.c in Sources */ = {isa = PBXBuildFile; fileRef = 44B2ED511A0D7D70000AFC00 /* pcre16_config.c */; };
		44B2EDA41A0D7D70000AFC00 /* pcre16_dfa_exec.c in Sources */ = {isa = PBXBuildFile; fileRef = 44B2ED521A0D7D70000AFC00 /* pcre16_dfa_exec.c */; };
		44B2EDA51A0D7D70000AFC00 /* pcre16_exec.c in Sources */ = {isa = PBXBuildFile; fileRef = 44B2ED531A0D7D70000AFC00 /* pcre16_exec.c */; };
		44B2EDA61A0D7D70000AFC00 /* pcre16_fullinfo.c in Sources */ = {isa = PBXBuildFile; fileRef = 44B2ED541A0D7D70000AFC00 /* pcre16_fullinfo.c */; };
		44B2EDA71A0D7D70000AFC00 /* pcre16_get.c in Sources */ = {isa = PBXBuildFile; fileRef = 44B2ED551A0D7D70000AFC00 /* pcre16_get.c */; };
		44B2EDA81A0D7D70000AFC00 /* pcre16_globals.c in Sources */ = {isa = PBXBuildFile; fileRef = 44B2ED561A0D7D70000AFC00 /* pcre16_globals.c */; };
		44B2EDA91A0D7D70000AFC00 /* pcre16_jit_compile.c in Sources */ = {isa = PBXBuildFile; fileRef = 44B2ED571A0D7D70000AFC00 /* pcre16_jit_compile.c */; };
		44B2EDAA1A0D7D70000AFC00 /* pcre16_maketables.c in Sources */ = {isa = PBXBuildFile; fileRef = 44B2ED581A0D7D70000AFC00 /* pcre16_maketables.c */; };
		44B2EDAB1A0D7D70000AFC00 /* pcre16_newline.c in Sources */ = {isa = PBXBuildFile; fileRef = 44B2ED591A0D7D70000AFC00 /* pcre16_newline.c */; };
		44B2EDAC1A0D7D70000AFC00 /* pcre16_ord2utf16.c in Sources */ = {isa = PBXBuildFile; fileRef = 44B2ED5A1A0D7D70000AFC00 /* pcre16_ord2utf16.c */; };
		44B2EDAD1A0D7D70000AFC00 /* pcre16_printint.c in Sources */ = {isa = PBXBuildFile; fileRef = 44B2ED5B1A0D7D70000AFC00 /* pcre16_printint.c */; };
		44B2EDAE1A0D7D70000AFC00 /* pcre16_refcount.c in Sources */ = {isa = PBXBuildFile; fileRef = 44B2ED5C1A0D7D70000AFC00 /* pcre16_refcount.c */; };
		44B2EDAF1A0D7D70000AFC00 /* pcre16_string_utils.c in Sources */ = {isa = PBXBuildFile; fileRef = 44B2ED5D1A0D7D70000AFC00 /* pcre16_string_utils.c */; };
		44B2EDB01A0D7D70000AFC00 /* pcre16_study.c in Sources */ = {isa = PBXBuildFile; fileRef = 44B2ED5E1A0D7D70000AFC00 /* pcre16_study.c */; };
		44B2EDB11A0D7D70000AFC00 /* pcre16_tables.c in Sources */ = {isa = PBXBuildFile; fileRef = 44B2ED5F1A0D7D70000AFC00 /* pcre16_tables.c */; };
		44B2EDB21A0D7D70000AFC00 /* pcre16_ucd.c in Sources */ = {isa = PBXBuildFile; fileRef = 44B2ED601A0D7D70000AFC00 /* pcre16_ucd.c */; };
		44B2EDB31A0D7D70000AFC00 /* pcre16_utf16_utils.c in Sources */ = {isa = PBXBuildFile; fileRef = 44B2ED611A0D7D70000AFC00 /* pcre16_utf16_utils.c */; };
		44B2EDB41A0D7D70000AFC00 /* pcre16_valid_utf16.c in Sources */ = {isa = PBXBuildFile; fileRef = 44B2ED621A0D7D70000AFC00 /* pcre16_valid_utf16.c */; };
		44B2EDB51A0D7D70000AFC00 /* pcre16_version.c in Sources */ = {isa = PBXBuildFile; fileRef = 44B2ED631A0D7D70000AFC00 /* pcre16_version.c */; };
		44B2EDB61A0D7D70000AFC00 /* pcre16_xclass.c in Sources */ = {isa = PBXBuildFile; fileRef = 44B2ED641A0D7D70000AFC00 /* pcre16_xclass.c */; };
		44B2EDB71A0D7D70000AFC00 /* pcre32_byte_order.c in Sources */ = {isa = PBXBuildFile; fileRef = 44B2ED651A0D7D70000AFC00 /* pcre32_byte_order.c */; };
		44B2EDB81A0D7D70000AFC00 /* pcre32_chartables.c in Sources */ = {isa = PBXBuildFile; fileRef = 44B2ED661A0D7D70000AFC00 /* pcre32_chartables.c */; };
		44B2EDB91A0D7D70000AFC00 /* pcre32_compile.c in Sources */ = {isa = PBXBuildFile; fileRef = 44B2ED671A0D7D70000AFC00 /* pcre32_compile.c */; };
		44B2EDBA1A0D7D70000AFC00 /* pcre32_config.c in Sources */ = {isa = PBXBuildFile; fileRef = 44B2ED681A0D7D70000AFC00 /* pcre32_config.c */; };
		44B2EDBB1A0D7D70000AFC00 /* pcre32_dfa_exec.c in Sources */ = {isa = PBXBuildFile; fileRef = 44B2ED691A0D7D70000AFC00 /* pcre32_dfa_exec.c */; };
		44B2EDBC1A0D7D70000AFC00 /* pcre32_exec.c in Sources */ = {isa = PBXBuildFile; fileRef = 44B2ED6A1A0D7D70000AFC00 /* pcre32_exec.c */; };
		44B2EDBD1A0D7D70000AFC00 /* pcre32_fullinfo.c in Sources */ = {isa = PBXBuildFile; fileRef = 44B2ED6B1A0D7D70000AFC00 /* pcre32_fullinfo.c */; };
		44B2EDBE1A0D7D70000AFC00 /* pcre32_get.c in Sources */ = {isa = PBXBuildFile; fileRef = 44B2ED6C1A0D7D70000AFC00 /* pcre32_get.c */; };
		44B2EDBF1A0D7D70000AFC00 /* pcre32_globals.c in Sources */ = {isa = PBXBuildFile; fileRef = 44B2ED6D1A0D7D70000AFC00 /* pcre32_globals.c */; };
		44B2EDC01A0D7D70000AFC00 /* pcre32_jit_compile.c in Sources */ = {isa = PBXBuildFile; fileRef = 44B2ED6E1A0D7D70000AFC00 /* pcre32_jit_compile.c */; };
		44B2EDC11A0D7D70000AFC00 /* pcre32_maketables.c in Sources */ = {isa = PBXBuildFile; fileRef = 44B2ED6F1A0D7D70000AFC00 /* pcre32_maketables.c */; };
		44B2EDC21A0D7D70000AFC00 /* pcre32_newline.c in Sources */ = {isa = PBXBuildFile; fileRef = 44B2ED701A0D7D70000AFC00 /* pcre32_newline.c */; };
		44B2EDC31A0D7D70000AFC00 /* pcre32_ord2utf32.c in Sources */ = {isa = PBXBuildFile; fileRef = 44B2ED711A0D7D70000AFC00 /* pcre32_ord2utf32.c */; };
		44B2EDC41A0D7D70000AFC00 /* pcre32_printint.c in Sources */ = {isa = PBXBuildFile; fileRef = 44B2ED721A0D7D70000AFC00 /* pcre32_printint.c */; };
		44B2EDC51A0D7D70000AFC00 /* pcre32_refcount.c in Sources */ = {isa = PBXBuildFile; fileRef = 44B2ED731A0D7D70000AFC00 /* pcre32_refcount.c */; };
		44B2EDC61A0D7D70000AFC00 /* pcre32_string_utils.c in Sources */ = {isa = PBXBuildFile; fileRef = 44B2ED741A0D7D70000AFC00 /* pcre32_string_utils.c */; };
		44B2EDC71A0D7D70000AFC00 /* pcre32_study.c in Sources */ = {isa = PBXBuildFile; fileRef = 44B2ED751A0D7D70000AFC00 /* pcre32_study.c */; };
		44B2EDC81A0D7D70000AFC00 /* pcre32_tables.c in Sources */ = {isa = PBXBuildFile; fileRef = 44B2ED761A0D7D70000AFC00 /* pcre32_tables.c */; };
		44B2EDC91A0D7D70000AFC00 /* pcre32_ucd.c in Sources */ = {isa = PBXBuildFile; fileRef = 44B2ED771A0D7D70000AFC00 /* pcre32_ucd.c */; };
		44B2EDCA1A0D7D70000AFC00 /* pcre32_utf32_utils.c in Sources */ = {isa = PBXBuildFile; fileRef = 44B2ED781A0D7D70000AFC00 /* pcre32_utf32_utils.c */; };
		44B2EDCB1A0D7D70000AFC00 /* pcre32_valid_utf32.c in Sources */ = {isa = PBXBuildFile; fileRef = 44B2ED791A0D7D70000AFC00 /* pcre32_valid_utf32.c */; };
		44B2EDCC1A0D7D70000AFC00 /* pcre32_version.c in Sources */ = {isa = PBXBuildFile; fileRef = 44B2ED7A1A0D7D70000AFC00 /* pcre32_version.c */; };
		44B2EDCD1A0D7D70000AFC00 /* pcre32_xclass.c in Sources */ = {isa = PBXBuildFile; fileRef = 44B2ED7B1A0D7D70000AFC00 /* pcre32_xclass.c */; };
		44B2EDCE1A0D7D70000AFC00 /* pcre_byte_order.c in Sources */ = {isa = PBXBuildFile; fileRef = 44B2ED7C1A0D7D70000AFC00 /* pcre_byte_order.c */; };
		44B2EDCF1A0D7D70000AFC00 /* pcre_chartables.c in Sources */ = {isa = PBXBuildFile; fileRef = 44B2ED7D1A0D7D70000AFC00 /* pcre_chartables.c */; };
		44B2EDD01A0D7D70000AFC00 /* pcre_compile.c in Sources */ = {isa = PBXBuildFile; fileRef = 44B2ED7E1A0D7D70000AFC00 /* pcre_compile.c */; };
		44B2EDD11A0D7D70000AFC00 /* pcre_config.c in Sources */ = {isa = PBXBuildFile; fileRef = 44B2ED7F1A0D7D70000AFC00 /* pcre_config.c */; };
		44B2EDD21A0D7D70000AFC00 /* pcre_dfa_exec.c in Sources */ = {isa = PBXBuildFile; fileRef = 44B2ED801A0D7D70000AFC00 /* pcre_dfa_exec.c */; };
		44B2EDD31A0D7D70000AFC00 /* pcre_exec.c in Sources */ = {isa = PBXBuildFile; fileRef = 44B2ED811A0D7D70000AFC00 /* pcre_exec.c */; };
		44B2EDD41A0D7D70000AFC00 /* pcre_fullinfo.c in Sources */ = {isa = PBXBuildFile; fileRef = 44B2ED821A0D7D70000AFC00 /* pcre_fullinfo.c */; };
		44B2EDD51A0D7D70000AFC00 /* pcre_get.c in Sources */ = {isa = PBXBuildFile; fileRef = 44B2ED831A0D7D70000AFC00 /* pcre_get.c */; };
		44B2EDD61A0D7D70000AFC00 /* pcre_globals.c in Sources */ = {isa = PBXBuildFile; fileRef = 44B2ED841A0D7D70000AFC00 /* pcre_globals.c */; };
		44B2EDD71A0D7D70000AFC00 /* pcre_jit_compile.c in Sources */ = {isa = PBXBuildFile; fileRef = 44B2ED861A0D7D70000AFC00 /* pcre_jit_compile.c */; };
		44B2EDD81A0D7D70000AFC00 /* pcre_jit_test.c in Sources */ = {isa = PBXBuildFile; fileRef = 44B2ED871A0D7D70000AFC00 /* pcre_jit_test.c */; };
		44B2EDD91A0D7D70000AFC00 /* pcre_maketables.c in Sources */ = {isa = PBXBuildFile; fileRef = 44B2ED881A0D7D70000AFC00 /* pcre_maketables.c */; };
		44B2EDDA1A0D7D70000AFC00 /* pcre_newline.c in Sources */ = {isa = PBXBuildFile; fileRef = 44B2ED891A0D7D70000AFC00 /* pcre_newline.c */; };
		44B2EDDB1A0D7D70000AFC00 /* pcre_ord2utf8.c in Sources */ = {isa = PBXBuildFile; fileRef = 44B2ED8A1A0D7D70000AFC00 /* pcre_ord2utf8.c */; };
		44B2EDDC1A0D7D70000AFC00 /* pcre_printint.c in Sources */ = {isa = PBXBuildFile; fileRef = 44B2ED8B1A0D7D70000AFC00 /* pcre_printint.c */; };
		44B2EDDD1A0D7D70000AFC00 /* pcre_refcount.c in Sources */ = {isa = PBXBuildFile; fileRef = 44B2ED8C1A0D7D70000AFC00 /* pcre_refcount.c */; };
		44B2EDDE1A0D7D70000AFC00 /* pcre_string_utils.c in Sources */ = {isa = PBXBuildFile; fileRef = 44B2ED8E1A0D7D70000AFC00 /* pcre_string_utils.c */; };
		44B2EDDF1A0D7D70000AFC00 /* pcre_study.c in Sources */ = {isa = PBXBuildFile; fileRef = 44B2ED901A0D7D70000AFC00 /* pcre_study.c */; };
		44B2EDE01A0D7D70000AFC00 /* pcre_tables.c in Sources */ = {isa = PBXBuildFile; fileRef = 44B2ED911A0D7D70000AFC00 /* pcre_tables.c */; };
		44B2EDE11A0D7D70000AFC00 /* pcre_ucd.c in Sources */ = {isa = PBXBuildFile; fileRef = 44B2ED921A0D7D70000AFC00 /* pcre_ucd.c */; };
		44B2EDE21A0D7D70000AFC00 /* pcre_valid_utf8.c in Sources */ = {isa = PBXBuildFile; fileRef = 44B2ED931A0D7D70000AFC00 /* pcre_valid_utf8.c */; };
		44B2EDE31A0D7D70000AFC00 /* pcre_version.c in Sources */ = {isa = PBXBuildFile; fileRef = 44B2ED941A0D7D70000AFC00 /* pcre_version.c */; };
		44B2EDE41A0D7D70000AFC00 /* pcre_xclass.c in Sources */ = {isa = PBXBuildFile; fileRef = 44B2ED951A0D7D70000AFC00 /* pcre_xclass.c */; };
		44B2EDE61A0D7D70000AFC00 /* pcregrep.c in Sources */ = {isa = PBXBuildFile; fileRef = 44B2ED9A1A0D7D70000AFC00 /* pcregrep.c */; };
		44B2EDE71A0D7D70000AFC00 /* pcreposix.c in Sources */ = {isa = PBXBuildFile; fileRef = 44B2ED9B1A0D7D70000AFC00 /* pcreposix.c */; };
		44B2EDE81A0D7D70000AFC00 /* pcretest.c in Sources */ = {isa = PBXBuildFile; fileRef = 44B2ED9D1A0D7D70000AFC00 /* pcretest.c */; };
		44B2EDE91A0D7DFD000AFC00 /* libpcre.a in CopyFiles */ = {isa = PBXBuildFile; fileRef = 44B2ED301A0D7D4E000AFC00 /* libpcre.a */; };
/* End PBXBuildFile section */

/* Begin PBXCopyFilesBuildPhase section */
		44B2ED2E1A0D7D4E000AFC00 /* CopyFiles */ = {
			isa = PBXCopyFilesBuildPhase;
			buildActionMask = 2147483647;
			dstPath = "~/bin";
			dstSubfolderSpec = 0;
			files = (
				44B2EDE91A0D7DFD000AFC00 /* libpcre.a in CopyFiles */,
			);
			runOnlyForDeploymentPostprocessing = 0;
		};
/* End PBXCopyFilesBuildPhase section */

/* Begin PBXFileReference section */
		44B2ED301A0D7D4E000AFC00 /* libpcre.a */ = {isa = PBXFileReference; explicitFileType = archive.ar; includeInIndex = 0; path = libpcre.a; sourceTree = BUILT_PRODUCTS_DIR; };
		44B2ED4B1A0D7D70000AFC00 /* config.h */ = {isa = PBXFileReference; fileEncoding = 4; lastKnownFileType = sourcecode.c.h; path = config.h; sourceTree = "<group>"; };
		44B2ED4C1A0D7D70000AFC00 /* dftables.c */ = {isa = PBXFileReference; fileEncoding = 4; lastKnownFileType = sourcecode.c.c; path = dftables.c; sourceTree = "<group>"; };
		44B2ED4D1A0D7D70000AFC00 /* pcre.h */ = {isa = PBXFileReference; fileEncoding = 4; lastKnownFileType = sourcecode.c.h; path = pcre.h; sourceTree = "<group>"; };
		44B2ED4E1A0D7D70000AFC00 /* pcre16_byte_order.c */ = {isa = PBXFileReference; fileEncoding = 4; lastKnownFileType = sourcecode.c.c; path = pcre16_byte_order.c; sourceTree = "<group>"; };
		44B2ED4F1A0D7D70000AFC00 /* pcre16_chartables.c */ = {isa = PBXFileReference; fileEncoding = 4; lastKnownFileType = sourcecode.c.c; path = pcre16_chartables.c; sourceTree = "<group>"; };
		44B2ED501A0D7D70000AFC00 /* pcre16_compile.c */ = {isa = PBXFileReference; fileEncoding = 4; lastKnownFileType = sourcecode.c.c; path = pcre16_compile.c; sourceTree = "<group>"; };
		44B2ED511A0D7D70000AFC00 /* pcre16_config.c */ = {isa = PBXFileReference; fileEncoding = 4; lastKnownFileType = sourcecode.c.c; path = pcre16_config.c; sourceTree = "<group>"; };
		44B2ED521A0D7D70000AFC00 /* pcre16_dfa_exec.c */ = {isa = PBXFileReference; fileEncoding = 4; lastKnownFileType = sourcecode.c.c; path = pcre16_dfa_exec.c; sourceTree = "<group>"; };
		44B2ED531A0D7D70000AFC00 /* pcre16_exec.c */ = {isa = PBXFileReference; fileEncoding = 4; lastKnownFileType = sourcecode.c.c; path = pcre16_exec.c; sourceTree = "<group>"; };
		44B2ED541A0D7D70000AFC00 /* pcre16_fullinfo.c */ = {isa = PBXFileReference; fileEncoding = 4; lastKnownFileType = sourcecode.c.c; path = pcre16_fullinfo.c; sourceTree = "<group>"; };
		44B2ED551A0D7D70000AFC00 /* pcre16_get.c */ = {isa = PBXFileReference; fileEncoding = 4; lastKnownFileType = sourcecode.c.c; path = pcre16_get.c; sourceTree = "<group>"; };
		44B2ED561A0D7D70000AFC00 /* pcre16_globals.c */ = {isa = PBXFileReference; fileEncoding = 4; lastKnownFileType = sourcecode.c.c; path = pcre16_globals.c; sourceTree = "<group>"; };
		44B2ED571A0D7D70000AFC00 /* pcre16_jit_compile.c */ = {isa = PBXFileReference; fileEncoding = 4; lastKnownFileType = sourcecode.c.c; path = pcre16_jit_compile.c; sourceTree = "<group>"; };
		44B2ED581A0D7D70000AFC00 /* pcre16_maketables.c */ = {isa = PBXFileReference; fileEncoding = 4; lastKnownFileType = sourcecode.c.c; path = pcre16_maketables.c; sourceTree = "<group>"; };
		44B2ED591A0D7D70000AFC00 /* pcre16_newline.c */ = {isa = PBXFileReference; fileEncoding = 4; lastKnownFileType = sourcecode.c.c; path = pcre16_newline.c; sourceTree = "<group>"; };
		44B2ED5A1A0D7D70000AFC00 /* pcre16_ord2utf16.c */ = {isa = PBXFileReference; fileEncoding = 4; lastKnownFileType = sourcecode.c.c; path = pcre16_ord2utf16.c; sourceTree = "<group>"; };
		44B2ED5B1A0D7D70000AFC00 /* pcre16_printint.c */ = {isa = PBXFileReference; fileEncoding = 4; lastKnownFileType = sourcecode.c.c; path = pcre16_printint.c; sourceTree = "<group>"; };
		44B2ED5C1A0D7D70000AFC00 /* pcre16_refcount.c */ = {isa = PBXFileReference; fileEncoding = 4; lastKnownFileType = sourcecode.c.c; path = pcre16_refcount.c; sourceTree = "<group>"; };
		44B2ED5D1A0D7D70000AFC00 /* pcre16_string_utils.c */ = {isa = PBXFileReference; fileEncoding = 4; lastKnownFileType = sourcecode.c.c; path = pcre16_string_utils.c; sourceTree = "<group>"; };
		44B2ED5E1A0D7D70000AFC00 /* pcre16_study.c */ = {isa = PBXFileReference; fileEncoding = 4; lastKnownFileType = sourcecode.c.c; path = pcre16_study.c; sourceTree = "<group>"; };
		44B2ED5F1A0D7D70000AFC00 /* pcre16_tables.c */ = {isa = PBXFileReference; fileEncoding = 4; lastKnownFileType = sourcecode.c.c; path = pcre16_tables.c; sourceTree = "<group>"; };
		44B2ED601A0D7D70000AFC00 /* pcre16_ucd.c */ = {isa = PBXFileReference; fileEncoding = 4; lastKnownFileType = sourcecode.c.c; path = pcre16_ucd.c; sourceTree = "<group>"; };
		44B2ED611A0D7D70000AFC00 /* pcre16_utf16_utils.c */ = {isa = PBXFileReference; fileEncoding = 4; lastKnownFileType = sourcecode.c.c; path = pcre16_utf16_utils.c; sourceTree = "<group>"; };
		44B2ED621A0D7D70000AFC00 /* pcre16_valid_utf16.c */ = {isa = PBXFileReference; fileEncoding = 4; lastKnownFileType = sourcecode.c.c; path = pcre16_valid_utf16.c; sourceTree = "<group>"; };
		44B2ED631A0D7D70000AFC00 /* pcre16_version.c */ = {isa = PBXFileReference; fileEncoding = 4; lastKnownFileType = sourcecode.c.c; path = pcre16_version.c; sourceTree = "<group>"; };
		44B2ED641A0D7D70000AFC00 /* pcre16_xclass.c */ = {isa = PBXFileReference; fileEncoding = 4; lastKnownFileType = sourcecode.c.c; path = pcre16_xclass.c; sourceTree = "<group>"; };
		44B2ED651A0D7D70000AFC00 /* pcre32_byte_order.c */ = {isa = PBXFileReference; fileEncoding = 4; lastKnownFileType = sourcecode.c.c; path = pcre32_byte_order.c; sourceTree = "<group>"; };
		44B2ED661A0D7D70000AFC00 /* pcre32_chartables.c */ = {isa = PBXFileReference; fileEncoding = 4; lastKnownFileType = sourcecode.c.c; path = pcre32_chartables.c; sourceTree = "<group>"; };
		44B2ED671A0D7D70000AFC00 /* pcre32_compile.c */ = {isa = PBXFileReference; fileEncoding = 4; lastKnownFileType = sourcecode.c.c; path = pcre32_compile.c; sourceTree = "<group>"; };
		44B2ED681A0D7D70000AFC00 /* pcre32_config.c */ = {isa = PBXFileReference; fileEncoding = 4; lastKnownFileType = sourcecode.c.c; path = pcre32_config.c; sourceTree = "<group>"; };
		44B2ED691A0D7D70000AFC00 /* pcre32_dfa_exec.c */ = {isa = PBXFileReference; fileEncoding = 4; lastKnownFileType = sourcecode.c.c; path = pcre32_dfa_exec.c; sourceTree = "<group>"; };
		44B2ED6A1A0D7D70000AFC00 /* pcre32_exec.c */ = {isa = PBXFileReference; fileEncoding = 4; lastKnownFileType = sourcecode.c.c; path = pcre32_exec.c; sourceTree = "<group>"; };
		44B2ED6B1A0D7D70000AFC00 /* pcre32_fullinfo.c */ = {isa = PBXFileReference; fileEncoding = 4; lastKnownFileType = sourcecode.c.c; path = pcre32_fullinfo.c; sourceTree = "<group>"; };
		44B2ED6C1A0D7D70000AFC00 /* pcre32_get.c */ = {isa = PBXFileReference; fileEncoding = 4; lastKnownFileType = sourcecode.c.c; path = pcre32_get.c; sourceTree = "<group>"; };
		44B2ED6D1A0D7D70000AFC00 /* pcre32_globals.c */ = {isa = PBXFileReference; fileEncoding = 4; lastKnownFileType = sourcecode.c.c; path = pcre32_globals.c; sourceTree = "<group>"; };
		44B2ED6E1A0D7D70000AFC00 /* pcre32_jit_compile.c */ = {isa = PBXFileReference; fileEncoding = 4; lastKnownFileType = sourcecode.c.c; path = pcre32_jit_compile.c; sourceTree = "<group>"; };
		44B2ED6F1A0D7D70000AFC00 /* pcre32_maketables.c */ = {isa = PBXFileReference; fileEncoding = 4; lastKnownFileType = sourcecode.c.c; path = pcre32_maketables.c; sourceTree = "<group>"; };
		44B2ED701A0D7D70000AFC00 /* pcre32_newline.c */ = {isa = PBXFileReference; fileEncoding = 4; lastKnownFileType = sourcecode.c.c; path = pcre32_newline.c; sourceTree = "<group>"; };
		44B2ED711A0D7D70000AFC00 /* pcre32_ord2utf32.c */ = {isa = PBXFileReference; fileEncoding = 4; lastKnownFileType = sourcecode.c.c; path = pcre32_ord2utf32.c; sourceTree = "<group>"; };
		44B2ED721A0D7D70000AFC00 /* pcre32_printint.c */ = {isa = PBXFileReference; fileEncoding = 4; lastKnownFileType = sourcecode.c.c; path = pcre32_printint.c; sourceTree = "<group>"; };
		44B2ED731A0D7D70000AFC00 /* pcre32_refcount.c */ = {isa = PBXFileReference; fileEncoding = 4; lastKnownFileType = sourcecode.c.c; path = pcre32_refcount.c; sourceTree = "<group>"; };
		44B2ED741A0D7D70000AFC00 /* pcre32_string_utils.c */ = {isa = PBXFileReference; fileEncoding = 4; lastKnownFileType = sourcecode.c.c; path = pcre32_string_utils.c; sourceTree = "<group>"; };
		44B2ED751A0D7D70000AFC00 /* pcre32_study.c */ = {isa = PBXFileReference; fileEncoding = 4; lastKnownFileType = sourcecode.c.c; path = pcre32_study.c; sourceTree = "<group>"; };
		44B2ED761A0D7D70000AFC00 /* pcre32_tables.c */ = {isa = PBXFileReference; fileEncoding = 4; lastKnownFileType = sourcecode.c.c; path = pcre32_tables.c; sourceTree = "<group>"; };
		44B2ED771A0D7D70000AFC00 /* pcre32_ucd.c */ = {isa = PBXFileReference; fileEncoding = 4; lastKnownFileType = sourcecode.c.c; path = pcre32_ucd.c; sourceTree = "<group>"; };
		44B2ED781A0D7D70000AFC00 /* pcre32_utf32_utils.c */ = {isa = PBXFileReference; fileEncoding = 4; lastKnownFileType = sourcecode.c.c; path = pcre32_utf32_utils.c; sourceTree = "<group>"; };
		44B2ED791A0D7D70000AFC00 /* pcre32_valid_utf32.c */ = {isa = PBXFileReference; fileEncoding = 4; lastKnownFileType = sourcecode.c.c; path = pcre32_valid_utf32.c; sourceTree = "<group>"; };
		44B2ED7A1A0D7D70000AFC00 /* pcre32_version.c */ = {isa = PBXFileReference; fileEncoding = 4; lastKnownFileType = sourcecode.c.c; path = pcre32_version.c; sourceTree = "<group>"; };
		44B2ED7B1A0D7D70000AFC00 /* pcre32_xclass.c */ = {isa = PBXFileReference; fileEncoding = 4; lastKnownFileType = sourcecode.c.c; path = pcre32_xclass.c; sourceTree = "<group>"; };
		44B2ED7C1A0D7D70000AFC00 /* pcre_byte_order.c */ = {isa = PBXFileReference; fileEncoding = 4; lastKnownFileType = sourcecode.c.c; path = pcre_byte_order.c; sourceTree = "<group>"; };
		44B2ED7D1A0D7D70000AFC00 /* pcre_chartables.c */ = {isa = PBXFileReference; fileEncoding = 4; lastKnownFileType = sourcecode.c.c; path = pcre_chartables.c; sourceTree = "<group>"; };
		44B2ED7E1A0D7D70000AFC00 /* pcre_compile.c */ = {isa = PBXFileReference; fileEncoding = 4; lastKnownFileType = sourcecode.c.c; path = pcre_compile.c; sourceTree = "<group>"; };
		44B2ED7F1A0D7D70000AFC00 /* pcre_config.c */ = {isa = PBXFileReference; fileEncoding = 4; lastKnownFileType = sourcecode.c.c; path = pcre_config.c; sourceTree = "<group>"; };
		44B2ED801A0D7D70000AFC00 /* pcre_dfa_exec.c */ = {isa = PBXFileReference; fileEncoding = 4; lastKnownFileType = sourcecode.c.c; path = pcre_dfa_exec.c; sourceTree = "<group>"; };
		44B2ED811A0D7D70000AFC00 /* pcre_exec.c */ = {isa = PBXFileReference; fileEncoding = 4; lastKnownFileType = sourcecode.c.c; path = pcre_exec.c; sourceTree = "<group>"; };
		44B2ED821A0D7D70000AFC00 /* pcre_fullinfo.c */ = {isa = PBXFileReference; fileEncoding = 4; lastKnownFileType = sourcecode.c.c; path = pcre_fullinfo.c; sourceTree = "<group>"; };
		44B2ED831A0D7D70000AFC00 /* pcre_get.c */ = {isa = PBXFileReference; fileEncoding = 4; lastKnownFileType = sourcecode.c.c; path = pcre_get.c; sourceTree = "<group>"; };
		44B2ED841A0D7D70000AFC00 /* pcre_globals.c */ = {isa = PBXFileReference; fileEncoding = 4; lastKnownFileType = sourcecode.c.c; path = pcre_globals.c; sourceTree = "<group>"; };
		44B2ED851A0D7D70000AFC00 /* pcre_internal.h */ = {isa = PBXFileReference; fileEncoding = 4; lastKnownFileType = sourcecode.c.h; path = pcre_internal.h; sourceTree = "<group>"; };
		44B2ED861A0D7D70000AFC00 /* pcre_jit_compile.c */ = {isa = PBXFileReference; fileEncoding = 4; lastKnownFileType = sourcecode.c.c; path = pcre_jit_compile.c; sourceTree = "<group>"; };
		44B2ED871A0D7D70000AFC00 /* pcre_jit_test.c */ = {isa = PBXFileReference; fileEncoding = 4; lastKnownFileType = sourcecode.c.c; path = pcre_jit_test.c; sourceTree = "<group>"; };
		44B2ED881A0D7D70000AFC00 /* pcre_maketables.c */ = {isa = PBXFileReference; fileEncoding = 4; lastKnownFileType = sourcecode.c.c; path = pcre_maketables.c; sourceTree = "<group>"; };
		44B2ED891A0D7D70000AFC00 /* pcre_newline.c */ = {isa = PBXFileReference; fileEncoding = 4; lastKnownFileType = sourcecode.c.c; path = pcre_newline.c; sourceTree = "<group>"; };
		44B2ED8A1A0D7D70000AFC00 /* pcre_ord2utf8.c */ = {isa = PBXFileReference; fileEncoding = 4; lastKnownFileType = sourcecode.c.c; path = pcre_ord2utf8.c; sourceTree = "<group>"; };
		44B2ED8B1A0D7D70000AFC00 /* pcre_printint.c */ = {isa = PBXFileReference; fileEncoding = 4; lastKnownFileType = sourcecode.c.c; path = pcre_printint.c; sourceTree = "<group>"; };
		44B2ED8C1A0D7D70000AFC00 /* pcre_refcount.c */ = {isa = PBXFileReference; fileEncoding = 4; lastKnownFileType = sourcecode.c.c; path = pcre_refcount.c; sourceTree = "<group>"; };
		44B2ED8D1A0D7D70000AFC00 /* pcre_scanner.h */ = {isa = PBXFileReference; fileEncoding = 4; lastKnownFileType = sourcecode.c.h; path = pcre_scanner.h; sourceTree = "<group>"; };
		44B2ED8E1A0D7D70000AFC00 /* pcre_string_utils.c */ = {isa = PBXFileReference; fileEncoding = 4; lastKnownFileType = sourcecode.c.c; path = pcre_string_utils.c; sourceTree = "<group>"; };
		44B2ED8F1A0D7D70000AFC00 /* pcre_stringpiece.h */ = {isa = PBXFileReference; fileEncoding = 4; lastKnownFileType = sourcecode.c.h; path = pcre_stringpiece.h; sourceTree = "<group>"; };
		44B2ED901A0D7D70000AFC00 /* pcre_study.c */ = {isa = PBXFileReference; fileEncoding = 4; lastKnownFileType = sourcecode.c.c; path = pcre_study.c; sourceTree = "<group>"; };
		44B2ED911A0D7D70000AFC00 /* pcre_tables.c */ = {isa = PBXFileReference; fileEncoding = 4; lastKnownFileType = sourcecode.c.c; path = pcre_tables.c; sourceTree = "<group>"; };
		44B2ED921A0D7D70000AFC00 /* pcre_ucd.c */ = {isa = PBXFileReference; fileEncoding = 4; lastKnownFileType = sourcecode.c.c; path = pcre_ucd.c; sourceTree = "<group>"; };
		44B2ED931A0D7D70000AFC00 /* pcre_valid_utf8.c */ = {isa = PBXFileReference; fileEncoding = 4; lastKnownFileType = sourcecode.c.c; path = pcre_valid_utf8.c; sourceTree = "<group>"; };
		44B2ED941A0D7D70000AFC00 /* pcre_version.c */ = {isa = PBXFileReference; fileEncoding = 4; lastKnownFileType = sourcecode.c.c; path = pcre_version.c; sourceTree = "<group>"; };
		44B2ED951A0D7D70000AFC00 /* pcre_xclass.c */ = {isa = PBXFileReference; fileEncoding = 4; lastKnownFileType = sourcecode.c.c; path = pcre_xclass.c; sourceTree = "<group>"; };
		44B2ED961A0D7D70000AFC00 /* pcrecpp.h */ = {isa = PBXFileReference; fileEncoding = 4; lastKnownFileType = sourcecode.c.h; path = pcrecpp.h; sourceTree = "<group>"; };
		44B2ED971A0D7D70000AFC00 /* pcrecpp_internal.h */ = {isa = PBXFileReference; fileEncoding = 4; lastKnownFileType = sourcecode.c.h; path = pcrecpp_internal.h; sourceTree = "<group>"; };
		44B2ED981A0D7D70000AFC00 /* pcrecpparg.h */ = {isa = PBXFileReference; fileEncoding = 4; lastKnownFileType = sourcecode.c.h; path = pcrecpparg.h; sourceTree = "<group>"; };
		44B2ED9A1A0D7D70000AFC00 /* pcregrep.c */ = {isa = PBXFileReference; fileEncoding = 4; lastKnownFileType = sourcecode.c.c; path = pcregrep.c; sourceTree = "<group>"; };
		44B2ED9B1A0D7D70000AFC00 /* pcreposix.c */ = {isa = PBXFileReference; fileEncoding = 4; lastKnownFileType = sourcecode.c.c; path = pcreposix.c; sourceTree = "<group>"; };
		44B2ED9C1A0D7D70000AFC00 /* pcreposix.h */ = {isa = PBXFileReference; fileEncoding = 4; lastKnownFileType = sourcecode.c.h; path = pcreposix.h; sourceTree = "<group>"; };
		44B2ED9D1A0D7D70000AFC00 /* pcretest.c */ = {isa = PBXFileReference; fileEncoding = 4; lastKnownFileType = sourcecode.c.c; path = pcretest.c; sourceTree = "<group>"; };
		44B2ED9E1A0D7D70000AFC00 /* ucp.h */ = {isa = PBXFileReference; fileEncoding = 4; lastKnownFileType = sourcecode.c.h; path = ucp.h; sourceTree = "<group>"; };
/* End PBXFileReference section */

/* Begin PBXFrameworksBuildPhase section */
		44B2ED2D1A0D7D4E000AFC00 /* Frameworks */ = {
			isa = PBXFrameworksBuildPhase;
			buildActionMask = 2147483647;
			files = (
			);
			runOnlyForDeploymentPostprocessing = 0;
		};
/* End PBXFrameworksBuildPhase section */

/* Begin PBXGroup section */
		44B2ED271A0D7D4E000AFC00 = {
			isa = PBXGroup;
			children = (
				44B2ED4A1A0D7D70000AFC00 /* pcre-8.36 */,
				44B2ED311A0D7D4E000AFC00 /* Products */,
			);
			sourceTree = "<group>";
		};
		44B2ED311A0D7D4E000AFC00 /* Products */ = {
			isa = PBXGroup;
			children = (
				44B2ED301A0D7D4E000AFC00 /* libpcre.a */,
			);
			name = Products;
			sourceTree = "<group>";
		};
		44B2ED4A1A0D7D70000AFC00 /* pcre-8.36 */ = {
			isa = PBXGroup;
			children = (
				44B2ED4B1A0D7D70000AFC00 /* config.h */,
				44B2ED4C1A0D7D70000AFC00 /* dftables.c */,
				44B2ED4D1A0D7D70000AFC00 /* pcre.h */,
				44B2ED4E1A0D7D70000AFC00 /* pcre16_byte_order.c */,
				44B2ED4F1A0D7D70000AFC00 /* pcre16_chartables.c */,
				44B2ED501A0D7D70000AFC00 /* pcre16_compile.c */,
				44B2ED511A0D7D70000AFC00 /* pcre16_config.c */,
				44B2ED521A0D7D70000AFC00 /* pcre16_dfa_exec.c */,
				44B2ED531A0D7D70000AFC00 /* pcre16_exec.c */,
				44B2ED541A0D7D70000AFC00 /* pcre16_fullinfo.c */,
				44B2ED551A0D7D70000AFC00 /* pcre16_get.c */,
				44B2ED561A0D7D70000AFC00 /* pcre16_globals.c */,
				44B2ED571A0D7D70000AFC00 /* pcre16_jit_compile.c */,
				44B2ED581A0D7D70000AFC00 /* pcre16_maketables.c */,
				44B2ED591A0D7D70000AFC00 /* pcre16_newline.c */,
				44B2ED5A1A0D7D70000AFC00 /* pcre16_ord2utf16.c */,
				44B2ED5B1A0D7D70000AFC00 /* pcre16_printint.c */,
				44B2ED5C1A0D7D70000AFC00 /* pcre16_refcount.c */,
				44B2ED5D1A0D7D70000AFC00 /* pcre16_string_utils.c */,
				44B2ED5E1A0D7D70000AFC00 /* pcre16_study.c */,
				44B2ED5F1A0D7D70000AFC00 /* pcre16_tables.c */,
				44B2ED601A0D7D70000AFC00 /* pcre16_ucd.c */,
				44B2ED611A0D7D70000AFC00 /* pcre16_utf16_utils.c */,
				44B2ED621A0D7D70000AFC00 /* pcre16_valid_utf16.c */,
				44B2ED631A0D7D70000AFC00 /* pcre16_version.c */,
				44B2ED641A0D7D70000AFC00 /* pcre16_xclass.c */,
				44B2ED651A0D7D70000AFC00 /* pcre32_byte_order.c */,
				44B2ED661A0D7D70000AFC00 /* pcre32_chartables.c */,
				44B2ED671A0D7D70000AFC00 /* pcre32_compile.c */,
				44B2ED681A0D7D70000AFC00 /* pcre32_config.c */,
				44B2ED691A0D7D70000AFC00 /* pcre32_dfa_exec.c */,
				44B2ED6A1A0D7D70000AFC00 /* pcre32_exec.c */,
				44B2ED6B1A0D7D70000AFC00 /* pcre32_fullinfo.c */,
				44B2ED6C1A0D7D70000AFC00 /* pcre32_get.c */,
				44B2ED6D1A0D7D70000AFC00 /* pcre32_globals.c */,
				44B2ED6E1A0D7D70000AFC00 /* pcre32_jit_compile.c */,
				44B2ED6F1A0D7D70000AFC00 /* pcre32_maketables.c */,
				44B2ED701A0D7D70000AFC00 /* pcre32_newline.c */,
				44B2ED711A0D7D70000AFC00 /* pcre32_ord2utf32.c */,
				44B2ED721A0D7D70000AFC00 /* pcre32_printint.c */,
				44B2ED731A0D7D70000AFC00 /* pcre32_refcount.c */,
				44B2ED741A0D7D70000AFC00 /* pcre32_string_utils.c */,
				44B2ED751A0D7D70000AFC00 /* pcre32_study.c */,
				44B2ED761A0D7D70000AFC00 /* pcre32_tables.c */,
				44B2ED771A0D7D70000AFC00 /* pcre32_ucd.c */,
				44B2ED781A0D7D70000AFC00 /* pcre32_utf32_utils.c */,
				44B2ED791A0D7D70000AFC00 /* pcre32_valid_utf32.c */,
				44B2ED7A1A0D7D70000AFC00 /* pcre32_version.c */,
				44B2ED7B1A0D7D70000AFC00 /* pcre32_xclass.c */,
				44B2ED7C1A0D7D70000AFC00 /* pcre_byte_order.c */,
				44B2ED7D1A0D7D70000AFC00 /* pcre_chartables.c */,
				44B2ED7E1A0D7D70000AFC00 /* pcre_compile.c */,
				44B2ED7F1A0D7D70000AFC00 /* pcre_config.c */,
				44B2ED801A0D7D70000AFC00 /* pcre_dfa_exec.c */,
				44B2ED811A0D7D70000AFC00 /* pcre_exec.c */,
				44B2ED821A0D7D70000AFC00 /* pcre_fullinfo.c */,
				44B2ED831A0D7D70000AFC00 /* pcre_get.c */,
				44B2ED841A0D7D70000AFC00 /* pcre_globals.c */,
				44B2ED851A0D7D70000AFC00 /* pcre_internal.h */,
				44B2ED861A0D7D70000AFC00 /* pcre_jit_compile.c */,
				44B2ED871A0D7D70000AFC00 /* pcre_jit_test.c */,
				44B2ED881A0D7D70000AFC00 /* pcre_maketables.c */,
				44B2ED891A0D7D70000AFC00 /* pcre_newline.c */,
				44B2ED8A1A0D7D70000AFC00 /* pcre_ord2utf8.c */,
				44B2ED8B1A0D7D70000AFC00 /* pcre_printint.c */,
				44B2ED8C1A0D7D70000AFC00 /* pcre_refcount.c */,
				44B2ED8D1A0D7D70000AFC00 /* pcre_scanner.h */,
				44B2ED8E1A0D7D70000AFC00 /* pcre_string_utils.c */,
				44B2ED8F1A0D7D70000AFC00 /* pcre_stringpiece.h */,
				44B2ED901A0D7D70000AFC00 /* pcre_study.c */,
				44B2ED911A0D7D70000AFC00 /* pcre_tables.c */,
				44B2ED921A0D7D70000AFC00 /* pcre_ucd.c */,
				44B2ED931A0D7D70000AFC00 /* pcre_valid_utf8.c */,
				44B2ED941A0D7D70000AFC00 /* pcre_version.c */,
				44B2ED951A0D7D70000AFC00 /* pcre_xclass.c */,
				44B2ED961A0D7D70000AFC00 /* pcrecpp.h */,
				44B2ED971A0D7D70000AFC00 /* pcrecpp_internal.h */,
				44B2ED981A0D7D70000AFC00 /* pcrecpparg.h */,
				44B2ED9A1A0D7D70000AFC00 /* pcregrep.c */,
				44B2ED9B1A0D7D70000AFC00 /* pcreposix.c */,
				44B2ED9C1A0D7D70000AFC00 /* pcreposix.h */,
				44B2ED9D1A0D7D70000AFC00 /* pcretest.c */,
				44B2ED9E1A0D7D70000AFC00 /* ucp.h */,
			);
			name = "pcre-8.36";
			path = "../pcre-8.36";
			sourceTree = "<group>";
		};
/* End PBXGroup section */

/* Begin PBXNativeTarget section */
		44B2ED2F1A0D7D4E000AFC00 /* pcre */ = {
			isa = PBXNativeTarget;
			buildConfigurationList = 44B2ED441A0D7D4E000AFC00 /* Build configuration list for PBXNativeTarget "pcre" */;
			buildPhases = (
				44B2ED2C1A0D7D4E000AFC00 /* Sources */,
				44B2ED2D1A0D7D4E000AFC00 /* Frameworks */,
				44B2ED2E1A0D7D4E000AFC00 /* CopyFiles */,
			);
			buildRules = (
			);
			dependencies = (
			);
			name = pcre;
			productName = pcre;
			productReference = 44B2ED301A0D7D4E000AFC00 /* libpcre.a */;
			productType = "com.apple.product-type.library.static";
		};
/* End PBXNativeTarget section */

/* Begin PBXProject section */
		44B2ED281A0D7D4E000AFC00 /* Project object */ = {
			isa = PBXProject;
			attributes = {
				LastUpgradeCheck = 0610;
				ORGANIZATIONNAME = justadreamer;
				TargetAttributes = {
					44B2ED2F1A0D7D4E000AFC00 = {
						CreatedOnToolsVersion = 6.1;
					};
				};
			};
			buildConfigurationList = 44B2ED2B1A0D7D4E000AFC00 /* Build configuration list for PBXProject "pcre" */;
			compatibilityVersion = "Xcode 3.2";
			developmentRegion = English;
			hasScannedForEncodings = 0;
			knownRegions = (
				en,
			);
			mainGroup = 44B2ED271A0D7D4E000AFC00;
			productRefGroup = 44B2ED311A0D7D4E000AFC00 /* Products */;
			projectDirPath = "";
			projectRoot = "";
			targets = (
				44B2ED2F1A0D7D4E000AFC00 /* pcre */,
			);
		};
/* End PBXProject section */

/* Begin PBXSourcesBuildPhase section */
		44B2ED2C1A0D7D4E000AFC00 /* Sources */ = {
			isa = PBXSourcesBuildPhase;
			buildActionMask = 2147483647;
			files = (
				44B2EDA11A0D7D70000AFC00 /* pcre16_chartables.c in Sources */,
				44B2EDCC1A0D7D70000AFC00 /* pcre32_version.c in Sources */,
				44B2EDC81A0D7D70000AFC00 /* pcre32_tables.c in Sources */,
				44B2EDA81A0D7D70000AFC00 /* pcre16_globals.c in Sources */,
				44B2EDA61A0D7D70000AFC00 /* pcre16_fullinfo.c in Sources */,
				44B2EDBF1A0D7D70000AFC00 /* pcre32_globals.c in Sources */,
				44B2EDD31A0D7D70000AFC00 /* pcre_exec.c in Sources */,
				44B2EDDF1A0D7D70000AFC00 /* pcre_study.c in Sources */,
				44B2EDE31A0D7D70000AFC00 /* pcre_version.c in Sources */,
				44B2EDE01A0D7D70000AFC00 /* pcre_tables.c in Sources */,
				44B2ED9F1A0D7D70000AFC00 /* dftables.c in Sources */,
				44B2EDAD1A0D7D70000AFC00 /* pcre16_printint.c in Sources */,
				44B2EDD11A0D7D70000AFC00 /* pcre_config.c in Sources */,
				44B2EDB21A0D7D70000AFC00 /* pcre16_ucd.c in Sources */,
				44B2EDAB1A0D7D70000AFC00 /* pcre16_newline.c in Sources */,
				44B2EDE11A0D7D70000AFC00 /* pcre_ucd.c in Sources */,
				44B2EDC91A0D7D70000AFC00 /* pcre32_ucd.c in Sources */,
				44B2EDB51A0D7D70000AFC00 /* pcre16_version.c in Sources */,
				44B2EDC21A0D7D70000AFC00 /* pcre32_newline.c in Sources */,
				44B2EDCF1A0D7D70000AFC00 /* pcre_chartables.c in Sources */,
				44B2EDC41A0D7D70000AFC00 /* pcre32_printint.c in Sources */,
				44B2EDE41A0D7D70000AFC00 /* pcre_xclass.c in Sources */,
				44B2EDC61A0D7D70000AFC00 /* pcre32_string_utils.c in Sources */,
				44B2EDA71A0D7D70000AFC00 /* pcre16_get.c in Sources */,
				44B2EDAA1A0D7D70000AFC00 /* pcre16_maketables.c in Sources */,
				44B2EDDE1A0D7D70000AFC00 /* pcre_string_utils.c in Sources */,
				44B2EDD61A0D7D70000AFC00 /* pcre_globals.c in Sources */,
				44B2EDE71A0D7D70000AFC00 /* pcreposix.c in Sources */,
				44B2EDAF1A0D7D70000AFC00 /* pcre16_string_utils.c in Sources */,
				44B2EDC11A0D7D70000AFC00 /* pcre32_maketables.c in Sources */,
				44B2EDD81A0D7D70000AFC00 /* pcre_jit_test.c in Sources */,
				44B2EDD51A0D7D70000AFC00 /* pcre_get.c in Sources */,
				44B2EDBE1A0D7D70000AFC00 /* pcre32_get.c in Sources */,
				44B2EDDA1A0D7D70000AFC00 /* pcre_newline.c in Sources */,
				44B2EDAE1A0D7D70000AFC00 /* pcre16_refcount.c in Sources */,
				44B2EDD41A0D7D70000AFC00 /* pcre_fullinfo.c in Sources */,
				44B2EDB11A0D7D70000AFC00 /* pcre16_tables.c in Sources */,
				44B2EDCD1A0D7D70000AFC00 /* pcre32_xclass.c in Sources */,
				44B2EDBD1A0D7D70000AFC00 /* pcre32_fullinfo.c in Sources */,
				44B2EDB81A0D7D70000AFC00 /* pcre32_chartables.c in Sources */,
				44B2EDB41A0D7D70000AFC00 /* pcre16_valid_utf16.c in Sources */,
				44B2EDD71A0D7D70000AFC00 /* pcre_jit_compile.c in Sources */,
				44B2EDA91A0D7D70000AFC00 /* pcre16_jit_compile.c in Sources */,
				44B2EDA21A0D7D70000AFC00 /* pcre16_compile.c in Sources */,
				44B2EDE21A0D7D70000AFC00 /* pcre_valid_utf8.c in Sources */,
				44B2EDC01A0D7D70000AFC00 /* pcre32_jit_compile.c in Sources */,
				44B2EDC31A0D7D70000AFC00 /* pcre32_ord2utf32.c in Sources */,
				44B2EDA01A0D7D70000AFC00 /* pcre16_byte_order.c in Sources */,
				44B2EDA31A0D7D70000AFC00 /* pcre16_config.c in Sources */,
				44B2EDDC1A0D7D70000AFC00 /* pcre_printint.c in Sources */,
				44B2EDC51A0D7D70000AFC00 /* pcre32_refcount.c in Sources */,
				44B2EDB91A0D7D70000AFC00 /* pcre32_compile.c in Sources */,
				44B2EDB31A0D7D70000AFC00 /* pcre16_utf16_utils.c in Sources */,
				44B2EDCB1A0D7D70000AFC00 /* pcre32_valid_utf32.c in Sources */,
				44B2EDDD1A0D7D70000AFC00 /* pcre_refcount.c in Sources */,
				44B2EDA41A0D7D70000AFC00 /* pcre16_dfa_exec.c in Sources */,
				44B2EDD91A0D7D70000AFC00 /* pcre_maketables.c in Sources */,
				44B2EDAC1A0D7D70000AFC00 /* pcre16_ord2utf16.c in Sources */,
				44B2EDD21A0D7D70000AFC00 /* pcre_dfa_exec.c in Sources */,
				44B2EDDB1A0D7D70000AFC00 /* pcre_ord2utf8.c in Sources */,
				44B2EDB71A0D7D70000AFC00 /* pcre32_byte_order.c in Sources */,
				44B2EDBA1A0D7D70000AFC00 /* pcre32_config.c in Sources */,
				44B2EDE81A0D7D70000AFC00 /* pcretest.c in Sources */,
				44B2EDBB1A0D7D70000AFC00 /* pcre32_dfa_exec.c in Sources */,
				44B2EDB01A0D7D70000AFC00 /* pcre16_study.c in Sources */,
				44B2EDD01A0D7D70000AFC00 /* pcre_compile.c in Sources */,
				44B2EDCE1A0D7D70000AFC00 /* pcre_byte_order.c in Sources */,
				44B2EDCA1A0D7D70000AFC00 /* pcre32_utf32_utils.c in Sources */,
				44B2EDE61A0D7D70000AFC00 /* pcregrep.c in Sources */,
				44B2EDBC1A0D7D70000AFC00 /* pcre32_exec.c in Sources */,
				44B2EDC71A0D7D70000AFC00 /* pcre32_study.c in Sources */,
				44B2EDB61A0D7D70000AFC00 /* pcre16_xclass.c in Sources */,
				44B2EDA51A0D7D70000AFC00 /* pcre16_exec.c in Sources */,
			);
			runOnlyForDeploymentPostprocessing = 0;
		};
/* End PBXSourcesBuildPhase section */

/* Begin XCBuildConfiguration section */
		44B2ED421A0D7D4E000AFC00 /* Debug */ = {
			isa = XCBuildConfiguration;
			buildSettings = {
				ALWAYS_SEARCH_USER_PATHS = NO;
				CLANG_CXX_LANGUAGE_STANDARD = "gnu++0x";
				CLANG_CXX_LIBRARY = "libc++";
				CLANG_ENABLE_MODULES = NO;
				CLANG_ENABLE_OBJC_ARC = YES;
				CLANG_WARN_BOOL_CONVERSION = YES;
				CLANG_WARN_CONSTANT_CONVERSION = YES;
				CLANG_WARN_DIRECT_OBJC_ISA_USAGE = YES_ERROR;
				CLANG_WARN_EMPTY_BODY = YES;
				CLANG_WARN_ENUM_CONVERSION = YES;
				CLANG_WARN_INT_CONVERSION = YES;
				CLANG_WARN_OBJC_ROOT_CLASS = YES_ERROR;
				CLANG_WARN_UNREACHABLE_CODE = YES;
				CLANG_WARN__DUPLICATE_METHOD_MATCH = YES;
				COPY_PHASE_STRIP = NO;
				ENABLE_STRICT_OBJC_MSGSEND = YES;
				GCC_C_LANGUAGE_STANDARD = gnu99;
				GCC_DYNAMIC_NO_PIC = NO;
				GCC_OPTIMIZATION_LEVEL = 0;
				GCC_PREPROCESSOR_DEFINITIONS = (
					"DEBUG=1",
					"$(inherited)",
					HAVE_CONFIG_H,
				);
				GCC_SYMBOLS_PRIVATE_EXTERN = NO;
				GCC_WARN_64_TO_32_BIT_CONVERSION = YES;
				GCC_WARN_ABOUT_RETURN_TYPE = YES_ERROR;
				GCC_WARN_UNDECLARED_SELECTOR = YES;
				GCC_WARN_UNINITIALIZED_AUTOS = YES_AGGRESSIVE;
				GCC_WARN_UNUSED_FUNCTION = YES;
				GCC_WARN_UNUSED_VARIABLE = YES;
				IPHONEOS_DEPLOYMENT_TARGET = 8.1;
				MTL_ENABLE_DEBUG_INFO = YES;
				ONLY_ACTIVE_ARCH = YES;
				SDKROOT = iphoneos;
			};
			name = Debug;
		};
		44B2ED431A0D7D4E000AFC00 /* Release */ = {
			isa = XCBuildConfiguration;
			buildSettings = {
				ALWAYS_SEARCH_USER_PATHS = NO;
				CLANG_CXX_LANGUAGE_STANDARD = "gnu++0x";
				CLANG_CXX_LIBRARY = "libc++";
				CLANG_ENABLE_MODULES = NO;
				CLANG_ENABLE_OBJC_ARC = YES;
				CLANG_WARN_BOOL_CONVERSION = YES;
				CLANG_WARN_CONSTANT_CONVERSION = YES;
				CLANG_WARN_DIRECT_OBJC_ISA_USAGE = YES_ERROR;
				CLANG_WARN_EMPTY_BODY = YES;
				CLANG_WARN_ENUM_CONVERSION = YES;
				CLANG_WARN_INT_CONVERSION = YES;
				CLANG_WARN_OBJC_ROOT_CLASS = YES_ERROR;
				CLANG_WARN_UNREACHABLE_CODE = YES;
				CLANG_WARN__DUPLICATE_METHOD_MATCH = YES;
				COPY_PHASE_STRIP = YES;
				ENABLE_NS_ASSERTIONS = NO;
				ENABLE_STRICT_OBJC_MSGSEND = YES;
				GCC_C_LANGUAGE_STANDARD = gnu99;
				GCC_PREPROCESSOR_DEFINITIONS = HAVE_CONFIG_H;
				GCC_WARN_64_TO_32_BIT_CONVERSION = YES;
				GCC_WARN_ABOUT_RETURN_TYPE = YES_ERROR;
				GCC_WARN_UNDECLARED_SELECTOR = YES;
				GCC_WARN_UNINITIALIZED_AUTOS = YES_AGGRESSIVE;
				GCC_WARN_UNUSED_FUNCTION = YES;
				GCC_WARN_UNUSED_VARIABLE = YES;
				IPHONEOS_DEPLOYMENT_TARGET = 8.1;
				MTL_ENABLE_DEBUG_INFO = NO;
				SDKROOT = iphoneos;
				VALIDATE_PRODUCT = YES;
			};
			name = Release;
		};
		44B2ED451A0D7D4E000AFC00 /* Debug */ = {
			isa = XCBuildConfiguration;
			buildSettings = {
				OTHER_LDFLAGS = "-ObjC";
				PRODUCT_NAME = "$(TARGET_NAME)";
				SKIP_INSTALL = YES;
			};
			name = Debug;
		};
		44B2ED461A0D7D4E000AFC00 /* Release */ = {
			isa = XCBuildConfiguration;
			buildSettings = {
				OTHER_LDFLAGS = "-ObjC";
				PRODUCT_NAME = "$(TARGET_NAME)";
				SKIP_INSTALL = YES;
			};
			name = Release;
		};
/* End XCBuildConfiguration section */

/* Begin XCConfigurationList section */
		44B2ED2B1A0D7D4E000AFC00 /* Build configuration list for PBXProject "pcre" */ = {
			isa = XCConfigurationList;
			buildConfigurations = (
				44B2ED421A0D7D4E000AFC00 /* Debug */,
				44B2ED431A0D7D4E000AFC00 /* Release */,
			);
			defaultConfigurationIsVisible = 0;
			defaultConfigurationName = Release;
		};
		44B2ED441A0D7D4E000AFC00 /* Build configuration list for PBXNativeTarget "pcre" */ = {
			isa = XCConfigurationList;
			buildConfigurations = (
				44B2ED451A0D7D4E000AFC00 /* Debug */,
				44B2ED461A0D7D4E000AFC00 /* Release */,
			);
			defaultConfigurationIsVisible = 0;
		};
/* End XCConfigurationList section */
	};
	rootObject = 44B2ED281A0D7D4E000AFC00 /* Project object */;
}
