// !$*UTF8*$!
{
	archiveVersion = 1;
	classes = {
	};
	objectVersion = 46;
	objects = {

/* Begin PBXBuildFile section */
		445B7B0B1A06A4AA00E89691 /* pcre.h in CopyFiles */ = {isa = PBXBuildFile; fileRef = 44900D421A06A30200B5113F /* pcre.h */; };
		44900D941A06A30300B5113F /* dftables.c in Sources */ = {isa = PBXBuildFile; fileRef = 44900D411A06A30200B5113F /* dftables.c */; };
		44900D951A06A30300B5113F /* pcre16_byte_order.c in Sources */ = {isa = PBXBuildFile; fileRef = 44900D431A06A30200B5113F /* pcre16_byte_order.c */; };
		44900D961A06A30300B5113F /* pcre16_chartables.c in Sources */ = {isa = PBXBuildFile; fileRef = 44900D441A06A30200B5113F /* pcre16_chartables.c */; };
		44900D971A06A30300B5113F /* pcre16_compile.c in Sources */ = {isa = PBXBuildFile; fileRef = 44900D451A06A30200B5113F /* pcre16_compile.c */; };
		44900D981A06A30300B5113F /* pcre16_config.c in Sources */ = {isa = PBXBuildFile; fileRef = 44900D461A06A30200B5113F /* pcre16_config.c */; };
		44900D991A06A30300B5113F /* pcre16_dfa_exec.c in Sources */ = {isa = PBXBuildFile; fileRef = 44900D471A06A30200B5113F /* pcre16_dfa_exec.c */; };
		44900D9A1A06A30300B5113F /* pcre16_exec.c in Sources */ = {isa = PBXBuildFile; fileRef = 44900D481A06A30200B5113F /* pcre16_exec.c */; };
		44900D9B1A06A30300B5113F /* pcre16_fullinfo.c in Sources */ = {isa = PBXBuildFile; fileRef = 44900D491A06A30200B5113F /* pcre16_fullinfo.c */; };
		44900D9C1A06A30300B5113F /* pcre16_get.c in Sources */ = {isa = PBXBuildFile; fileRef = 44900D4A1A06A30200B5113F /* pcre16_get.c */; };
		44900D9D1A06A30300B5113F /* pcre16_globals.c in Sources */ = {isa = PBXBuildFile; fileRef = 44900D4B1A06A30200B5113F /* pcre16_globals.c */; };
		44900D9E1A06A30300B5113F /* pcre16_jit_compile.c in Sources */ = {isa = PBXBuildFile; fileRef = 44900D4C1A06A30200B5113F /* pcre16_jit_compile.c */; };
		44900D9F1A06A30300B5113F /* pcre16_maketables.c in Sources */ = {isa = PBXBuildFile; fileRef = 44900D4D1A06A30200B5113F /* pcre16_maketables.c */; };
		44900DA01A06A30300B5113F /* pcre16_newline.c in Sources */ = {isa = PBXBuildFile; fileRef = 44900D4E1A06A30200B5113F /* pcre16_newline.c */; };
		44900DA11A06A30300B5113F /* pcre16_ord2utf16.c in Sources */ = {isa = PBXBuildFile; fileRef = 44900D4F1A06A30200B5113F /* pcre16_ord2utf16.c */; };
		44900DA21A06A30300B5113F /* pcre16_printint.c in Sources */ = {isa = PBXBuildFile; fileRef = 44900D501A06A30200B5113F /* pcre16_printint.c */; };
		44900DA31A06A30300B5113F /* pcre16_refcount.c in Sources */ = {isa = PBXBuildFile; fileRef = 44900D511A06A30200B5113F /* pcre16_refcount.c */; };
		44900DA41A06A30300B5113F /* pcre16_string_utils.c in Sources */ = {isa = PBXBuildFile; fileRef = 44900D521A06A30300B5113F /* pcre16_string_utils.c */; };
		44900DA51A06A30300B5113F /* pcre16_study.c in Sources */ = {isa = PBXBuildFile; fileRef = 44900D531A06A30300B5113F /* pcre16_study.c */; };
		44900DA61A06A30300B5113F /* pcre16_tables.c in Sources */ = {isa = PBXBuildFile; fileRef = 44900D541A06A30300B5113F /* pcre16_tables.c */; };
		44900DA71A06A30300B5113F /* pcre16_ucd.c in Sources */ = {isa = PBXBuildFile; fileRef = 44900D551A06A30300B5113F /* pcre16_ucd.c */; };
		44900DA81A06A30300B5113F /* pcre16_utf16_utils.c in Sources */ = {isa = PBXBuildFile; fileRef = 44900D561A06A30300B5113F /* pcre16_utf16_utils.c */; };
		44900DA91A06A30300B5113F /* pcre16_valid_utf16.c in Sources */ = {isa = PBXBuildFile; fileRef = 44900D571A06A30300B5113F /* pcre16_valid_utf16.c */; };
		44900DAA1A06A30300B5113F /* pcre16_version.c in Sources */ = {isa = PBXBuildFile; fileRef = 44900D581A06A30300B5113F /* pcre16_version.c */; };
		44900DAB1A06A30300B5113F /* pcre16_xclass.c in Sources */ = {isa = PBXBuildFile; fileRef = 44900D591A06A30300B5113F /* pcre16_xclass.c */; };
		44900DAC1A06A30300B5113F /* pcre32_byte_order.c in Sources */ = {isa = PBXBuildFile; fileRef = 44900D5A1A06A30300B5113F /* pcre32_byte_order.c */; };
		44900DAD1A06A30300B5113F /* pcre32_chartables.c in Sources */ = {isa = PBXBuildFile; fileRef = 44900D5B1A06A30300B5113F /* pcre32_chartables.c */; };
		44900DAE1A06A30300B5113F /* pcre32_compile.c in Sources */ = {isa = PBXBuildFile; fileRef = 44900D5C1A06A30300B5113F /* pcre32_compile.c */; };
		44900DAF1A06A30300B5113F /* pcre32_config.c in Sources */ = {isa = PBXBuildFile; fileRef = 44900D5D1A06A30300B5113F /* pcre32_config.c */; };
		44900DB01A06A30300B5113F /* pcre32_dfa_exec.c in Sources */ = {isa = PBXBuildFile; fileRef = 44900D5E1A06A30300B5113F /* pcre32_dfa_exec.c */; };
		44900DB11A06A30300B5113F /* pcre32_exec.c in Sources */ = {isa = PBXBuildFile; fileRef = 44900D5F1A06A30300B5113F /* pcre32_exec.c */; };
		44900DB21A06A30300B5113F /* pcre32_fullinfo.c in Sources */ = {isa = PBXBuildFile; fileRef = 44900D601A06A30300B5113F /* pcre32_fullinfo.c */; };
		44900DB31A06A30300B5113F /* pcre32_get.c in Sources */ = {isa = PBXBuildFile; fileRef = 44900D611A06A30300B5113F /* pcre32_get.c */; };
		44900DB41A06A30300B5113F /* pcre32_globals.c in Sources */ = {isa = PBXBuildFile; fileRef = 44900D621A06A30300B5113F /* pcre32_globals.c */; };
		44900DB51A06A30300B5113F /* pcre32_jit_compile.c in Sources */ = {isa = PBXBuildFile; fileRef = 44900D631A06A30300B5113F /* pcre32_jit_compile.c */; };
		44900DB61A06A30300B5113F /* pcre32_maketables.c in Sources */ = {isa = PBXBuildFile; fileRef = 44900D641A06A30300B5113F /* pcre32_maketables.c */; };
		44900DB71A06A30300B5113F /* pcre32_newline.c in Sources */ = {isa = PBXBuildFile; fileRef = 44900D651A06A30300B5113F /* pcre32_newline.c */; };
		44900DB81A06A30300B5113F /* pcre32_ord2utf32.c in Sources */ = {isa = PBXBuildFile; fileRef = 44900D661A06A30300B5113F /* pcre32_ord2utf32.c */; };
		44900DB91A06A30300B5113F /* pcre32_printint.c in Sources */ = {isa = PBXBuildFile; fileRef = 44900D671A06A30300B5113F /* pcre32_printint.c */; };
		44900DBA1A06A30300B5113F /* pcre32_refcount.c in Sources */ = {isa = PBXBuildFile; fileRef = 44900D681A06A30300B5113F /* pcre32_refcount.c */; };
		44900DBB1A06A30300B5113F /* pcre32_string_utils.c in Sources */ = {isa = PBXBuildFile; fileRef = 44900D691A06A30300B5113F /* pcre32_string_utils.c */; };
		44900DBC1A06A30300B5113F /* pcre32_study.c in Sources */ = {isa = PBXBuildFile; fileRef = 44900D6A1A06A30300B5113F /* pcre32_study.c */; };
		44900DBD1A06A30300B5113F /* pcre32_tables.c in Sources */ = {isa = PBXBuildFile; fileRef = 44900D6B1A06A30300B5113F /* pcre32_tables.c */; };
		44900DBE1A06A30300B5113F /* pcre32_ucd.c in Sources */ = {isa = PBXBuildFile; fileRef = 44900D6C1A06A30300B5113F /* pcre32_ucd.c */; };
		44900DBF1A06A30300B5113F /* pcre32_utf32_utils.c in Sources */ = {isa = PBXBuildFile; fileRef = 44900D6D1A06A30300B5113F /* pcre32_utf32_utils.c */; };
		44900DC01A06A30300B5113F /* pcre32_valid_utf32.c in Sources */ = {isa = PBXBuildFile; fileRef = 44900D6E1A06A30300B5113F /* pcre32_valid_utf32.c */; };
		44900DC11A06A30300B5113F /* pcre32_version.c in Sources */ = {isa = PBXBuildFile; fileRef = 44900D6F1A06A30300B5113F /* pcre32_version.c */; };
		44900DC21A06A30300B5113F /* pcre32_xclass.c in Sources */ = {isa = PBXBuildFile; fileRef = 44900D701A06A30300B5113F /* pcre32_xclass.c */; };
		44900DC31A06A30300B5113F /* pcre_byte_order.c in Sources */ = {isa = PBXBuildFile; fileRef = 44900D711A06A30300B5113F /* pcre_byte_order.c */; };
		44900DC41A06A30300B5113F /* pcre_chartables.c in Sources */ = {isa = PBXBuildFile; fileRef = 44900D721A06A30300B5113F /* pcre_chartables.c */; };
		44900DC51A06A30300B5113F /* pcre_compile.c in Sources */ = {isa = PBXBuildFile; fileRef = 44900D731A06A30300B5113F /* pcre_compile.c */; };
		44900DC61A06A30300B5113F /* pcre_config.c in Sources */ = {isa = PBXBuildFile; fileRef = 44900D741A06A30300B5113F /* pcre_config.c */; };
		44900DC71A06A30300B5113F /* pcre_dfa_exec.c in Sources */ = {isa = PBXBuildFile; fileRef = 44900D751A06A30300B5113F /* pcre_dfa_exec.c */; };
		44900DC81A06A30300B5113F /* pcre_exec.c in Sources */ = {isa = PBXBuildFile; fileRef = 44900D761A06A30300B5113F /* pcre_exec.c */; };
		44900DC91A06A30300B5113F /* pcre_fullinfo.c in Sources */ = {isa = PBXBuildFile; fileRef = 44900D771A06A30300B5113F /* pcre_fullinfo.c */; };
		44900DCA1A06A30300B5113F /* pcre_get.c in Sources */ = {isa = PBXBuildFile; fileRef = 44900D781A06A30300B5113F /* pcre_get.c */; };
		44900DCB1A06A30300B5113F /* pcre_globals.c in Sources */ = {isa = PBXBuildFile; fileRef = 44900D791A06A30300B5113F /* pcre_globals.c */; };
		44900DCC1A06A30300B5113F /* pcre_jit_compile.c in Sources */ = {isa = PBXBuildFile; fileRef = 44900D7B1A06A30300B5113F /* pcre_jit_compile.c */; };
		44900DCD1A06A30300B5113F /* pcre_jit_test.c in Sources */ = {isa = PBXBuildFile; fileRef = 44900D7C1A06A30300B5113F /* pcre_jit_test.c */; };
		44900DCE1A06A30300B5113F /* pcre_maketables.c in Sources */ = {isa = PBXBuildFile; fileRef = 44900D7D1A06A30300B5113F /* pcre_maketables.c */; };
		44900DCF1A06A30300B5113F /* pcre_newline.c in Sources */ = {isa = PBXBuildFile; fileRef = 44900D7E1A06A30300B5113F /* pcre_newline.c */; };
		44900DD01A06A30300B5113F /* pcre_ord2utf8.c in Sources */ = {isa = PBXBuildFile; fileRef = 44900D7F1A06A30300B5113F /* pcre_ord2utf8.c */; };
		44900DD11A06A30300B5113F /* pcre_printint.c in Sources */ = {isa = PBXBuildFile; fileRef = 44900D801A06A30300B5113F /* pcre_printint.c */; };
		44900DD21A06A30300B5113F /* pcre_refcount.c in Sources */ = {isa = PBXBuildFile; fileRef = 44900D811A06A30300B5113F /* pcre_refcount.c */; };
		44900DD31A06A30300B5113F /* pcre_string_utils.c in Sources */ = {isa = PBXBuildFile; fileRef = 44900D831A06A30300B5113F /* pcre_string_utils.c */; };
		44900DD41A06A30300B5113F /* pcre_study.c in Sources */ = {isa = PBXBuildFile; fileRef = 44900D851A06A30300B5113F /* pcre_study.c */; };
		44900DD51A06A30300B5113F /* pcre_tables.c in Sources */ = {isa = PBXBuildFile; fileRef = 44900D861A06A30300B5113F /* pcre_tables.c */; };
		44900DD61A06A30300B5113F /* pcre_ucd.c in Sources */ = {isa = PBXBuildFile; fileRef = 44900D871A06A30300B5113F /* pcre_ucd.c */; };
		44900DD71A06A30300B5113F /* pcre_valid_utf8.c in Sources */ = {isa = PBXBuildFile; fileRef = 44900D881A06A30300B5113F /* pcre_valid_utf8.c */; };
		44900DD81A06A30300B5113F /* pcre_version.c in Sources */ = {isa = PBXBuildFile; fileRef = 44900D891A06A30300B5113F /* pcre_version.c */; };
		44900DD91A06A30300B5113F /* pcre_xclass.c in Sources */ = {isa = PBXBuildFile; fileRef = 44900D8A1A06A30300B5113F /* pcre_xclass.c */; };
		44900DDB1A06A30300B5113F /* pcregrep.c in Sources */ = {isa = PBXBuildFile; fileRef = 44900D8F1A06A30300B5113F /* pcregrep.c */; };
/* End PBXBuildFile section */

/* Begin PBXCopyFilesBuildPhase section */
		44900C7B1A06A24700B5113F /* CopyFiles */ = {
			isa = PBXCopyFilesBuildPhase;
			buildActionMask = 2147483647;
			dstPath = "include/$(PRODUCT_NAME)";
			dstSubfolderSpec = 16;
			files = (
				445B7B0B1A06A4AA00E89691 /* pcre.h in CopyFiles */,
			);
			runOnlyForDeploymentPostprocessing = 0;
		};
/* End PBXCopyFilesBuildPhase section */

/* Begin PBXFileReference section */
		44900C7D1A06A24700B5113F /* libpcre.a */ = {isa = PBXFileReference; explicitFileType = archive.ar; includeInIndex = 0; path = libpcre.a; sourceTree = BUILT_PRODUCTS_DIR; };
		44900D401A06A30200B5113F /* config.h */ = {isa = PBXFileReference; fileEncoding = 4; lastKnownFileType = sourcecode.c.h; path = config.h; sourceTree = "<group>"; };
		44900D411A06A30200B5113F /* dftables.c */ = {isa = PBXFileReference; fileEncoding = 4; lastKnownFileType = sourcecode.c.c; path = dftables.c; sourceTree = "<group>"; };
		44900D421A06A30200B5113F /* pcre.h */ = {isa = PBXFileReference; fileEncoding = 4; lastKnownFileType = sourcecode.c.h; path = pcre.h; sourceTree = "<group>"; };
		44900D431A06A30200B5113F /* pcre16_byte_order.c */ = {isa = PBXFileReference; fileEncoding = 4; lastKnownFileType = sourcecode.c.c; path = pcre16_byte_order.c; sourceTree = "<group>"; };
		44900D441A06A30200B5113F /* pcre16_chartables.c */ = {isa = PBXFileReference; fileEncoding = 4; lastKnownFileType = sourcecode.c.c; path = pcre16_chartables.c; sourceTree = "<group>"; };
		44900D451A06A30200B5113F /* pcre16_compile.c */ = {isa = PBXFileReference; fileEncoding = 4; lastKnownFileType = sourcecode.c.c; path = pcre16_compile.c; sourceTree = "<group>"; };
		44900D461A06A30200B5113F /* pcre16_config.c */ = {isa = PBXFileReference; fileEncoding = 4; lastKnownFileType = sourcecode.c.c; path = pcre16_config.c; sourceTree = "<group>"; };
		44900D471A06A30200B5113F /* pcre16_dfa_exec.c */ = {isa = PBXFileReference; fileEncoding = 4; lastKnownFileType = sourcecode.c.c; path = pcre16_dfa_exec.c; sourceTree = "<group>"; };
		44900D481A06A30200B5113F /* pcre16_exec.c */ = {isa = PBXFileReference; fileEncoding = 4; lastKnownFileType = sourcecode.c.c; path = pcre16_exec.c; sourceTree = "<group>"; };
		44900D491A06A30200B5113F /* pcre16_fullinfo.c */ = {isa = PBXFileReference; fileEncoding = 4; lastKnownFileType = sourcecode.c.c; path = pcre16_fullinfo.c; sourceTree = "<group>"; };
		44900D4A1A06A30200B5113F /* pcre16_get.c */ = {isa = PBXFileReference; fileEncoding = 4; lastKnownFileType = sourcecode.c.c; path = pcre16_get.c; sourceTree = "<group>"; };
		44900D4B1A06A30200B5113F /* pcre16_globals.c */ = {isa = PBXFileReference; fileEncoding = 4; lastKnownFileType = sourcecode.c.c; path = pcre16_globals.c; sourceTree = "<group>"; };
		44900D4C1A06A30200B5113F /* pcre16_jit_compile.c */ = {isa = PBXFileReference; fileEncoding = 4; lastKnownFileType = sourcecode.c.c; path = pcre16_jit_compile.c; sourceTree = "<group>"; };
		44900D4D1A06A30200B5113F /* pcre16_maketables.c */ = {isa = PBXFileReference; fileEncoding = 4; lastKnownFileType = sourcecode.c.c; path = pcre16_maketables.c; sourceTree = "<group>"; };
		44900D4E1A06A30200B5113F /* pcre16_newline.c */ = {isa = PBXFileReference; fileEncoding = 4; lastKnownFileType = sourcecode.c.c; path = pcre16_newline.c; sourceTree = "<group>"; };
		44900D4F1A06A30200B5113F /* pcre16_ord2utf16.c */ = {isa = PBXFileReference; fileEncoding = 4; lastKnownFileType = sourcecode.c.c; path = pcre16_ord2utf16.c; sourceTree = "<group>"; };
		44900D501A06A30200B5113F /* pcre16_printint.c */ = {isa = PBXFileReference; fileEncoding = 4; lastKnownFileType = sourcecode.c.c; path = pcre16_printint.c; sourceTree = "<group>"; };
		44900D511A06A30200B5113F /* pcre16_refcount.c */ = {isa = PBXFileReference; fileEncoding = 4; lastKnownFileType = sourcecode.c.c; path = pcre16_refcount.c; sourceTree = "<group>"; };
		44900D521A06A30300B5113F /* pcre16_string_utils.c */ = {isa = PBXFileReference; fileEncoding = 4; lastKnownFileType = sourcecode.c.c; path = pcre16_string_utils.c; sourceTree = "<group>"; };
		44900D531A06A30300B5113F /* pcre16_study.c */ = {isa = PBXFileReference; fileEncoding = 4; lastKnownFileType = sourcecode.c.c; path = pcre16_study.c; sourceTree = "<group>"; };
		44900D541A06A30300B5113F /* pcre16_tables.c */ = {isa = PBXFileReference; fileEncoding = 4; lastKnownFileType = sourcecode.c.c; path = pcre16_tables.c; sourceTree = "<group>"; };
		44900D551A06A30300B5113F /* pcre16_ucd.c */ = {isa = PBXFileReference; fileEncoding = 4; lastKnownFileType = sourcecode.c.c; path = pcre16_ucd.c; sourceTree = "<group>"; };
		44900D561A06A30300B5113F /* pcre16_utf16_utils.c */ = {isa = PBXFileReference; fileEncoding = 4; lastKnownFileType = sourcecode.c.c; path = pcre16_utf16_utils.c; sourceTree = "<group>"; };
		44900D571A06A30300B5113F /* pcre16_valid_utf16.c */ = {isa = PBXFileReference; fileEncoding = 4; lastKnownFileType = sourcecode.c.c; path = pcre16_valid_utf16.c; sourceTree = "<group>"; };
		44900D581A06A30300B5113F /* pcre16_version.c */ = {isa = PBXFileReference; fileEncoding = 4; lastKnownFileType = sourcecode.c.c; path = pcre16_version.c; sourceTree = "<group>"; };
		44900D591A06A30300B5113F /* pcre16_xclass.c */ = {isa = PBXFileReference; fileEncoding = 4; lastKnownFileType = sourcecode.c.c; path = pcre16_xclass.c; sourceTree = "<group>"; };
		44900D5A1A06A30300B5113F /* pcre32_byte_order.c */ = {isa = PBXFileReference; fileEncoding = 4; lastKnownFileType = sourcecode.c.c; path = pcre32_byte_order.c; sourceTree = "<group>"; };
		44900D5B1A06A30300B5113F /* pcre32_chartables.c */ = {isa = PBXFileReference; fileEncoding = 4; lastKnownFileType = sourcecode.c.c; path = pcre32_chartables.c; sourceTree = "<group>"; };
		44900D5C1A06A30300B5113F /* pcre32_compile.c */ = {isa = PBXFileReference; fileEncoding = 4; lastKnownFileType = sourcecode.c.c; path = pcre32_compile.c; sourceTree = "<group>"; };
		44900D5D1A06A30300B5113F /* pcre32_config.c */ = {isa = PBXFileReference; fileEncoding = 4; lastKnownFileType = sourcecode.c.c; path = pcre32_config.c; sourceTree = "<group>"; };
		44900D5E1A06A30300B5113F /* pcre32_dfa_exec.c */ = {isa = PBXFileReference; fileEncoding = 4; lastKnownFileType = sourcecode.c.c; path = pcre32_dfa_exec.c; sourceTree = "<group>"; };
		44900D5F1A06A30300B5113F /* pcre32_exec.c */ = {isa = PBXFileReference; fileEncoding = 4; lastKnownFileType = sourcecode.c.c; path = pcre32_exec.c; sourceTree = "<group>"; };
		44900D601A06A30300B5113F /* pcre32_fullinfo.c */ = {isa = PBXFileReference; fileEncoding = 4; lastKnownFileType = sourcecode.c.c; path = pcre32_fullinfo.c; sourceTree = "<group>"; };
		44900D611A06A30300B5113F /* pcre32_get.c */ = {isa = PBXFileReference; fileEncoding = 4; lastKnownFileType = sourcecode.c.c; path = pcre32_get.c; sourceTree = "<group>"; };
		44900D621A06A30300B5113F /* pcre32_globals.c */ = {isa = PBXFileReference; fileEncoding = 4; lastKnownFileType = sourcecode.c.c; path = pcre32_globals.c; sourceTree = "<group>"; };
		44900D631A06A30300B5113F /* pcre32_jit_compile.c */ = {isa = PBXFileReference; fileEncoding = 4; lastKnownFileType = sourcecode.c.c; path = pcre32_jit_compile.c; sourceTree = "<group>"; };
		44900D641A06A30300B5113F /* pcre32_maketables.c */ = {isa = PBXFileReference; fileEncoding = 4; lastKnownFileType = sourcecode.c.c; path = pcre32_maketables.c; sourceTree = "<group>"; };
		44900D651A06A30300B5113F /* pcre32_newline.c */ = {isa = PBXFileReference; fileEncoding = 4; lastKnownFileType = sourcecode.c.c; path = pcre32_newline.c; sourceTree = "<group>"; };
		44900D661A06A30300B5113F /* pcre32_ord2utf32.c */ = {isa = PBXFileReference; fileEncoding = 4; lastKnownFileType = sourcecode.c.c; path = pcre32_ord2utf32.c; sourceTree = "<group>"; };
		44900D671A06A30300B5113F /* pcre32_printint.c */ = {isa = PBXFileReference; fileEncoding = 4; lastKnownFileType = sourcecode.c.c; path = pcre32_printint.c; sourceTree = "<group>"; };
		44900D681A06A30300B5113F /* pcre32_refcount.c */ = {isa = PBXFileReference; fileEncoding = 4; lastKnownFileType = sourcecode.c.c; path = pcre32_refcount.c; sourceTree = "<group>"; };
		44900D691A06A30300B5113F /* pcre32_string_utils.c */ = {isa = PBXFileReference; fileEncoding = 4; lastKnownFileType = sourcecode.c.c; path = pcre32_string_utils.c; sourceTree = "<group>"; };
		44900D6A1A06A30300B5113F /* pcre32_study.c */ = {isa = PBXFileReference; fileEncoding = 4; lastKnownFileType = sourcecode.c.c; path = pcre32_study.c; sourceTree = "<group>"; };
		44900D6B1A06A30300B5113F /* pcre32_tables.c */ = {isa = PBXFileReference; fileEncoding = 4; lastKnownFileType = sourcecode.c.c; path = pcre32_tables.c; sourceTree = "<group>"; };
		44900D6C1A06A30300B5113F /* pcre32_ucd.c */ = {isa = PBXFileReference; fileEncoding = 4; lastKnownFileType = sourcecode.c.c; path = pcre32_ucd.c; sourceTree = "<group>"; };
		44900D6D1A06A30300B5113F /* pcre32_utf32_utils.c */ = {isa = PBXFileReference; fileEncoding = 4; lastKnownFileType = sourcecode.c.c; path = pcre32_utf32_utils.c; sourceTree = "<group>"; };
		44900D6E1A06A30300B5113F /* pcre32_valid_utf32.c */ = {isa = PBXFileReference; fileEncoding = 4; lastKnownFileType = sourcecode.c.c; path = pcre32_valid_utf32.c; sourceTree = "<group>"; };
		44900D6F1A06A30300B5113F /* pcre32_version.c */ = {isa = PBXFileReference; fileEncoding = 4; lastKnownFileType = sourcecode.c.c; path = pcre32_version.c; sourceTree = "<group>"; };
		44900D701A06A30300B5113F /* pcre32_xclass.c */ = {isa = PBXFileReference; fileEncoding = 4; lastKnownFileType = sourcecode.c.c; path = pcre32_xclass.c; sourceTree = "<group>"; };
		44900D711A06A30300B5113F /* pcre_byte_order.c */ = {isa = PBXFileReference; fileEncoding = 4; lastKnownFileType = sourcecode.c.c; path = pcre_byte_order.c; sourceTree = "<group>"; };
		44900D721A06A30300B5113F /* pcre_chartables.c */ = {isa = PBXFileReference; fileEncoding = 4; lastKnownFileType = sourcecode.c.c; path = pcre_chartables.c; sourceTree = "<group>"; };
		44900D731A06A30300B5113F /* pcre_compile.c */ = {isa = PBXFileReference; fileEncoding = 4; lastKnownFileType = sourcecode.c.c; path = pcre_compile.c; sourceTree = "<group>"; };
		44900D741A06A30300B5113F /* pcre_config.c */ = {isa = PBXFileReference; fileEncoding = 4; lastKnownFileType = sourcecode.c.c; path = pcre_config.c; sourceTree = "<group>"; };
		44900D751A06A30300B5113F /* pcre_dfa_exec.c */ = {isa = PBXFileReference; fileEncoding = 4; lastKnownFileType = sourcecode.c.c; path = pcre_dfa_exec.c; sourceTree = "<group>"; };
		44900D761A06A30300B5113F /* pcre_exec.c */ = {isa = PBXFileReference; fileEncoding = 4; lastKnownFileType = sourcecode.c.c; path = pcre_exec.c; sourceTree = "<group>"; };
		44900D771A06A30300B5113F /* pcre_fullinfo.c */ = {isa = PBXFileReference; fileEncoding = 4; lastKnownFileType = sourcecode.c.c; path = pcre_fullinfo.c; sourceTree = "<group>"; };
		44900D781A06A30300B5113F /* pcre_get.c */ = {isa = PBXFileReference; fileEncoding = 4; lastKnownFileType = sourcecode.c.c; path = pcre_get.c; sourceTree = "<group>"; };
		44900D791A06A30300B5113F /* pcre_globals.c */ = {isa = PBXFileReference; fileEncoding = 4; lastKnownFileType = sourcecode.c.c; path = pcre_globals.c; sourceTree = "<group>"; };
		44900D7A1A06A30300B5113F /* pcre_internal.h */ = {isa = PBXFileReference; fileEncoding = 4; lastKnownFileType = sourcecode.c.h; path = pcre_internal.h; sourceTree = "<group>"; };
		44900D7B1A06A30300B5113F /* pcre_jit_compile.c */ = {isa = PBXFileReference; fileEncoding = 4; lastKnownFileType = sourcecode.c.c; path = pcre_jit_compile.c; sourceTree = "<group>"; };
		44900D7C1A06A30300B5113F /* pcre_jit_test.c */ = {isa = PBXFileReference; fileEncoding = 4; lastKnownFileType = sourcecode.c.c; path = pcre_jit_test.c; sourceTree = "<group>"; };
		44900D7D1A06A30300B5113F /* pcre_maketables.c */ = {isa = PBXFileReference; fileEncoding = 4; lastKnownFileType = sourcecode.c.c; path = pcre_maketables.c; sourceTree = "<group>"; };
		44900D7E1A06A30300B5113F /* pcre_newline.c */ = {isa = PBXFileReference; fileEncoding = 4; lastKnownFileType = sourcecode.c.c; path = pcre_newline.c; sourceTree = "<group>"; };
		44900D7F1A06A30300B5113F /* pcre_ord2utf8.c */ = {isa = PBXFileReference; fileEncoding = 4; lastKnownFileType = sourcecode.c.c; path = pcre_ord2utf8.c; sourceTree = "<group>"; };
		44900D801A06A30300B5113F /* pcre_printint.c */ = {isa = PBXFileReference; fileEncoding = 4; lastKnownFileType = sourcecode.c.c; path = pcre_printint.c; sourceTree = "<group>"; };
		44900D811A06A30300B5113F /* pcre_refcount.c */ = {isa = PBXFileReference; fileEncoding = 4; lastKnownFileType = sourcecode.c.c; path = pcre_refcount.c; sourceTree = "<group>"; };
		44900D821A06A30300B5113F /* pcre_scanner.h */ = {isa = PBXFileReference; fileEncoding = 4; lastKnownFileType = sourcecode.c.h; path = pcre_scanner.h; sourceTree = "<group>"; };
		44900D831A06A30300B5113F /* pcre_string_utils.c */ = {isa = PBXFileReference; fileEncoding = 4; lastKnownFileType = sourcecode.c.c; path = pcre_string_utils.c; sourceTree = "<group>"; };
		44900D841A06A30300B5113F /* pcre_stringpiece.h */ = {isa = PBXFileReference; fileEncoding = 4; lastKnownFileType = sourcecode.c.h; path = pcre_stringpiece.h; sourceTree = "<group>"; };
		44900D851A06A30300B5113F /* pcre_study.c */ = {isa = PBXFileReference; fileEncoding = 4; lastKnownFileType = sourcecode.c.c; path = pcre_study.c; sourceTree = "<group>"; };
		44900D861A06A30300B5113F /* pcre_tables.c */ = {isa = PBXFileReference; fileEncoding = 4; lastKnownFileType = sourcecode.c.c; path = pcre_tables.c; sourceTree = "<group>"; };
		44900D871A06A30300B5113F /* pcre_ucd.c */ = {isa = PBXFileReference; fileEncoding = 4; lastKnownFileType = sourcecode.c.c; path = pcre_ucd.c; sourceTree = "<group>"; };
		44900D881A06A30300B5113F /* pcre_valid_utf8.c */ = {isa = PBXFileReference; fileEncoding = 4; lastKnownFileType = sourcecode.c.c; path = pcre_valid_utf8.c; sourceTree = "<group>"; };
		44900D891A06A30300B5113F /* pcre_version.c */ = {isa = PBXFileReference; fileEncoding = 4; lastKnownFileType = sourcecode.c.c; path = pcre_version.c; sourceTree = "<group>"; };
		44900D8A1A06A30300B5113F /* pcre_xclass.c */ = {isa = PBXFileReference; fileEncoding = 4; lastKnownFileType = sourcecode.c.c; path = pcre_xclass.c; sourceTree = "<group>"; };
		44900D8B1A06A30300B5113F /* pcrecpp.h */ = {isa = PBXFileReference; fileEncoding = 4; lastKnownFileType = sourcecode.c.h; path = pcrecpp.h; sourceTree = "<group>"; };
		44900D8C1A06A30300B5113F /* pcrecpp_internal.h */ = {isa = PBXFileReference; fileEncoding = 4; lastKnownFileType = sourcecode.c.h; path = pcrecpp_internal.h; sourceTree = "<group>"; };
		44900D8D1A06A30300B5113F /* pcrecpparg.h */ = {isa = PBXFileReference; fileEncoding = 4; lastKnownFileType = sourcecode.c.h; path = pcrecpparg.h; sourceTree = "<group>"; };
		44900D8F1A06A30300B5113F /* pcregrep.c */ = {isa = PBXFileReference; fileEncoding = 4; lastKnownFileType = sourcecode.c.c; path = pcregrep.c; sourceTree = "<group>"; };
		44900D901A06A30300B5113F /* pcreposix.c */ = {isa = PBXFileReference; fileEncoding = 4; lastKnownFileType = sourcecode.c.c; path = pcreposix.c; sourceTree = "<group>"; };
		44900D911A06A30300B5113F /* pcreposix.h */ = {isa = PBXFileReference; fileEncoding = 4; lastKnownFileType = sourcecode.c.h; path = pcreposix.h; sourceTree = "<group>"; };
		44900D931A06A30300B5113F /* ucp.h */ = {isa = PBXFileReference; fileEncoding = 4; lastKnownFileType = sourcecode.c.h; path = ucp.h; sourceTree = "<group>"; };
/* End PBXFileReference section */

/* Begin PBXFrameworksBuildPhase section */
		44900C7A1A06A24700B5113F /* Frameworks */ = {
			isa = PBXFrameworksBuildPhase;
			buildActionMask = 2147483647;
			files = (
			);
			runOnlyForDeploymentPostprocessing = 0;
		};
/* End PBXFrameworksBuildPhase section */

/* Begin PBXGroup section */
		44900C741A06A24700B5113F = {
			isa = PBXGroup;
			children = (
				44900D3F1A06A30200B5113F /* pcre-8.36 */,
				44900C7E1A06A24700B5113F /* Products */,
			);
			sourceTree = "<group>";
		};
		44900C7E1A06A24700B5113F /* Products */ = {
			isa = PBXGroup;
			children = (
				44900C7D1A06A24700B5113F /* libpcre.a */,
			);
			name = Products;
			sourceTree = "<group>";
		};
		44900D3F1A06A30200B5113F /* pcre-8.36 */ = {
			isa = PBXGroup;
			children = (
				44900D401A06A30200B5113F /* config.h */,
				44900D411A06A30200B5113F /* dftables.c */,
				44900D421A06A30200B5113F /* pcre.h */,
				44900D431A06A30200B5113F /* pcre16_byte_order.c */,
				44900D441A06A30200B5113F /* pcre16_chartables.c */,
				44900D451A06A30200B5113F /* pcre16_compile.c */,
				44900D461A06A30200B5113F /* pcre16_config.c */,
				44900D471A06A30200B5113F /* pcre16_dfa_exec.c */,
				44900D481A06A30200B5113F /* pcre16_exec.c */,
				44900D491A06A30200B5113F /* pcre16_fullinfo.c */,
				44900D4A1A06A30200B5113F /* pcre16_get.c */,
				44900D4B1A06A30200B5113F /* pcre16_globals.c */,
				44900D4C1A06A30200B5113F /* pcre16_jit_compile.c */,
				44900D4D1A06A30200B5113F /* pcre16_maketables.c */,
				44900D4E1A06A30200B5113F /* pcre16_newline.c */,
				44900D4F1A06A30200B5113F /* pcre16_ord2utf16.c */,
				44900D501A06A30200B5113F /* pcre16_printint.c */,
				44900D511A06A30200B5113F /* pcre16_refcount.c */,
				44900D521A06A30300B5113F /* pcre16_string_utils.c */,
				44900D531A06A30300B5113F /* pcre16_study.c */,
				44900D541A06A30300B5113F /* pcre16_tables.c */,
				44900D551A06A30300B5113F /* pcre16_ucd.c */,
				44900D561A06A30300B5113F /* pcre16_utf16_utils.c */,
				44900D571A06A30300B5113F /* pcre16_valid_utf16.c */,
				44900D581A06A30300B5113F /* pcre16_version.c */,
				44900D591A06A30300B5113F /* pcre16_xclass.c */,
				44900D5A1A06A30300B5113F /* pcre32_byte_order.c */,
				44900D5B1A06A30300B5113F /* pcre32_chartables.c */,
				44900D5C1A06A30300B5113F /* pcre32_compile.c */,
				44900D5D1A06A30300B5113F /* pcre32_config.c */,
				44900D5E1A06A30300B5113F /* pcre32_dfa_exec.c */,
				44900D5F1A06A30300B5113F /* pcre32_exec.c */,
				44900D601A06A30300B5113F /* pcre32_fullinfo.c */,
				44900D611A06A30300B5113F /* pcre32_get.c */,
				44900D621A06A30300B5113F /* pcre32_globals.c */,
				44900D631A06A30300B5113F /* pcre32_jit_compile.c */,
				44900D641A06A30300B5113F /* pcre32_maketables.c */,
				44900D651A06A30300B5113F /* pcre32_newline.c */,
				44900D661A06A30300B5113F /* pcre32_ord2utf32.c */,
				44900D671A06A30300B5113F /* pcre32_printint.c */,
				44900D681A06A30300B5113F /* pcre32_refcount.c */,
				44900D691A06A30300B5113F /* pcre32_string_utils.c */,
				44900D6A1A06A30300B5113F /* pcre32_study.c */,
				44900D6B1A06A30300B5113F /* pcre32_tables.c */,
				44900D6C1A06A30300B5113F /* pcre32_ucd.c */,
				44900D6D1A06A30300B5113F /* pcre32_utf32_utils.c */,
				44900D6E1A06A30300B5113F /* pcre32_valid_utf32.c */,
				44900D6F1A06A30300B5113F /* pcre32_version.c */,
				44900D701A06A30300B5113F /* pcre32_xclass.c */,
				44900D711A06A30300B5113F /* pcre_byte_order.c */,
				44900D721A06A30300B5113F /* pcre_chartables.c */,
				44900D731A06A30300B5113F /* pcre_compile.c */,
				44900D741A06A30300B5113F /* pcre_config.c */,
				44900D751A06A30300B5113F /* pcre_dfa_exec.c */,
				44900D761A06A30300B5113F /* pcre_exec.c */,
				44900D771A06A30300B5113F /* pcre_fullinfo.c */,
				44900D781A06A30300B5113F /* pcre_get.c */,
				44900D791A06A30300B5113F /* pcre_globals.c */,
				44900D7A1A06A30300B5113F /* pcre_internal.h */,
				44900D7B1A06A30300B5113F /* pcre_jit_compile.c */,
				44900D7C1A06A30300B5113F /* pcre_jit_test.c */,
				44900D7D1A06A30300B5113F /* pcre_maketables.c */,
				44900D7E1A06A30300B5113F /* pcre_newline.c */,
				44900D7F1A06A30300B5113F /* pcre_ord2utf8.c */,
				44900D801A06A30300B5113F /* pcre_printint.c */,
				44900D811A06A30300B5113F /* pcre_refcount.c */,
				44900D821A06A30300B5113F /* pcre_scanner.h */,
				44900D831A06A30300B5113F /* pcre_string_utils.c */,
				44900D841A06A30300B5113F /* pcre_stringpiece.h */,
				44900D851A06A30300B5113F /* pcre_study.c */,
				44900D861A06A30300B5113F /* pcre_tables.c */,
				44900D871A06A30300B5113F /* pcre_ucd.c */,
				44900D881A06A30300B5113F /* pcre_valid_utf8.c */,
				44900D891A06A30300B5113F /* pcre_version.c */,
				44900D8A1A06A30300B5113F /* pcre_xclass.c */,
				44900D8B1A06A30300B5113F /* pcrecpp.h */,
				44900D8C1A06A30300B5113F /* pcrecpp_internal.h */,
				44900D8D1A06A30300B5113F /* pcrecpparg.h */,
				44900D8F1A06A30300B5113F /* pcregrep.c */,
				44900D901A06A30300B5113F /* pcreposix.c */,
				44900D911A06A30300B5113F /* pcreposix.h */,
				44900D931A06A30300B5113F /* ucp.h */,
			);
			path = "pcre-8.36";
			sourceTree = "<group>";
		};
/* End PBXGroup section */

/* Begin PBXNativeTarget section */
		44900C7C1A06A24700B5113F /* pcre */ = {
			isa = PBXNativeTarget;
			buildConfigurationList = 44900C911A06A24800B5113F /* Build configuration list for PBXNativeTarget "pcre" */;
			buildPhases = (
				44900C791A06A24700B5113F /* Sources */,
				44900C7A1A06A24700B5113F /* Frameworks */,
				44900C7B1A06A24700B5113F /* CopyFiles */,
			);
			buildRules = (
			);
			dependencies = (
			);
			name = pcre;
			productName = pcre;
			productReference = 44900C7D1A06A24700B5113F /* libpcre.a */;
			productType = "com.apple.product-type.library.static";
		};
/* End PBXNativeTarget section */

/* Begin PBXProject section */
		44900C751A06A24700B5113F /* Project object */ = {
			isa = PBXProject;
			attributes = {
				LastUpgradeCheck = 0610;
				ORGANIZATIONNAME = justadreamer;
				TargetAttributes = {
					44900C7C1A06A24700B5113F = {
						CreatedOnToolsVersion = 6.1;
					};
				};
			};
			buildConfigurationList = 44900C781A06A24700B5113F /* Build configuration list for PBXProject "pcre" */;
			compatibilityVersion = "Xcode 3.2";
			developmentRegion = English;
			hasScannedForEncodings = 0;
			knownRegions = (
				en,
			);
			mainGroup = 44900C741A06A24700B5113F;
			productRefGroup = 44900C7E1A06A24700B5113F /* Products */;
			projectDirPath = "";
			projectRoot = "";
			targets = (
				44900C7C1A06A24700B5113F /* pcre */,
			);
		};
/* End PBXProject section */

/* Begin PBXSourcesBuildPhase section */
		44900C791A06A24700B5113F /* Sources */ = {
			isa = PBXSourcesBuildPhase;
			buildActionMask = 2147483647;
			files = (
				44900D961A06A30300B5113F /* pcre16_chartables.c in Sources */,
				44900DC11A06A30300B5113F /* pcre32_version.c in Sources */,
				44900DBD1A06A30300B5113F /* pcre32_tables.c in Sources */,
				44900D9D1A06A30300B5113F /* pcre16_globals.c in Sources */,
				44900D9B1A06A30300B5113F /* pcre16_fullinfo.c in Sources */,
				44900DB41A06A30300B5113F /* pcre32_globals.c in Sources */,
				44900DC81A06A30300B5113F /* pcre_exec.c in Sources */,
				44900DD41A06A30300B5113F /* pcre_study.c in Sources */,
				44900DD81A06A30300B5113F /* pcre_version.c in Sources */,
				44900DD51A06A30300B5113F /* pcre_tables.c in Sources */,
				44900D941A06A30300B5113F /* dftables.c in Sources */,
				44900DA21A06A30300B5113F /* pcre16_printint.c in Sources */,
				44900DC61A06A30300B5113F /* pcre_config.c in Sources */,
				44900DA71A06A30300B5113F /* pcre16_ucd.c in Sources */,
				44900DA01A06A30300B5113F /* pcre16_newline.c in Sources */,
				44900DD61A06A30300B5113F /* pcre_ucd.c in Sources */,
				44900DBE1A06A30300B5113F /* pcre32_ucd.c in Sources */,
				44900DAA1A06A30300B5113F /* pcre16_version.c in Sources */,
				44900DB71A06A30300B5113F /* pcre32_newline.c in Sources */,
				44900DC41A06A30300B5113F /* pcre_chartables.c in Sources */,
				44900DB91A06A30300B5113F /* pcre32_printint.c in Sources */,
				44900DD91A06A30300B5113F /* pcre_xclass.c in Sources */,
				44900DBB1A06A30300B5113F /* pcre32_string_utils.c in Sources */,
				44900D9C1A06A30300B5113F /* pcre16_get.c in Sources */,
				44900D9F1A06A30300B5113F /* pcre16_maketables.c in Sources */,
				44900DD31A06A30300B5113F /* pcre_string_utils.c in Sources */,
				44900DCB1A06A30300B5113F /* pcre_globals.c in Sources */,
				44900DA41A06A30300B5113F /* pcre16_string_utils.c in Sources */,
				44900DB61A06A30300B5113F /* pcre32_maketables.c in Sources */,
				44900DCD1A06A30300B5113F /* pcre_jit_test.c in Sources */,
				44900DCA1A06A30300B5113F /* pcre_get.c in Sources */,
				44900DB31A06A30300B5113F /* pcre32_get.c in Sources */,
				44900DCF1A06A30300B5113F /* pcre_newline.c in Sources */,
				44900DA31A06A30300B5113F /* pcre16_refcount.c in Sources */,
				44900DC91A06A30300B5113F /* pcre_fullinfo.c in Sources */,
				44900DA61A06A30300B5113F /* pcre16_tables.c in Sources */,
				44900DC21A06A30300B5113F /* pcre32_xclass.c in Sources */,
				44900DB21A06A30300B5113F /* pcre32_fullinfo.c in Sources */,
				44900DAD1A06A30300B5113F /* pcre32_chartables.c in Sources */,
				44900DA91A06A30300B5113F /* pcre16_valid_utf16.c in Sources */,
				44900DCC1A06A30300B5113F /* pcre_jit_compile.c in Sources */,
				44900D9E1A06A30300B5113F /* pcre16_jit_compile.c in Sources */,
				44900D971A06A30300B5113F /* pcre16_compile.c in Sources */,
				44900DD71A06A30300B5113F /* pcre_valid_utf8.c in Sources */,
				44900DB51A06A30300B5113F /* pcre32_jit_compile.c in Sources */,
				44900DB81A06A30300B5113F /* pcre32_ord2utf32.c in Sources */,
				44900D951A06A30300B5113F /* pcre16_byte_order.c in Sources */,
				44900D981A06A30300B5113F /* pcre16_config.c in Sources */,
				44900DD11A06A30300B5113F /* pcre_printint.c in Sources */,
				44900DBA1A06A30300B5113F /* pcre32_refcount.c in Sources */,
				44900DAE1A06A30300B5113F /* pcre32_compile.c in Sources */,
				44900DA81A06A30300B5113F /* pcre16_utf16_utils.c in Sources */,
				44900DC01A06A30300B5113F /* pcre32_valid_utf32.c in Sources */,
				44900DD21A06A30300B5113F /* pcre_refcount.c in Sources */,
				44900D991A06A30300B5113F /* pcre16_dfa_exec.c in Sources */,
				44900DCE1A06A30300B5113F /* pcre_maketables.c in Sources */,
				44900DA11A06A30300B5113F /* pcre16_ord2utf16.c in Sources */,
				44900DC71A06A30300B5113F /* pcre_dfa_exec.c in Sources */,
				44900DD01A06A30300B5113F /* pcre_ord2utf8.c in Sources */,
				44900DAC1A06A30300B5113F /* pcre32_byte_order.c in Sources */,
				44900DAF1A06A30300B5113F /* pcre32_config.c in Sources */,
				44900DB01A06A30300B5113F /* pcre32_dfa_exec.c in Sources */,
				44900DA51A06A30300B5113F /* pcre16_study.c in Sources */,
				44900DC51A06A30300B5113F /* pcre_compile.c in Sources */,
				44900DC31A06A30300B5113F /* pcre_byte_order.c in Sources */,
				44900DBF1A06A30300B5113F /* pcre32_utf32_utils.c in Sources */,
				44900DDB1A06A30300B5113F /* pcregrep.c in Sources */,
				44900DB11A06A30300B5113F /* pcre32_exec.c in Sources */,
				44900DBC1A06A30300B5113F /* pcre32_study.c in Sources */,
				44900DAB1A06A30300B5113F /* pcre16_xclass.c in Sources */,
				44900D9A1A06A30300B5113F /* pcre16_exec.c in Sources */,
			);
			runOnlyForDeploymentPostprocessing = 0;
		};
/* End PBXSourcesBuildPhase section */

/* Begin XCBuildConfiguration section */
		44900C8F1A06A24800B5113F /* Debug */ = {
			isa = XCBuildConfiguration;
			buildSettings = {
				ALWAYS_SEARCH_USER_PATHS = NO;
				CLANG_CXX_LANGUAGE_STANDARD = "gnu++0x";
				CLANG_CXX_LIBRARY = "libc++";
				CLANG_ENABLE_MODULES = YES;
				CLANG_ENABLE_OBJC_ARC = YES;
				CLANG_WARN_BOOL_CONVERSION = YES;
				CLANG_WARN_CONSTANT_CONVERSION = YES;
				CLANG_WARN_DIRECT_OBJC_ISA_USAGE = YES_ERROR;
				CLANG_WARN_EMPTY_BODY = YES;
				CLANG_WARN_ENUM_CONVERSION = YES;
				CLANG_WARN_INT_CONVERSION = YES;
				CLANG_WARN_OBJC_ROOT_CLASS = YES_ERROR;
				CLANG_WARN_UNREACHABLE_CODE = YES;
				CLANG_WARN__DUPLICATE_METHOD_MATCH = YES;
				COPY_PHASE_STRIP = NO;
				ENABLE_STRICT_OBJC_MSGSEND = YES;
				GCC_C_LANGUAGE_STANDARD = gnu99;
				GCC_DYNAMIC_NO_PIC = NO;
				GCC_OPTIMIZATION_LEVEL = 0;
				GCC_PREPROCESSOR_DEFINITIONS = (
					"HAVE_CONFIG_H=1",
					"DEBUG=1",
				);
				GCC_SYMBOLS_PRIVATE_EXTERN = NO;
				GCC_WARN_64_TO_32_BIT_CONVERSION = YES;
				GCC_WARN_ABOUT_RETURN_TYPE = YES_ERROR;
				GCC_WARN_UNDECLARED_SELECTOR = YES;
				GCC_WARN_UNINITIALIZED_AUTOS = YES_AGGRESSIVE;
				GCC_WARN_UNUSED_FUNCTION = YES;
				GCC_WARN_UNUSED_VARIABLE = YES;
				IPHONEOS_DEPLOYMENT_TARGET = 8.1;
				MTL_ENABLE_DEBUG_INFO = YES;
				ONLY_ACTIVE_ARCH = YES;
				SDKROOT = iphoneos;
			};
			name = Debug;
		};
		44900C901A06A24800B5113F /* Release */ = {
			isa = XCBuildConfiguration;
			buildSettings = {
				ALWAYS_SEARCH_USER_PATHS = NO;
				CLANG_CXX_LANGUAGE_STANDARD = "gnu++0x";
				CLANG_CXX_LIBRARY = "libc++";
				CLANG_ENABLE_MODULES = YES;
				CLANG_ENABLE_OBJC_ARC = YES;
				CLANG_WARN_BOOL_CONVERSION = YES;
				CLANG_WARN_CONSTANT_CONVERSION = YES;
				CLANG_WARN_DIRECT_OBJC_ISA_USAGE = YES_ERROR;
				CLANG_WARN_EMPTY_BODY = YES;
				CLANG_WARN_ENUM_CONVERSION = YES;
				CLANG_WARN_INT_CONVERSION = YES;
				CLANG_WARN_OBJC_ROOT_CLASS = YES_ERROR;
				CLANG_WARN_UNREACHABLE_CODE = YES;
				CLANG_WARN__DUPLICATE_METHOD_MATCH = YES;
				COPY_PHASE_STRIP = YES;
				ENABLE_NS_ASSERTIONS = NO;
				ENABLE_STRICT_OBJC_MSGSEND = YES;
				GCC_C_LANGUAGE_STANDARD = gnu99;
				GCC_PREPROCESSOR_DEFINITIONS = "HAVE_CONFIG_H=1";
				GCC_WARN_64_TO_32_BIT_CONVERSION = YES;
				GCC_WARN_ABOUT_RETURN_TYPE = YES_ERROR;
				GCC_WARN_UNDECLARED_SELECTOR = YES;
				GCC_WARN_UNINITIALIZED_AUTOS = YES_AGGRESSIVE;
				GCC_WARN_UNUSED_FUNCTION = YES;
				GCC_WARN_UNUSED_VARIABLE = YES;
				IPHONEOS_DEPLOYMENT_TARGET = 8.1;
				MTL_ENABLE_DEBUG_INFO = NO;
				SDKROOT = iphoneos;
				VALIDATE_PRODUCT = YES;
			};
			name = Release;
		};
		44900C921A06A24800B5113F /* Debug */ = {
			isa = XCBuildConfiguration;
			buildSettings = {
				OTHER_LDFLAGS = "-ObjC";
				PRODUCT_NAME = "$(TARGET_NAME)";
				SKIP_INSTALL = YES;
			};
			name = Debug;
		};
		44900C931A06A24800B5113F /* Release */ = {
			isa = XCBuildConfiguration;
			buildSettings = {
				OTHER_LDFLAGS = "-ObjC";
				PRODUCT_NAME = "$(TARGET_NAME)";
				SKIP_INSTALL = YES;
			};
			name = Release;
		};
/* End XCBuildConfiguration section */

/* Begin XCConfigurationList section */
		44900C781A06A24700B5113F /* Build configuration list for PBXProject "pcre" */ = {
			isa = XCConfigurationList;
			buildConfigurations = (
				44900C8F1A06A24800B5113F /* Debug */,
				44900C901A06A24800B5113F /* Release */,
			);
			defaultConfigurationIsVisible = 0;
			defaultConfigurationName = Release;
		};
		44900C911A06A24800B5113F /* Build configuration list for PBXNativeTarget "pcre" */ = {
			isa = XCConfigurationList;
			buildConfigurations = (
				44900C921A06A24800B5113F /* Debug */,
				44900C931A06A24800B5113F /* Release */,
			);
			defaultConfigurationIsVisible = 0;
			defaultConfigurationName = Release;
		};
/* End XCConfigurationList section */
	};
	rootObject = 44900C751A06A24700B5113F /* Project object */;
}
