// !$*UTF8*$!
{
	archiveVersion = 1;
	classes = {
	};
	objectVersion = 46;
	objects = {

/* Begin PBXBuildFile section */
		440814851A17AA3500DEE820 /* SkyScraperTest.m in Sources */ = {isa = PBXBuildFile; fileRef = 440814701A17AA3500DEE820 /* SkyScraperTest.m */; };
		440814861A17AA3500DEE820 /* adsarray.xsl in Resources */ = {isa = PBXBuildFile; fileRef = 440814721A17AA3500DEE820 /* adsarray.xsl */; };
		440814871A17AA3500DEE820 /* adsearch.html in Resources */ = {isa = PBXBuildFile; fileRef = 440814731A17AA3500DEE820 /* adsearch.html */; };
		440814881A17AA3500DEE820 /* adsearch.xsl in Resources */ = {isa = PBXBuildFile; fileRef = 440814741A17AA3500DEE820 /* adsearch.xsl */; };
		440814891A17AA3500DEE820 /* entities.html in Resources */ = {isa = PBXBuildFile; fileRef = 440814751A17AA3500DEE820 /* entities.html */; };
		4408148A1A17AA3500DEE820 /* entities.xsl in Resources */ = {isa = PBXBuildFile; fileRef = 440814761A17AA3500DEE820 /* entities.xsl */; };
		4408148B1A17AA3500DEE820 /* included.xsl in Resources */ = {isa = PBXBuildFile; fileRef = 440814771A17AA3500DEE820 /* included.xsl */; };
		4408148C1A17AA3500DEE820 /* match.out in Resources */ = {isa = PBXBuildFile; fileRef = 440814781A17AA3500DEE820 /* match.out */; };
		4408148D1A17AA3500DEE820 /* match.xml in Resources */ = {isa = PBXBuildFile; fileRef = 440814791A17AA3500DEE820 /* match.xml */; };
		4408148E1A17AA3500DEE820 /* match.xsl in Resources */ = {isa = PBXBuildFile; fileRef = 4408147A1A17AA3500DEE820 /* match.xsl */; };
		4408148F1A17AA3500DEE820 /* postform.html in Resources */ = {isa = PBXBuildFile; fileRef = 4408147B1A17AA3500DEE820 /* postform.html */; };
		440814901A17AA3500DEE820 /* postform.xsl in Resources */ = {isa = PBXBuildFile; fileRef = 4408147C1A17AA3500DEE820 /* postform.xsl */; };
		440814911A17AA3500DEE820 /* replace.out in Resources */ = {isa = PBXBuildFile; fileRef = 4408147D1A17AA3500DEE820 /* replace.out */; };
		440814921A17AA3500DEE820 /* replace.xml in Resources */ = {isa = PBXBuildFile; fileRef = 4408147E1A17AA3500DEE820 /* replace.xml */; };
		440814931A17AA3500DEE820 /* replace.xsl in Resources */ = {isa = PBXBuildFile; fileRef = 4408147F1A17AA3500DEE820 /* replace.xsl */; };
		440814941A17AA3500DEE820 /* test.out in Resources */ = {isa = PBXBuildFile; fileRef = 440814801A17AA3500DEE820 /* test.out */; };
		440814951A17AA3500DEE820 /* test.xml in Resources */ = {isa = PBXBuildFile; fileRef = 440814811A17AA3500DEE820 /* test.xml */; };
		440814961A17AA3500DEE820 /* test.xsl in Resources */ = {isa = PBXBuildFile; fileRef = 440814821A17AA3500DEE820 /* test.xsl */; };
		440814971A17AA3500DEE820 /* testinclude.xsl in Resources */ = {isa = PBXBuildFile; fileRef = 440814831A17AA3500DEE820 /* testinclude.xsl */; };
		4408163E1A19331000DEE820 /* AdData.m in Sources */ = {isa = PBXBuildFile; fileRef = 4408163B1A19331000DEE820 /* AdData.m */; };
		4408163F1A19331000DEE820 /* AdDataContainer.m in Sources */ = {isa = PBXBuildFile; fileRef = 4408163D1A19331000DEE820 /* AdDataContainer.m */; };
		441D0FD41AC95707005517E7 /* search_rss.xsl in Resources */ = {isa = PBXBuildFile; fileRef = 441D0FD31AC95707005517E7 /* search_rss.xsl */; };
		441D0FD61AC95717005517E7 /* hhh.xml in Resources */ = {isa = PBXBuildFile; fileRef = 441D0FD51AC95717005517E7 /* hhh.xml */; };
		44551B941B66CA330059795E /* testgroups.xsl in Resources */ = {isa = PBXBuildFile; fileRef = 44551B931B66CA330059795E /* testgroups.xsl */; };
		44551B961B66CA700059795E /* testgroups.xml in Resources */ = {isa = PBXBuildFile; fileRef = 44551B951B66CA700059795E /* testgroups.xml */; };
		44551B981B66CB330059795E /* testgroups.out in Resources */ = {isa = PBXBuildFile; fileRef = 44551B971B66CB330059795E /* testgroups.out */; };
		6359F4111ADBF2ED009B5E1A /* search_map.xsl in Resources */ = {isa = PBXBuildFile; fileRef = 6359F4101ADBF2ED009B5E1A /* search_map.xsl */; };
		6359F4131ADC0B2D009B5E1A /* tpl_sanitize.xsl in Resources */ = {isa = PBXBuildFile; fileRef = 6359F4121ADC0B2D009B5E1A /* tpl_sanitize.xsl */; };
		63F489901AFCAEBC00E89B15 /* adjsonsearch.json in Resources */ = {isa = PBXBuildFile; fileRef = 63F4898F1AFCAEBC00E89B15 /* adjsonsearch.json */; };
		63F7219D1ADCE7F4003DEB32 /* bad_utf8.html in Resources */ = {isa = PBXBuildFile; fileRef = 63F7219B1ADCE7F4003DEB32 /* bad_utf8.html */; };
		63F7219E1ADCE7F4003DEB32 /* bad_utf8.xml in Resources */ = {isa = PBXBuildFile; fileRef = 63F7219C1ADCE7F4003DEB32 /* bad_utf8.xml */; };
		CEC035FC6FD373B9837A5645 /* libPods.a in Frameworks */ = {isa = PBXBuildFile; fileRef = 25F9D2E0D60E5A6093853BB9 /* libPods.a */; };
/* End PBXBuildFile section */

/* Begin PBXFileReference section */
		25F9D2E0D60E5A6093853BB9 /* libPods.a */ = {isa = PBXFileReference; explicitFileType = archive.ar; includeInIndex = 0; path = libPods.a; sourceTree = BUILT_PRODUCTS_DIR; };
		2D6F7503C45E2C7234F4219B /* Pods-XHCLScraping.debug.xcconfig */ = {isa = PBXFileReference; includeInIndex = 1; lastKnownFileType = text.xcconfig; name = "Pods-XHCLScraping.debug.xcconfig"; path = "Pods/Target Support Files/Pods-XHCLScraping/Pods-XHCLScraping.debug.xcconfig"; sourceTree = "<group>"; };
		4408146F1A17AA3500DEE820 /* Info.plist */ = {isa = PBXFileReference; fileEncoding = 4; lastKnownFileType = text.plist.xml; path = Info.plist; sourceTree = "<group>"; };
		440814701A17AA3500DEE820 /* SkyScraperTest.m */ = {isa = PBXFileReference; fileEncoding = 4; lastKnownFileType = sourcecode.c.objc; path = SkyScraperTest.m; sourceTree = "<group>"; };
		440814721A17AA3500DEE820 /* adsarray.xsl */ = {isa = PBXFileReference; fileEncoding = 4; lastKnownFileType = text.xml; path = adsarray.xsl; sourceTree = "<group>"; };
		440814731A17AA3500DEE820 /* adsearch.html */ = {isa = PBXFileReference; fileEncoding = 4; lastKnownFileType = text.html; path = adsearch.html; sourceTree = "<group>"; };
		440814741A17AA3500DEE820 /* adsearch.xsl */ = {isa = PBXFileReference; fileEncoding = 4; lastKnownFileType = text.xml; path = adsearch.xsl; sourceTree = "<group>"; };
		440814751A17AA3500DEE820 /* entities.html */ = {isa = PBXFileReference; fileEncoding = 4; lastKnownFileType = text.html; path = entities.html; sourceTree = "<group>"; };
		440814761A17AA3500DEE820 /* entities.xsl */ = {isa = PBXFileReference; fileEncoding = 4; lastKnownFileType = text.xml; path = entities.xsl; sourceTree = "<group>"; };
		440814771A17AA3500DEE820 /* included.xsl */ = {isa = PBXFileReference; fileEncoding = 4; lastKnownFileType = text.xml; path = included.xsl; sourceTree = "<group>"; };
		440814781A17AA3500DEE820 /* match.out */ = {isa = PBXFileReference; fileEncoding = 4; lastKnownFileType = text.xml; path = match.out; sourceTree = "<group>"; };
		440814791A17AA3500DEE820 /* match.xml */ = {isa = PBXFileReference; fileEncoding = 4; lastKnownFileType = text.xml; path = match.xml; sourceTree = "<group>"; };
		4408147A1A17AA3500DEE820 /* match.xsl */ = {isa = PBXFileReference; fileEncoding = 4; lastKnownFileType = text.xml; path = match.xsl; sourceTree = "<group>"; };
		4408147B1A17AA3500DEE820 /* postform.html */ = {isa = PBXFileReference; fileEncoding = 4; lastKnownFileType = text.html; path = postform.html; sourceTree = "<group>"; };
		4408147C1A17AA3500DEE820 /* postform.xsl */ = {isa = PBXFileReference; fileEncoding = 4; lastKnownFileType = text.xml; path = postform.xsl; sourceTree = "<group>"; };
		4408147D1A17AA3500DEE820 /* replace.out */ = {isa = PBXFileReference; fileEncoding = 4; lastKnownFileType = text.xml; path = replace.out; sourceTree = "<group>"; };
		4408147E1A17AA3500DEE820 /* replace.xml */ = {isa = PBXFileReference; fileEncoding = 4; lastKnownFileType = text.xml; path = replace.xml; sourceTree = "<group>"; };
		4408147F1A17AA3500DEE820 /* replace.xsl */ = {isa = PBXFileReference; fileEncoding = 4; lastKnownFileType = text.xml; path = replace.xsl; sourceTree = "<group>"; };
		440814801A17AA3500DEE820 /* test.out */ = {isa = PBXFileReference; fileEncoding = 4; lastKnownFileType = text.xml; path = test.out; sourceTree = "<group>"; };
		440814811A17AA3500DEE820 /* test.xml */ = {isa = PBXFileReference; fileEncoding = 4; lastKnownFileType = text.xml; path = test.xml; sourceTree = "<group>"; };
		440814821A17AA3500DEE820 /* test.xsl */ = {isa = PBXFileReference; fileEncoding = 4; lastKnownFileType = text.xml; path = test.xsl; sourceTree = "<group>"; };
		440814831A17AA3500DEE820 /* testinclude.xsl */ = {isa = PBXFileReference; fileEncoding = 4; lastKnownFileType = text.xml; path = testinclude.xsl; sourceTree = "<group>"; };
		4408163A1A19331000DEE820 /* AdData.h */ = {isa = PBXFileReference; fileEncoding = 4; lastKnownFileType = sourcecode.c.h; path = AdData.h; sourceTree = "<group>"; };
		4408163B1A19331000DEE820 /* AdData.m */ = {isa = PBXFileReference; fileEncoding = 4; lastKnownFileType = sourcecode.c.objc; path = AdData.m; sourceTree = "<group>"; };
		4408163C1A19331000DEE820 /* AdDataContainer.h */ = {isa = PBXFileReference; fileEncoding = 4; lastKnownFileType = sourcecode.c.h; path = AdDataContainer.h; sourceTree = "<group>"; };
		4408163D1A19331000DEE820 /* AdDataContainer.m */ = {isa = PBXFileReference; fileEncoding = 4; lastKnownFileType = sourcecode.c.objc; path = AdDataContainer.m; sourceTree = "<group>"; };
		441D0FD31AC95707005517E7 /* search_rss.xsl */ = {isa = PBXFileReference; fileEncoding = 4; lastKnownFileType = text.xml; path = search_rss.xsl; sourceTree = "<group>"; };
		441D0FD51AC95717005517E7 /* hhh.xml */ = {isa = PBXFileReference; fileEncoding = 4; lastKnownFileType = text.xml; path = hhh.xml; sourceTree = "<group>"; };
		44551B931B66CA330059795E /* testgroups.xsl */ = {isa = PBXFileReference; fileEncoding = 4; lastKnownFileType = text.xml; path = testgroups.xsl; sourceTree = "<group>"; };
		44551B951B66CA700059795E /* testgroups.xml */ = {isa = PBXFileReference; fileEncoding = 4; lastKnownFileType = text.xml; path = testgroups.xml; sourceTree = "<group>"; };
		44551B971B66CB330059795E /* testgroups.out */ = {isa = PBXFileReference; fileEncoding = 4; lastKnownFileType = text; path = testgroups.out; sourceTree = "<group>"; };
		447F79FE19F6E6500089D036 /* SkyScraperTest.xctest */ = {isa = PBXFileReference; explicitFileType = wrapper.cfbundle; includeInIndex = 0; path = SkyScraperTest.xctest; sourceTree = BUILT_PRODUCTS_DIR; };
		549E468DE1BB47FEA37F8D96 /* Pods-XHCLScraping.release.xcconfig */ = {isa = PBXFileReference; includeInIndex = 1; lastKnownFileType = text.xcconfig; name = "Pods-XHCLScraping.release.xcconfig"; path = "Pods/Target Support Files/Pods-XHCLScraping/Pods-XHCLScraping.release.xcconfig"; sourceTree = "<group>"; };
		6359F4101ADBF2ED009B5E1A /* search_map.xsl */ = {isa = PBXFileReference; fileEncoding = 4; lastKnownFileType = text.xml; path = search_map.xsl; sourceTree = "<group>"; };
		6359F4121ADC0B2D009B5E1A /* tpl_sanitize.xsl */ = {isa = PBXFileReference; fileEncoding = 4; lastKnownFileType = text.xml; path = tpl_sanitize.xsl; sourceTree = "<group>"; };
		63F4898F1AFCAEBC00E89B15 /* adjsonsearch.json */ = {isa = PBXFileReference; fileEncoding = 4; lastKnownFileType = text.json; path = adjsonsearch.json; sourceTree = "<group>"; };
		63F7219B1ADCE7F4003DEB32 /* bad_utf8.html */ = {isa = PBXFileReference; fileEncoding = 4; lastKnownFileType = text.html; path = bad_utf8.html; sourceTree = "<group>"; };
		63F7219C1ADCE7F4003DEB32 /* bad_utf8.xml */ = {isa = PBXFileReference; fileEncoding = 30; lastKnownFileType = text.xml; path = bad_utf8.xml; sourceTree = "<group>"; };
		936B1FCFEDD63335EFB0F0B4 /* libPods-XHCLScraping.a */ = {isa = PBXFileReference; explicitFileType = archive.ar; includeInIndex = 0; path = "libPods-XHCLScraping.a"; sourceTree = BUILT_PRODUCTS_DIR; };
		97FF807E82B0AEDFC20765EB /* Pods.debug.xcconfig */ = {isa = PBXFileReference; includeInIndex = 1; lastKnownFileType = text.xcconfig; name = Pods.debug.xcconfig; path = "Pods/Target Support Files/Pods/Pods.debug.xcconfig"; sourceTree = "<group>"; };
		BDE3FC0B9215CA291F37F6A2 /* Pods.release.xcconfig */ = {isa = PBXFileReference; includeInIndex = 1; lastKnownFileType = text.xcconfig; name = Pods.release.xcconfig; path = "Pods/Target Support Files/Pods/Pods.release.xcconfig"; sourceTree = "<group>"; };
		C643A812DC6DE31B08DFEF00 /* Pods-CLSkyScraper.release.xcconfig */ = {isa = PBXFileReference; includeInIndex = 1; lastKnownFileType = text.xcconfig; name = "Pods-CLSkyScraper.release.xcconfig"; path = "Pods/Target Support Files/Pods-CLSkyScraper/Pods-CLSkyScraper.release.xcconfig"; sourceTree = "<group>"; };
		E351210A3510602BA80A1359 /* Pods-CLSkyScraper.debug.xcconfig */ = {isa = PBXFileReference; includeInIndex = 1; lastKnownFileType = text.xcconfig; name = "Pods-CLSkyScraper.debug.xcconfig"; path = "Pods/Target Support Files/Pods-CLSkyScraper/Pods-CLSkyScraper.debug.xcconfig"; sourceTree = "<group>"; };
		E56B11C9EE0F1808E03539CB /* libPods-CLSkyScraper.a */ = {isa = PBXFileReference; explicitFileType = archive.ar; includeInIndex = 0; path = "libPods-CLSkyScraper.a"; sourceTree = BUILT_PRODUCTS_DIR; };
/* End PBXFileReference section */

/* Begin PBXFrameworksBuildPhase section */
		447F79FB19F6E6500089D036 /* Frameworks */ = {
			isa = PBXFrameworksBuildPhase;
			buildActionMask = 2147483647;
			files = (
				CEC035FC6FD373B9837A5645 /* libPods.a in Frameworks */,
			);
			runOnlyForDeploymentPostprocessing = 0;
		};
/* End PBXFrameworksBuildPhase section */

/* Begin PBXGroup section */
		4408146E1A17AA3500DEE820 /* SkyScraperTest */ = {
			isa = PBXGroup;
			children = (
				4408163A1A19331000DEE820 /* AdData.h */,
				4408163B1A19331000DEE820 /* AdData.m */,
				4408163C1A19331000DEE820 /* AdDataContainer.h */,
				4408163D1A19331000DEE820 /* AdDataContainer.m */,
				4408146F1A17AA3500DEE820 /* Info.plist */,
				440814701A17AA3500DEE820 /* SkyScraperTest.m */,
				440814711A17AA3500DEE820 /* XSLT */,
			);
			path = SkyScraperTest;
			sourceTree = "<group>";
		};
		440814711A17AA3500DEE820 /* XSLT */ = {
			isa = PBXGroup;
			children = (
				63F4898F1AFCAEBC00E89B15 /* adjsonsearch.json */,
				6359F4121ADC0B2D009B5E1A /* tpl_sanitize.xsl */,
				441D0FD51AC95717005517E7 /* hhh.xml */,
				441D0FD31AC95707005517E7 /* search_rss.xsl */,
				6359F4101ADBF2ED009B5E1A /* search_map.xsl */,
				440814721A17AA3500DEE820 /* adsarray.xsl */,
				440814731A17AA3500DEE820 /* adsearch.html */,
				440814741A17AA3500DEE820 /* adsearch.xsl */,
				440814751A17AA3500DEE820 /* entities.html */,
				440814761A17AA3500DEE820 /* entities.xsl */,
				440814771A17AA3500DEE820 /* included.xsl */,
				440814781A17AA3500DEE820 /* match.out */,
				440814791A17AA3500DEE820 /* match.xml */,
				4408147A1A17AA3500DEE820 /* match.xsl */,
				4408147B1A17AA3500DEE820 /* postform.html */,
				4408147C1A17AA3500DEE820 /* postform.xsl */,
				4408147D1A17AA3500DEE820 /* replace.out */,
				4408147E1A17AA3500DEE820 /* replace.xml */,
				4408147F1A17AA3500DEE820 /* replace.xsl */,
				440814801A17AA3500DEE820 /* test.out */,
				440814811A17AA3500DEE820 /* test.xml */,
				440814821A17AA3500DEE820 /* test.xsl */,
				440814831A17AA3500DEE820 /* testinclude.xsl */,
				63F7219B1ADCE7F4003DEB32 /* bad_utf8.html */,
				63F7219C1ADCE7F4003DEB32 /* bad_utf8.xml */,
				44551B931B66CA330059795E /* testgroups.xsl */,
				44551B951B66CA700059795E /* testgroups.xml */,
				44551B971B66CB330059795E /* testgroups.out */,
			);
			path = XSLT;
			sourceTree = "<group>";
		};
		447F79F319F6E63C0089D036 = {
			isa = PBXGroup;
			children = (
				4408146E1A17AA3500DEE820 /* SkyScraperTest */,
				447F79FF19F6E6500089D036 /* Products */,
				86EAE8F4DA4EA284E2A0EA96 /* Pods */,
				87F28A58DDBEBDAE1CCED19E /* Frameworks */,
			);
			sourceTree = "<group>";
		};
		447F79FF19F6E6500089D036 /* Products */ = {
			isa = PBXGroup;
			children = (
				447F79FE19F6E6500089D036 /* SkyScraperTest.xctest */,
			);
			name = Products;
			sourceTree = "<group>";
		};
		86EAE8F4DA4EA284E2A0EA96 /* Pods */ = {
			isa = PBXGroup;
			children = (
				97FF807E82B0AEDFC20765EB /* Pods.debug.xcconfig */,
				BDE3FC0B9215CA291F37F6A2 /* Pods.release.xcconfig */,
				2D6F7503C45E2C7234F4219B /* Pods-XHCLScraping.debug.xcconfig */,
				549E468DE1BB47FEA37F8D96 /* Pods-XHCLScraping.release.xcconfig */,
				E351210A3510602BA80A1359 /* Pods-CLSkyScraper.debug.xcconfig */,
				C643A812DC6DE31B08DFEF00 /* Pods-CLSkyScraper.release.xcconfig */,
			);
			name = Pods;
			sourceTree = "<group>";
		};
		87F28A58DDBEBDAE1CCED19E /* Frameworks */ = {
			isa = PBXGroup;
			children = (
				25F9D2E0D60E5A6093853BB9 /* libPods.a */,
				936B1FCFEDD63335EFB0F0B4 /* libPods-XHCLScraping.a */,
				E56B11C9EE0F1808E03539CB /* libPods-CLSkyScraper.a */,
			);
			name = Frameworks;
			sourceTree = "<group>";
		};
/* End PBXGroup section */

/* Begin PBXNativeTarget section */
		447F79FD19F6E6500089D036 /* SkyScraperTest */ = {
			isa = PBXNativeTarget;
			buildConfigurationList = 447F7A0519F6E6500089D036 /* Build configuration list for PBXNativeTarget "SkyScraperTest" */;
			buildPhases = (
				730B5947AD9C4668B7355F30 /* Check Pods Manifest.lock */,
				447F79FA19F6E6500089D036 /* Sources */,
				447F79FB19F6E6500089D036 /* Frameworks */,
				447F79FC19F6E6500089D036 /* Resources */,
				778082DE2A4D0182E024B338 /* Copy Pods Resources */,
			);
			buildRules = (
			);
			dependencies = (
			);
			name = SkyScraperTest;
			productName = XHTransformationTest;
			productReference = 447F79FE19F6E6500089D036 /* SkyScraperTest.xctest */;
			productType = "com.apple.product-type.bundle.unit-test";
		};
/* End PBXNativeTarget section */

/* Begin PBXProject section */
		447F79F419F6E63C0089D036 /* Project object */ = {
			isa = PBXProject;
			attributes = {
				LastUpgradeCheck = 0610;
				TargetAttributes = {
					447F79FD19F6E6500089D036 = {
						CreatedOnToolsVersion = 6.1;
					};
				};
			};
			buildConfigurationList = 447F79F719F6E63C0089D036 /* Build configuration list for PBXProject "Tests" */;
			compatibilityVersion = "Xcode 3.2";
			developmentRegion = English;
			hasScannedForEncodings = 0;
			knownRegions = (
				en,
				Base,
			);
			mainGroup = 447F79F319F6E63C0089D036;
			productRefGroup = 447F79FF19F6E6500089D036 /* Products */;
			projectDirPath = "";
			projectRoot = "";
			targets = (
				447F79FD19F6E6500089D036 /* SkyScraperTest */,
			);
		};
/* End PBXProject section */

/* Begin PBXResourcesBuildPhase section */
		447F79FC19F6E6500089D036 /* Resources */ = {
			isa = PBXResourcesBuildPhase;
			buildActionMask = 2147483647;
			files = (
				4408148D1A17AA3500DEE820 /* match.xml in Resources */,
				440814931A17AA3500DEE820 /* replace.xsl in Resources */,
				440814881A17AA3500DEE820 /* adsearch.xsl in Resources */,
				440814921A17AA3500DEE820 /* replace.xml in Resources */,
				440814891A17AA3500DEE820 /* entities.html in Resources */,
				4408148A1A17AA3500DEE820 /* entities.xsl in Resources */,
				440814861A17AA3500DEE820 /* adsarray.xsl in Resources */,
				4408148C1A17AA3500DEE820 /* match.out in Resources */,
				4408148B1A17AA3500DEE820 /* included.xsl in Resources */,
				440814961A17AA3500DEE820 /* test.xsl in Resources */,
				63F7219D1ADCE7F4003DEB32 /* bad_utf8.html in Resources */,
				4408148E1A17AA3500DEE820 /* match.xsl in Resources */,
				441D0FD41AC95707005517E7 /* search_rss.xsl in Resources */,
				6359F4111ADBF2ED009B5E1A /* search_map.xsl in Resources */,
				44551B961B66CA700059795E /* testgroups.xml in Resources */,
				440814871A17AA3500DEE820 /* adsearch.html in Resources */,
				440814911A17AA3500DEE820 /* replace.out in Resources */,
				63F7219E1ADCE7F4003DEB32 /* bad_utf8.xml in Resources */,
				4408148F1A17AA3500DEE820 /* postform.html in Resources */,
				440814971A17AA3500DEE820 /* testinclude.xsl in Resources */,
				44551B981B66CB330059795E /* testgroups.out in Resources */,
				6359F4131ADC0B2D009B5E1A /* tpl_sanitize.xsl in Resources */,
				44551B941B66CA330059795E /* testgroups.xsl in Resources */,
				440814941A17AA3500DEE820 /* test.out in Resources */,
				440814901A17AA3500DEE820 /* postform.xsl in Resources */,
				63F489901AFCAEBC00E89B15 /* adjsonsearch.json in Resources */,
				441D0FD61AC95717005517E7 /* hhh.xml in Resources */,
				440814951A17AA3500DEE820 /* test.xml in Resources */,
			);
			runOnlyForDeploymentPostprocessing = 0;
		};
/* End PBXResourcesBuildPhase section */

/* Begin PBXShellScriptBuildPhase section */
		730B5947AD9C4668B7355F30 /* Check Pods Manifest.lock */ = {
			isa = PBXShellScriptBuildPhase;
			buildActionMask = 2147483647;
			files = (
			);
			inputPaths = (
			);
			name = "Check Pods Manifest.lock";
			outputPaths = (
			);
			runOnlyForDeploymentPostprocessing = 0;
			shellPath = /bin/sh;
			shellScript = "diff \"${PODS_ROOT}/../Podfile.lock\" \"${PODS_ROOT}/Manifest.lock\" > /dev/null\nif [[ $? != 0 ]] ; then\n    cat << EOM\nerror: The sandbox is not in sync with the Podfile.lock. Run 'pod install' or update your CocoaPods installation.\nEOM\n    exit 1\nfi\n";
			showEnvVarsInLog = 0;
		};
		778082DE2A4D0182E024B338 /* Copy Pods Resources */ = {
			isa = PBXShellScriptBuildPhase;
			buildActionMask = 2147483647;
			files = (
			);
			inputPaths = (
			);
			name = "Copy Pods Resources";
			outputPaths = (
			);
			runOnlyForDeploymentPostprocessing = 0;
			shellPath = /bin/sh;
			shellScript = "\"${SRCROOT}/Pods/Target Support Files/Pods/Pods-resources.sh\"\n";
			showEnvVarsInLog = 0;
		};
/* End PBXShellScriptBuildPhase section */

/* Begin PBXSourcesBuildPhase section */
		447F79FA19F6E6500089D036 /* Sources */ = {
			isa = PBXSourcesBuildPhase;
			buildActionMask = 2147483647;
			files = (
				4408163E1A19331000DEE820 /* AdData.m in Sources */,
				440814851A17AA3500DEE820 /* SkyScraperTest.m in Sources */,
				4408163F1A19331000DEE820 /* AdDataContainer.m in Sources */,
			);
			runOnlyForDeploymentPostprocessing = 0;
		};
/* End PBXSourcesBuildPhase section */

/* Begin XCBuildConfiguration section */
		447F79F819F6E63C0089D036 /* Debug */ = {
			isa = XCBuildConfiguration;
			buildSettings = {
				CLANG_ENABLE_MODULES = YES;
				IPHONEOS_DEPLOYMENT_TARGET = 8.0;
			};
			name = Debug;
		};
		447F79F919F6E63C0089D036 /* Release */ = {
			isa = XCBuildConfiguration;
			buildSettings = {
				CLANG_ENABLE_MODULES = YES;
				IPHONEOS_DEPLOYMENT_TARGET = 8.0;
			};
			name = Release;
		};
		447F7A0619F6E6500089D036 /* Debug */ = {
			isa = XCBuildConfiguration;
			baseConfigurationReference = 97FF807E82B0AEDFC20765EB /* Pods.debug.xcconfig */;
			buildSettings = {
				ALWAYS_SEARCH_USER_PATHS = NO;
				CLANG_CXX_LANGUAGE_STANDARD = "gnu++0x";
				CLANG_CXX_LIBRARY = "libc++";
				CLANG_ENABLE_MODULES = YES;
				CLANG_ENABLE_OBJC_ARC = YES;
				CLANG_WARN_BOOL_CONVERSION = YES;
				CLANG_WARN_CONSTANT_CONVERSION = YES;
				CLANG_WARN_DIRECT_OBJC_ISA_USAGE = YES_ERROR;
				CLANG_WARN_EMPTY_BODY = YES;
				CLANG_WARN_ENUM_CONVERSION = YES;
				CLANG_WARN_INT_CONVERSION = YES;
				CLANG_WARN_OBJC_ROOT_CLASS = YES_ERROR;
				CLANG_WARN_UNREACHABLE_CODE = YES;
				CLANG_WARN__DUPLICATE_METHOD_MATCH = YES;
				COPY_PHASE_STRIP = NO;
				ENABLE_STRICT_OBJC_MSGSEND = YES;
				FRAMEWORK_SEARCH_PATHS = (
					"$(SDKROOT)/Developer/Library/Frameworks",
					"$(inherited)",
				);
				GCC_C_LANGUAGE_STANDARD = gnu99;
				GCC_DYNAMIC_NO_PIC = NO;
				GCC_OPTIMIZATION_LEVEL = 0;
				GCC_PREPROCESSOR_DEFINITIONS = (
					"DEBUG=1",
					"$(inherited)",
				);
				GCC_SYMBOLS_PRIVATE_EXTERN = NO;
				GCC_WARN_64_TO_32_BIT_CONVERSION = YES;
				GCC_WARN_ABOUT_RETURN_TYPE = YES_ERROR;
				GCC_WARN_UNDECLARED_SELECTOR = YES;
				GCC_WARN_UNINITIALIZED_AUTOS = YES_AGGRESSIVE;
				GCC_WARN_UNUSED_FUNCTION = YES;
				GCC_WARN_UNUSED_VARIABLE = YES;
				INFOPLIST_FILE = SkyScraperTest/Info.plist;
				LD_RUNPATH_SEARCH_PATHS = "$(inherited) @executable_path/Frameworks @loader_path/Frameworks";
				MTL_ENABLE_DEBUG_INFO = YES;
				ONLY_ACTIVE_ARCH = YES;
				PRODUCT_NAME = "$(TARGET_NAME)";
				SDKROOT = iphoneos;
			};
			name = Debug;
		};
		447F7A0719F6E6500089D036 /* Release */ = {
			isa = XCBuildConfiguration;
			baseConfigurationReference = BDE3FC0B9215CA291F37F6A2 /* Pods.release.xcconfig */;
			buildSettings = {
				ALWAYS_SEARCH_USER_PATHS = NO;
				CLANG_CXX_LANGUAGE_STANDARD = "gnu++0x";
				CLANG_CXX_LIBRARY = "libc++";
				CLANG_ENABLE_MODULES = YES;
				CLANG_ENABLE_OBJC_ARC = YES;
				CLANG_WARN_BOOL_CONVERSION = YES;
				CLANG_WARN_CONSTANT_CONVERSION = YES;
				CLANG_WARN_DIRECT_OBJC_ISA_USAGE = YES_ERROR;
				CLANG_WARN_EMPTY_BODY = YES;
				CLANG_WARN_ENUM_CONVERSION = YES;
				CLANG_WARN_INT_CONVERSION = YES;
				CLANG_WARN_OBJC_ROOT_CLASS = YES_ERROR;
				CLANG_WARN_UNREACHABLE_CODE = YES;
				CLANG_WARN__DUPLICATE_METHOD_MATCH = YES;
				COPY_PHASE_STRIP = YES;
				ENABLE_NS_ASSERTIONS = NO;
				ENABLE_STRICT_OBJC_MSGSEND = YES;
				FRAMEWORK_SEARCH_PATHS = (
					"$(SDKROOT)/Developer/Library/Frameworks",
					"$(inherited)",
				);
				GCC_C_LANGUAGE_STANDARD = gnu99;
				GCC_WARN_64_TO_32_BIT_CONVERSION = YES;
				GCC_WARN_ABOUT_RETURN_TYPE = YES_ERROR;
				GCC_WARN_UNDECLARED_SELECTOR = YES;
				GCC_WARN_UNINITIALIZED_AUTOS = YES_AGGRESSIVE;
				GCC_WARN_UNUSED_FUNCTION = YES;
				GCC_WARN_UNUSED_VARIABLE = YES;
				INFOPLIST_FILE = SkyScraperTest/Info.plist;
				LD_RUNPATH_SEARCH_PATHS = "$(inherited) @executable_path/Frameworks @loader_path/Frameworks";
				MTL_ENABLE_DEBUG_INFO = NO;
				PRODUCT_NAME = "$(TARGET_NAME)";
				SDKROOT = iphoneos;
				VALIDATE_PRODUCT = YES;
			};
			name = Release;
		};
/* End XCBuildConfiguration section */

/* Begin XCConfigurationList section */
		447F79F719F6E63C0089D036 /* Build configuration list for PBXProject "Tests" */ = {
			isa = XCConfigurationList;
			buildConfigurations = (
				447F79F819F6E63C0089D036 /* Debug */,
				447F79F919F6E63C0089D036 /* Release */,
			);
			defaultConfigurationIsVisible = 0;
			defaultConfigurationName = Release;
		};
		447F7A0519F6E6500089D036 /* Build configuration list for PBXNativeTarget "SkyScraperTest" */ = {
			isa = XCConfigurationList;
			buildConfigurations = (
				447F7A0619F6E6500089D036 /* Debug */,
				447F7A0719F6E6500089D036 /* Release */,
			);
			defaultConfigurationIsVisible = 0;
			defaultConfigurationName = Release;
		};
/* End XCConfigurationList section */
	};
	rootObject = 447F79F419F6E63C0089D036 /* Project object */;
}
