// !$*UTF8*$!
{
	archiveVersion = 1;
	classes = {
	};
	objectVersion = 46;
	objects = {

/* Begin PBXBuildFile section */
		44EBAA0B19DEFF2B00F8404C /* main.m in Sources */ = {isa = PBXBuildFile; fileRef = 44EBAA0A19DEFF2B00F8404C /* main.m */; };
		44EBAA0E19DEFF2B00F8404C /* AppDelegate.m in Sources */ = {isa = PBXBuildFile; fileRef = 44EBAA0D19DEFF2B00F8404C /* AppDelegate.m */; };
		44EBAA1419DEFF2B00F8404C /* Main.storyboard in Resources */ = {isa = PBXBuildFile; fileRef = 44EBAA1219DEFF2B00F8404C /* Main.storyboard */; };
		44EBAA1619DEFF2B00F8404C /* Images.xcassets in Resources */ = {isa = PBXBuildFile; fileRef = 44EBAA1519DEFF2B00F8404C /* Images.xcassets */; };
		44EBAA1919DEFF2B00F8404C /* LaunchScreen.xib in Resources */ = {isa = PBXBuildFile; fileRef = 44EBAA1719DEFF2B00F8404C /* LaunchScreen.xib */; };
		44EBAA2519DEFF2B00F8404C /* XHProcessorTestTests.m in Sources */ = {isa = PBXBuildFile; fileRef = 44EBAA2419DEFF2B00F8404C /* XHProcessorTestTests.m */; };
		44EBAA3319DF033D00F8404C /* libexslt.dylib in Frameworks */ = {isa = PBXBuildFile; fileRef = 44EBAA3219DF033D00F8404C /* libexslt.dylib */; };
		44EBAA5019DF218E00F8404C /* libxml2.dylib in Frameworks */ = {isa = PBXBuildFile; fileRef = 44EBAA4F19DF218E00F8404C /* libxml2.dylib */; };
		44EBAA5219DF21A000F8404C /* libxslt.dylib in Frameworks */ = {isa = PBXBuildFile; fileRef = 44EBAA5119DF21A000F8404C /* libxslt.dylib */; };
		44EBAA5719DF25BD00F8404C /* adsearch.xsl in Resources */ = {isa = PBXBuildFile; fileRef = 44EBAA5319DF25BD00F8404C /* adsearch.xsl */; };
		44EBAA5819DF25BD00F8404C /* postform.html in Resources */ = {isa = PBXBuildFile; fileRef = 44EBAA5419DF25BD00F8404C /* postform.html */; };
		44EBAA5919DF25BD00F8404C /* postform.xsl in Resources */ = {isa = PBXBuildFile; fileRef = 44EBAA5519DF25BD00F8404C /* postform.xsl */; };
		44EBAA5A19DF25BD00F8404C /* sss.html in Resources */ = {isa = PBXBuildFile; fileRef = 44EBAA5619DF25BD00F8404C /* sss.html */; };
		44EBAA5D19DF2F9C00F8404C /* AdData.m in Sources */ = {isa = PBXBuildFile; fileRef = 44EBAA5C19DF2F9C00F8404C /* AdData.m */; };
		44EBAA6019DF2FAE00F8404C /* AdDataContainer.m in Sources */ = {isa = PBXBuildFile; fileRef = 44EBAA5F19DF2FAE00F8404C /* AdDataContainer.m */; };
		44EBAA6319DF3BA700F8404C /* URLTransformer.m in Sources */ = {isa = PBXBuildFile; fileRef = 44EBAA6219DF3BA700F8404C /* URLTransformer.m */; };
		44EBAA6619DF44DD00F8404C /* AdsTableViewController.m in Sources */ = {isa = PBXBuildFile; fileRef = 44EBAA6519DF44DD00F8404C /* AdsTableViewController.m */; };
		44EBAA6919DF4E7F00F8404C /* AdTableViewCell.m in Sources */ = {isa = PBXBuildFile; fileRef = 44EBAA6819DF4E7F00F8404C /* AdTableViewCell.m */; };
		44EBAA8D19E0A2B200F8404C /* XHTransformation.m in Sources */ = {isa = PBXBuildFile; fileRef = 44EBAA7219E0A2B200F8404C /* XHTransformation.m */; };
		F764FCB57E6BEBB870D260B0 /* libPods.a in Frameworks */ = {isa = PBXBuildFile; fileRef = 2658A3EBC32BF11E4C8F3664 /* libPods.a */; };
/* End PBXBuildFile section */

/* Begin PBXContainerItemProxy section */
		44EBAA1F19DEFF2B00F8404C /* PBXContainerItemProxy */ = {
			isa = PBXContainerItemProxy;
			containerPortal = 44EBA9FD19DEFF2B00F8404C /* Project object */;
			proxyType = 1;
			remoteGlobalIDString = 44EBAA0419DEFF2B00F8404C;
			remoteInfo = XHProcessorTest;
		};
/* End PBXContainerItemProxy section */

/* Begin PBXFileReference section */
		2658A3EBC32BF11E4C8F3664 /* libPods.a */ = {isa = PBXFileReference; explicitFileType = archive.ar; includeInIndex = 0; path = libPods.a; sourceTree = BUILT_PRODUCTS_DIR; };
		44EBAA0519DEFF2B00F8404C /* XHProcessorTest.app */ = {isa = PBXFileReference; explicitFileType = wrapper.application; includeInIndex = 0; path = XHProcessorTest.app; sourceTree = BUILT_PRODUCTS_DIR; };
		44EBAA0919DEFF2B00F8404C /* Info.plist */ = {isa = PBXFileReference; lastKnownFileType = text.plist.xml; path = Info.plist; sourceTree = "<group>"; };
		44EBAA0A19DEFF2B00F8404C /* main.m */ = {isa = PBXFileReference; lastKnownFileType = sourcecode.c.objc; path = main.m; sourceTree = "<group>"; };
		44EBAA0C19DEFF2B00F8404C /* AppDelegate.h */ = {isa = PBXFileReference; lastKnownFileType = sourcecode.c.h; path = AppDelegate.h; sourceTree = "<group>"; };
		44EBAA0D19DEFF2B00F8404C /* AppDelegate.m */ = {isa = PBXFileReference; lastKnownFileType = sourcecode.c.objc; path = AppDelegate.m; sourceTree = "<group>"; };
		44EBAA1319DEFF2B00F8404C /* Base */ = {isa = PBXFileReference; lastKnownFileType = file.storyboard; name = Base; path = Base.lproj/Main.storyboard; sourceTree = "<group>"; };
		44EBAA1519DEFF2B00F8404C /* Images.xcassets */ = {isa = PBXFileReference; lastKnownFileType = folder.assetcatalog; path = Images.xcassets; sourceTree = "<group>"; };
		44EBAA1819DEFF2B00F8404C /* Base */ = {isa = PBXFileReference; lastKnownFileType = file.xib; name = Base; path = Base.lproj/LaunchScreen.xib; sourceTree = "<group>"; };
		44EBAA1E19DEFF2B00F8404C /* XHProcessorTestTests.xctest */ = {isa = PBXFileReference; explicitFileType = wrapper.cfbundle; includeInIndex = 0; path = XHProcessorTestTests.xctest; sourceTree = BUILT_PRODUCTS_DIR; };
		44EBAA2319DEFF2B00F8404C /* Info.plist */ = {isa = PBXFileReference; lastKnownFileType = text.plist.xml; path = Info.plist; sourceTree = "<group>"; };
		44EBAA2419DEFF2B00F8404C /* XHProcessorTestTests.m */ = {isa = PBXFileReference; lastKnownFileType = sourcecode.c.objc; path = XHProcessorTestTests.m; sourceTree = "<group>"; };
		44EBAA3219DF033D00F8404C /* libexslt.dylib */ = {isa = PBXFileReference; lastKnownFileType = "compiled.mach-o.dylib"; name = libexslt.dylib; path = usr/lib/libexslt.dylib; sourceTree = SDKROOT; };
		44EBAA4F19DF218E00F8404C /* libxml2.dylib */ = {isa = PBXFileReference; lastKnownFileType = "compiled.mach-o.dylib"; name = libxml2.dylib; path = usr/lib/libxml2.dylib; sourceTree = SDKROOT; };
		44EBAA5119DF21A000F8404C /* libxslt.dylib */ = {isa = PBXFileReference; lastKnownFileType = "compiled.mach-o.dylib"; name = libxslt.dylib; path = usr/lib/libxslt.dylib; sourceTree = SDKROOT; };
		44EBAA5319DF25BD00F8404C /* adsearch.xsl */ = {isa = PBXFileReference; fileEncoding = 4; lastKnownFileType = text.xml; name = adsearch.xsl; path = "../../early-experiment/adsearch.xsl"; sourceTree = "<group>"; };
		44EBAA5419DF25BD00F8404C /* postform.html */ = {isa = PBXFileReference; fileEncoding = 4; lastKnownFileType = text.html; name = postform.html; path = "../../early-experiment/postform.html"; sourceTree = "<group>"; };
		44EBAA5519DF25BD00F8404C /* postform.xsl */ = {isa = PBXFileReference; fileEncoding = 4; lastKnownFileType = text.xml; name = postform.xsl; path = "../../early-experiment/postform.xsl"; sourceTree = "<group>"; };
		44EBAA5619DF25BD00F8404C /* sss.html */ = {isa = PBXFileReference; fileEncoding = 4; lastKnownFileType = text.html; name = sss.html; path = "../../early-experiment/sss.html"; sourceTree = "<group>"; };
		44EBAA5B19DF2F9C00F8404C /* AdData.h */ = {isa = PBXFileReference; fileEncoding = 4; lastKnownFileType = sourcecode.c.h; path = AdData.h; sourceTree = "<group>"; };
		44EBAA5C19DF2F9C00F8404C /* AdData.m */ = {isa = PBXFileReference; fileEncoding = 4; lastKnownFileType = sourcecode.c.objc; path = AdData.m; sourceTree = "<group>"; };
		44EBAA5E19DF2FAE00F8404C /* AdDataContainer.h */ = {isa = PBXFileReference; fileEncoding = 4; lastKnownFileType = sourcecode.c.h; path = AdDataContainer.h; sourceTree = "<group>"; };
		44EBAA5F19DF2FAE00F8404C /* AdDataContainer.m */ = {isa = PBXFileReference; fileEncoding = 4; lastKnownFileType = sourcecode.c.objc; path = AdDataContainer.m; sourceTree = "<group>"; };
		44EBAA6119DF3BA700F8404C /* URLTransformer.h */ = {isa = PBXFileReference; fileEncoding = 4; lastKnownFileType = sourcecode.c.h; path = URLTransformer.h; sourceTree = "<group>"; };
		44EBAA6219DF3BA700F8404C /* URLTransformer.m */ = {isa = PBXFileReference; fileEncoding = 4; lastKnownFileType = sourcecode.c.objc; path = URLTransformer.m; sourceTree = "<group>"; };
		44EBAA6419DF44DD00F8404C /* AdsTableViewController.h */ = {isa = PBXFileReference; fileEncoding = 4; lastKnownFileType = sourcecode.c.h; path = AdsTableViewController.h; sourceTree = "<group>"; };
		44EBAA6519DF44DD00F8404C /* AdsTableViewController.m */ = {isa = PBXFileReference; fileEncoding = 4; lastKnownFileType = sourcecode.c.objc; path = AdsTableViewController.m; sourceTree = "<group>"; };
		44EBAA6719DF4E7F00F8404C /* AdTableViewCell.h */ = {isa = PBXFileReference; fileEncoding = 4; lastKnownFileType = sourcecode.c.h; path = AdTableViewCell.h; sourceTree = "<group>"; };
		44EBAA6819DF4E7F00F8404C /* AdTableViewCell.m */ = {isa = PBXFileReference; fileEncoding = 4; lastKnownFileType = sourcecode.c.objc; path = AdTableViewCell.m; sourceTree = "<group>"; };
		44EBAA7019E0A2B200F8404C /* XH.h */ = {isa = PBXFileReference; fileEncoding = 4; lastKnownFileType = sourcecode.c.h; path = XH.h; sourceTree = "<group>"; };
		44EBAA7119E0A2B200F8404C /* XHTransformation.h */ = {isa = PBXFileReference; fileEncoding = 4; lastKnownFileType = sourcecode.c.h; path = XHTransformation.h; sourceTree = "<group>"; };
		44EBAA7219E0A2B200F8404C /* XHTransformation.m */ = {isa = PBXFileReference; fileEncoding = 4; lastKnownFileType = sourcecode.c.objc; path = XHTransformation.m; sourceTree = "<group>"; };
		44EBAA7419E0A2B200F8404C /* exslt.h */ = {isa = PBXFileReference; fileEncoding = 4; lastKnownFileType = sourcecode.c.h; path = exslt.h; sourceTree = "<group>"; };
		44EBAA7519E0A2B200F8404C /* exsltconfig.h */ = {isa = PBXFileReference; fileEncoding = 4; lastKnownFileType = sourcecode.c.h; path = exsltconfig.h; sourceTree = "<group>"; };
		44EBAA7619E0A2B200F8404C /* exsltexports.h */ = {isa = PBXFileReference; fileEncoding = 4; lastKnownFileType = sourcecode.c.h; path = exsltexports.h; sourceTree = "<group>"; };
		44EBAA7819E0A2B200F8404C /* attributes.h */ = {isa = PBXFileReference; fileEncoding = 4; lastKnownFileType = sourcecode.c.h; path = attributes.h; sourceTree = "<group>"; };
		44EBAA7919E0A2B200F8404C /* documents.h */ = {isa = PBXFileReference; fileEncoding = 4; lastKnownFileType = sourcecode.c.h; path = documents.h; sourceTree = "<group>"; };
		44EBAA7A19E0A2B200F8404C /* extensions.h */ = {isa = PBXFileReference; fileEncoding = 4; lastKnownFileType = sourcecode.c.h; path = extensions.h; sourceTree = "<group>"; };
		44EBAA7B19E0A2B200F8404C /* extra.h */ = {isa = PBXFileReference; fileEncoding = 4; lastKnownFileType = sourcecode.c.h; path = extra.h; sourceTree = "<group>"; };
		44EBAA7C19E0A2B200F8404C /* functions.h */ = {isa = PBXFileReference; fileEncoding = 4; lastKnownFileType = sourcecode.c.h; path = functions.h; sourceTree = "<group>"; };
		44EBAA7D19E0A2B200F8404C /* imports.h */ = {isa = PBXFileReference; fileEncoding = 4; lastKnownFileType = sourcecode.c.h; path = imports.h; sourceTree = "<group>"; };
		44EBAA7E19E0A2B200F8404C /* keys.h */ = {isa = PBXFileReference; fileEncoding = 4; lastKnownFileType = sourcecode.c.h; path = keys.h; sourceTree = "<group>"; };
		44EBAA7F19E0A2B200F8404C /* namespaces.h */ = {isa = PBXFileReference; fileEncoding = 4; lastKnownFileType = sourcecode.c.h; path = namespaces.h; sourceTree = "<group>"; };
		44EBAA8019E0A2B200F8404C /* numbersInternals.h */ = {isa = PBXFileReference; fileEncoding = 4; lastKnownFileType = sourcecode.c.h; path = numbersInternals.h; sourceTree = "<group>"; };
		44EBAA8119E0A2B200F8404C /* pattern.h */ = {isa = PBXFileReference; fileEncoding = 4; lastKnownFileType = sourcecode.c.h; path = pattern.h; sourceTree = "<group>"; };
		44EBAA8219E0A2B200F8404C /* preproc.h */ = {isa = PBXFileReference; fileEncoding = 4; lastKnownFileType = sourcecode.c.h; path = preproc.h; sourceTree = "<group>"; };
		44EBAA8319E0A2B200F8404C /* security.h */ = {isa = PBXFileReference; fileEncoding = 4; lastKnownFileType = sourcecode.c.h; path = security.h; sourceTree = "<group>"; };
		44EBAA8419E0A2B200F8404C /* templates.h */ = {isa = PBXFileReference; fileEncoding = 4; lastKnownFileType = sourcecode.c.h; path = templates.h; sourceTree = "<group>"; };
		44EBAA8519E0A2B200F8404C /* transform.h */ = {isa = PBXFileReference; fileEncoding = 4; lastKnownFileType = sourcecode.c.h; path = transform.h; sourceTree = "<group>"; };
		44EBAA8619E0A2B200F8404C /* variables.h */ = {isa = PBXFileReference; fileEncoding = 4; lastKnownFileType = sourcecode.c.h; path = variables.h; sourceTree = "<group>"; };
		44EBAA8719E0A2B200F8404C /* xslt.h */ = {isa = PBXFileReference; fileEncoding = 4; lastKnownFileType = sourcecode.c.h; path = xslt.h; sourceTree = "<group>"; };
		44EBAA8819E0A2B200F8404C /* xsltInternals.h */ = {isa = PBXFileReference; fileEncoding = 4; lastKnownFileType = sourcecode.c.h; path = xsltInternals.h; sourceTree = "<group>"; };
		44EBAA8919E0A2B200F8404C /* xsltconfig.h */ = {isa = PBXFileReference; fileEncoding = 4; lastKnownFileType = sourcecode.c.h; path = xsltconfig.h; sourceTree = "<group>"; };
		44EBAA8A19E0A2B200F8404C /* xsltexports.h */ = {isa = PBXFileReference; fileEncoding = 4; lastKnownFileType = sourcecode.c.h; path = xsltexports.h; sourceTree = "<group>"; };
		44EBAA8B19E0A2B200F8404C /* xsltlocale.h */ = {isa = PBXFileReference; fileEncoding = 4; lastKnownFileType = sourcecode.c.h; path = xsltlocale.h; sourceTree = "<group>"; };
		44EBAA8C19E0A2B200F8404C /* xsltutils.h */ = {isa = PBXFileReference; fileEncoding = 4; lastKnownFileType = sourcecode.c.h; path = xsltutils.h; sourceTree = "<group>"; };
		55EC2D032474454903ECA634 /* Pods.debug.xcconfig */ = {isa = PBXFileReference; includeInIndex = 1; lastKnownFileType = text.xcconfig; name = Pods.debug.xcconfig; path = "Pods/Target Support Files/Pods/Pods.debug.xcconfig"; sourceTree = "<group>"; };
		C0F12CA4F50DAC0B8CBE9445 /* Pods.release.xcconfig */ = {isa = PBXFileReference; includeInIndex = 1; lastKnownFileType = text.xcconfig; name = Pods.release.xcconfig; path = "Pods/Target Support Files/Pods/Pods.release.xcconfig"; sourceTree = "<group>"; };
/* End PBXFileReference section */

/* Begin PBXFrameworksBuildPhase section */
		44EBAA0219DEFF2B00F8404C /* Frameworks */ = {
			isa = PBXFrameworksBuildPhase;
			buildActionMask = 2147483647;
			files = (
				44EBAA5019DF218E00F8404C /* libxml2.dylib in Frameworks */,
				44EBAA5219DF21A000F8404C /* libxslt.dylib in Frameworks */,
				44EBAA3319DF033D00F8404C /* libexslt.dylib in Frameworks */,
				F764FCB57E6BEBB870D260B0 /* libPods.a in Frameworks */,
			);
			runOnlyForDeploymentPostprocessing = 0;
		};
		44EBAA1B19DEFF2B00F8404C /* Frameworks */ = {
			isa = PBXFrameworksBuildPhase;
			buildActionMask = 2147483647;
			files = (
			);
			runOnlyForDeploymentPostprocessing = 0;
		};
/* End PBXFrameworksBuildPhase section */

/* Begin PBXGroup section */
		1446F667013D612904537521 /* Frameworks */ = {
			isa = PBXGroup;
			children = (
				2658A3EBC32BF11E4C8F3664 /* libPods.a */,
			);
			name = Frameworks;
			sourceTree = "<group>";
		};
		44EBA9FC19DEFF2B00F8404C = {
			isa = PBXGroup;
			children = (
				44EBAA6F19E0A2B200F8404C /* XH */,
				44EBAA5119DF21A000F8404C /* libxslt.dylib */,
				44EBAA4F19DF218E00F8404C /* libxml2.dylib */,
				44EBAA3219DF033D00F8404C /* libexslt.dylib */,
				44EBAA0719DEFF2B00F8404C /* XHProcessorTest */,
				44EBAA2119DEFF2B00F8404C /* XHProcessorTestTests */,
				44EBAA0619DEFF2B00F8404C /* Products */,
				6F2B98CA02ED9F7D840B584D /* Pods */,
				1446F667013D612904537521 /* Frameworks */,
			);
			sourceTree = "<group>";
		};
		44EBAA0619DEFF2B00F8404C /* Products */ = {
			isa = PBXGroup;
			children = (
				44EBAA0519DEFF2B00F8404C /* XHProcessorTest.app */,
				44EBAA1E19DEFF2B00F8404C /* XHProcessorTestTests.xctest */,
			);
			name = Products;
			sourceTree = "<group>";
		};
		44EBAA0719DEFF2B00F8404C /* XHProcessorTest */ = {
			isa = PBXGroup;
			children = (
				44EBAA5319DF25BD00F8404C /* adsearch.xsl */,
				44EBAA5419DF25BD00F8404C /* postform.html */,
				44EBAA5519DF25BD00F8404C /* postform.xsl */,
				44EBAA5619DF25BD00F8404C /* sss.html */,
				44EBAA0C19DEFF2B00F8404C /* AppDelegate.h */,
				44EBAA0D19DEFF2B00F8404C /* AppDelegate.m */,
				44EBAA1219DEFF2B00F8404C /* Main.storyboard */,
				44EBAA1519DEFF2B00F8404C /* Images.xcassets */,
				44EBAA1719DEFF2B00F8404C /* LaunchScreen.xib */,
				44EBAA0819DEFF2B00F8404C /* Supporting Files */,
				44EBAA5B19DF2F9C00F8404C /* AdData.h */,
				44EBAA5C19DF2F9C00F8404C /* AdData.m */,
				44EBAA5E19DF2FAE00F8404C /* AdDataContainer.h */,
				44EBAA5F19DF2FAE00F8404C /* AdDataContainer.m */,
				44EBAA6119DF3BA700F8404C /* URLTransformer.h */,
				44EBAA6219DF3BA700F8404C /* URLTransformer.m */,
				44EBAA6419DF44DD00F8404C /* AdsTableViewController.h */,
				44EBAA6519DF44DD00F8404C /* AdsTableViewController.m */,
				44EBAA6719DF4E7F00F8404C /* AdTableViewCell.h */,
				44EBAA6819DF4E7F00F8404C /* AdTableViewCell.m */,
			);
			path = XHProcessorTest;
			sourceTree = "<group>";
		};
		44EBAA0819DEFF2B00F8404C /* Supporting Files */ = {
			isa = PBXGroup;
			children = (
				44EBAA0919DEFF2B00F8404C /* Info.plist */,
				44EBAA0A19DEFF2B00F8404C /* main.m */,
			);
			name = "Supporting Files";
			sourceTree = "<group>";
		};
		44EBAA2119DEFF2B00F8404C /* XHProcessorTestTests */ = {
			isa = PBXGroup;
			children = (
				44EBAA2419DEFF2B00F8404C /* XHProcessorTestTests.m */,
				44EBAA2219DEFF2B00F8404C /* Supporting Files */,
			);
			path = XHProcessorTestTests;
			sourceTree = "<group>";
		};
		44EBAA2219DEFF2B00F8404C /* Supporting Files */ = {
			isa = PBXGroup;
			children = (
				44EBAA2319DEFF2B00F8404C /* Info.plist */,
			);
			name = "Supporting Files";
			sourceTree = "<group>";
		};
		44EBAA6F19E0A2B200F8404C /* XH */ = {
			isa = PBXGroup;
			children = (
				44EBAA7019E0A2B200F8404C /* XH.h */,
				44EBAA7119E0A2B200F8404C /* XHTransformation.h */,
				44EBAA7219E0A2B200F8404C /* XHTransformation.m */,
				44EBAA7319E0A2B200F8404C /* libexslt */,
				44EBAA7719E0A2B200F8404C /* libxslt */,
			);
			name = XH;
			path = ../XH;
			sourceTree = "<group>";
		};
		44EBAA7319E0A2B200F8404C /* libexslt */ = {
			isa = PBXGroup;
			children = (
				44EBAA7419E0A2B200F8404C /* exslt.h */,
				44EBAA7519E0A2B200F8404C /* exsltconfig.h */,
				44EBAA7619E0A2B200F8404C /* exsltexports.h */,
			);
			path = libexslt;
			sourceTree = "<group>";
		};
		44EBAA7719E0A2B200F8404C /* libxslt */ = {
			isa = PBXGroup;
			children = (
				44EBAA7819E0A2B200F8404C /* attributes.h */,
				44EBAA7919E0A2B200F8404C /* documents.h */,
				44EBAA7A19E0A2B200F8404C /* extensions.h */,
				44EBAA7B19E0A2B200F8404C /* extra.h */,
				44EBAA7C19E0A2B200F8404C /* functions.h */,
				44EBAA7D19E0A2B200F8404C /* imports.h */,
				44EBAA7E19E0A2B200F8404C /* keys.h */,
				44EBAA7F19E0A2B200F8404C /* namespaces.h */,
				44EBAA8019E0A2B200F8404C /* numbersInternals.h */,
				44EBAA8119E0A2B200F8404C /* pattern.h */,
				44EBAA8219E0A2B200F8404C /* preproc.h */,
				44EBAA8319E0A2B200F8404C /* security.h */,
				44EBAA8419E0A2B200F8404C /* templates.h */,
				44EBAA8519E0A2B200F8404C /* transform.h */,
				44EBAA8619E0A2B200F8404C /* variables.h */,
				44EBAA8719E0A2B200F8404C /* xslt.h */,
				44EBAA8819E0A2B200F8404C /* xsltInternals.h */,
				44EBAA8919E0A2B200F8404C /* xsltconfig.h */,
				44EBAA8A19E0A2B200F8404C /* xsltexports.h */,
				44EBAA8B19E0A2B200F8404C /* xsltlocale.h */,
				44EBAA8C19E0A2B200F8404C /* xsltutils.h */,
			);
			path = libxslt;
			sourceTree = "<group>";
		};
		6F2B98CA02ED9F7D840B584D /* Pods */ = {
			isa = PBXGroup;
			children = (
				55EC2D032474454903ECA634 /* Pods.debug.xcconfig */,
				C0F12CA4F50DAC0B8CBE9445 /* Pods.release.xcconfig */,
			);
			name = Pods;
			sourceTree = "<group>";
		};
/* End PBXGroup section */

/* Begin PBXNativeTarget section */
		44EBAA0419DEFF2B00F8404C /* XHProcessorTest */ = {
			isa = PBXNativeTarget;
			buildConfigurationList = 44EBAA2819DEFF2B00F8404C /* Build configuration list for PBXNativeTarget "XHProcessorTest" */;
			buildPhases = (
				44AB911374CADC4139E72D8F /* Check Pods Manifest.lock */,
				44EBAA0119DEFF2B00F8404C /* Sources */,
				44EBAA0219DEFF2B00F8404C /* Frameworks */,
				44EBAA0319DEFF2B00F8404C /* Resources */,
				06CAD66131269BF03C6C92AB /* Copy Pods Resources */,
			);
			buildRules = (
			);
			dependencies = (
			);
			name = XHProcessorTest;
			productName = XHProcessorTest;
			productReference = 44EBAA0519DEFF2B00F8404C /* XHProcessorTest.app */;
			productType = "com.apple.product-type.application";
		};
		44EBAA1D19DEFF2B00F8404C /* XHProcessorTestTests */ = {
			isa = PBXNativeTarget;
			buildConfigurationList = 44EBAA2B19DEFF2B00F8404C /* Build configuration list for PBXNativeTarget "XHProcessorTestTests" */;
			buildPhases = (
				44EBAA1A19DEFF2B00F8404C /* Sources */,
				44EBAA1B19DEFF2B00F8404C /* Frameworks */,
				44EBAA1C19DEFF2B00F8404C /* Resources */,
			);
			buildRules = (
			);
			dependencies = (
				44EBAA2019DEFF2B00F8404C /* PBXTargetDependency */,
			);
			name = XHProcessorTestTests;
			productName = XHProcessorTestTests;
			productReference = 44EBAA1E19DEFF2B00F8404C /* XHProcessorTestTests.xctest */;
			productType = "com.apple.product-type.bundle.unit-test";
		};
/* End PBXNativeTarget section */

/* Begin PBXProject section */
		44EBA9FD19DEFF2B00F8404C /* Project object */ = {
			isa = PBXProject;
			attributes = {
				LastUpgradeCheck = 0600;
				ORGANIZATIONNAME = justadreamer;
				TargetAttributes = {
					44EBAA0419DEFF2B00F8404C = {
						CreatedOnToolsVersion = 6.0.1;
						DevelopmentTeam = DS4972339D;
					};
					44EBAA1D19DEFF2B00F8404C = {
						CreatedOnToolsVersion = 6.0.1;
						TestTargetID = 44EBAA0419DEFF2B00F8404C;
					};
				};
			};
			buildConfigurationList = 44EBAA0019DEFF2B00F8404C /* Build configuration list for PBXProject "XHProcessorTest" */;
			compatibilityVersion = "Xcode 3.2";
			developmentRegion = English;
			hasScannedForEncodings = 0;
			knownRegions = (
				en,
				Base,
			);
			mainGroup = 44EBA9FC19DEFF2B00F8404C;
			productRefGroup = 44EBAA0619DEFF2B00F8404C /* Products */;
			projectDirPath = "";
			projectRoot = "";
			targets = (
				44EBAA0419DEFF2B00F8404C /* XHProcessorTest */,
				44EBAA1D19DEFF2B00F8404C /* XHProcessorTestTests */,
			);
		};
/* End PBXProject section */

/* Begin PBXResourcesBuildPhase section */
		44EBAA0319DEFF2B00F8404C /* Resources */ = {
			isa = PBXResourcesBuildPhase;
			buildActionMask = 2147483647;
			files = (
				44EBAA5819DF25BD00F8404C /* postform.html in Resources */,
				44EBAA5719DF25BD00F8404C /* adsearch.xsl in Resources */,
				44EBAA1419DEFF2B00F8404C /* Main.storyboard in Resources */,
				44EBAA1919DEFF2B00F8404C /* LaunchScreen.xib in Resources */,
				44EBAA1619DEFF2B00F8404C /* Images.xcassets in Resources */,
				44EBAA5919DF25BD00F8404C /* postform.xsl in Resources */,
				44EBAA5A19DF25BD00F8404C /* sss.html in Resources */,
			);
			runOnlyForDeploymentPostprocessing = 0;
		};
		44EBAA1C19DEFF2B00F8404C /* Resources */ = {
			isa = PBXResourcesBuildPhase;
			buildActionMask = 2147483647;
			files = (
			);
			runOnlyForDeploymentPostprocessing = 0;
		};
/* End PBXResourcesBuildPhase section */

/* Begin PBXShellScriptBuildPhase section */
		06CAD66131269BF03C6C92AB /* Copy Pods Resources */ = {
			isa = PBXShellScriptBuildPhase;
			buildActionMask = 2147483647;
			files = (
			);
			inputPaths = (
			);
			name = "Copy Pods Resources";
			outputPaths = (
			);
			runOnlyForDeploymentPostprocessing = 0;
			shellPath = /bin/sh;
			shellScript = "\"${SRCROOT}/Pods/Target Support Files/Pods/Pods-resources.sh\"\n";
			showEnvVarsInLog = 0;
		};
		44AB911374CADC4139E72D8F /* Check Pods Manifest.lock */ = {
			isa = PBXShellScriptBuildPhase;
			buildActionMask = 2147483647;
			files = (
			);
			inputPaths = (
			);
			name = "Check Pods Manifest.lock";
			outputPaths = (
			);
			runOnlyForDeploymentPostprocessing = 0;
			shellPath = /bin/sh;
			shellScript = "diff \"${PODS_ROOT}/../Podfile.lock\" \"${PODS_ROOT}/Manifest.lock\" > /dev/null\nif [[ $? != 0 ]] ; then\n    cat << EOM\nerror: The sandbox is not in sync with the Podfile.lock. Run 'pod install' or update your CocoaPods installation.\nEOM\n    exit 1\nfi\n";
			showEnvVarsInLog = 0;
		};
/* End PBXShellScriptBuildPhase section */

/* Begin PBXSourcesBuildPhase section */
		44EBAA0119DEFF2B00F8404C /* Sources */ = {
			isa = PBXSourcesBuildPhase;
			buildActionMask = 2147483647;
			files = (
				44EBAA6619DF44DD00F8404C /* AdsTableViewController.m in Sources */,
				44EBAA6019DF2FAE00F8404C /* AdDataContainer.m in Sources */,
				44EBAA6319DF3BA700F8404C /* URLTransformer.m in Sources */,
				44EBAA6919DF4E7F00F8404C /* AdTableViewCell.m in Sources */,
				44EBAA8D19E0A2B200F8404C /* XHTransformation.m in Sources */,
				44EBAA0E19DEFF2B00F8404C /* AppDelegate.m in Sources */,
				44EBAA5D19DF2F9C00F8404C /* AdData.m in Sources */,
				44EBAA0B19DEFF2B00F8404C /* main.m in Sources */,
			);
			runOnlyForDeploymentPostprocessing = 0;
		};
		44EBAA1A19DEFF2B00F8404C /* Sources */ = {
			isa = PBXSourcesBuildPhase;
			buildActionMask = 2147483647;
			files = (
				44EBAA2519DEFF2B00F8404C /* XHProcessorTestTests.m in Sources */,
			);
			runOnlyForDeploymentPostprocessing = 0;
		};
/* End PBXSourcesBuildPhase section */

/* Begin PBXTargetDependency section */
		44EBAA2019DEFF2B00F8404C /* PBXTargetDependency */ = {
			isa = PBXTargetDependency;
			target = 44EBAA0419DEFF2B00F8404C /* XHProcessorTest */;
			targetProxy = 44EBAA1F19DEFF2B00F8404C /* PBXContainerItemProxy */;
		};
/* End PBXTargetDependency section */

/* Begin PBXVariantGroup section */
		44EBAA1219DEFF2B00F8404C /* Main.storyboard */ = {
			isa = PBXVariantGroup;
			children = (
				44EBAA1319DEFF2B00F8404C /* Base */,
			);
			name = Main.storyboard;
			sourceTree = "<group>";
		};
		44EBAA1719DEFF2B00F8404C /* LaunchScreen.xib */ = {
			isa = PBXVariantGroup;
			children = (
				44EBAA1819DEFF2B00F8404C /* Base */,
			);
			name = LaunchScreen.xib;
			sourceTree = "<group>";
		};
/* End PBXVariantGroup section */

/* Begin XCBuildConfiguration section */
		44EBAA2619DEFF2B00F8404C /* Debug */ = {
			isa = XCBuildConfiguration;
			buildSettings = {
				ALWAYS_SEARCH_USER_PATHS = NO;
				CLANG_CXX_LANGUAGE_STANDARD = "gnu++0x";
				CLANG_CXX_LIBRARY = "libc++";
				CLANG_ENABLE_MODULES = YES;
				CLANG_ENABLE_OBJC_ARC = YES;
				CLANG_WARN_BOOL_CONVERSION = YES;
				CLANG_WARN_CONSTANT_CONVERSION = YES;
				CLANG_WARN_DIRECT_OBJC_ISA_USAGE = YES_ERROR;
				CLANG_WARN_EMPTY_BODY = YES;
				CLANG_WARN_ENUM_CONVERSION = YES;
				CLANG_WARN_INT_CONVERSION = YES;
				CLANG_WARN_OBJC_ROOT_CLASS = YES_ERROR;
				CLANG_WARN_UNREACHABLE_CODE = YES;
				CLANG_WARN__DUPLICATE_METHOD_MATCH = YES;
				"CODE_SIGN_IDENTITY[sdk=iphoneos*]" = "iPhone Developer";
				COPY_PHASE_STRIP = NO;
				ENABLE_STRICT_OBJC_MSGSEND = YES;
				GCC_C_LANGUAGE_STANDARD = gnu99;
				GCC_DYNAMIC_NO_PIC = NO;
				GCC_OPTIMIZATION_LEVEL = 0;
				GCC_PREPROCESSOR_DEFINITIONS = (
					"DEBUG=1",
					"$(inherited)",
				);
				GCC_SYMBOLS_PRIVATE_EXTERN = NO;
				GCC_WARN_64_TO_32_BIT_CONVERSION = YES;
				GCC_WARN_ABOUT_RETURN_TYPE = YES_ERROR;
				GCC_WARN_UNDECLARED_SELECTOR = YES;
				GCC_WARN_UNINITIALIZED_AUTOS = YES_AGGRESSIVE;
				GCC_WARN_UNUSED_FUNCTION = YES;
				GCC_WARN_UNUSED_VARIABLE = YES;
				IPHONEOS_DEPLOYMENT_TARGET = 8.0;
				MTL_ENABLE_DEBUG_INFO = YES;
				ONLY_ACTIVE_ARCH = YES;
				SDKROOT = iphoneos;
			};
			name = Debug;
		};
		44EBAA2719DEFF2B00F8404C /* Release */ = {
			isa = XCBuildConfiguration;
			buildSettings = {
				ALWAYS_SEARCH_USER_PATHS = NO;
				CLANG_CXX_LANGUAGE_STANDARD = "gnu++0x";
				CLANG_CXX_LIBRARY = "libc++";
				CLANG_ENABLE_MODULES = YES;
				CLANG_ENABLE_OBJC_ARC = YES;
				CLANG_WARN_BOOL_CONVERSION = YES;
				CLANG_WARN_CONSTANT_CONVERSION = YES;
				CLANG_WARN_DIRECT_OBJC_ISA_USAGE = YES_ERROR;
				CLANG_WARN_EMPTY_BODY = YES;
				CLANG_WARN_ENUM_CONVERSION = YES;
				CLANG_WARN_INT_CONVERSION = YES;
				CLANG_WARN_OBJC_ROOT_CLASS = YES_ERROR;
				CLANG_WARN_UNREACHABLE_CODE = YES;
				CLANG_WARN__DUPLICATE_METHOD_MATCH = YES;
				"CODE_SIGN_IDENTITY[sdk=iphoneos*]" = "iPhone Developer";
				COPY_PHASE_STRIP = YES;
				ENABLE_NS_ASSERTIONS = NO;
				ENABLE_STRICT_OBJC_MSGSEND = YES;
				GCC_C_LANGUAGE_STANDARD = gnu99;
				GCC_WARN_64_TO_32_BIT_CONVERSION = YES;
				GCC_WARN_ABOUT_RETURN_TYPE = YES_ERROR;
				GCC_WARN_UNDECLARED_SELECTOR = YES;
				GCC_WARN_UNINITIALIZED_AUTOS = YES_AGGRESSIVE;
				GCC_WARN_UNUSED_FUNCTION = YES;
				GCC_WARN_UNUSED_VARIABLE = YES;
				IPHONEOS_DEPLOYMENT_TARGET = 8.0;
				MTL_ENABLE_DEBUG_INFO = NO;
				SDKROOT = iphoneos;
				VALIDATE_PRODUCT = YES;
			};
			name = Release;
		};
		44EBAA2919DEFF2B00F8404C /* Debug */ = {
			isa = XCBuildConfiguration;
			baseConfigurationReference = 55EC2D032474454903ECA634 /* Pods.debug.xcconfig */;
			buildSettings = {
				ASSETCATALOG_COMPILER_APPICON_NAME = AppIcon;
				CODE_SIGN_IDENTITY = "iPhone Developer";
				"CODE_SIGN_IDENTITY[sdk=iphoneos*]" = "iPhone Developer";
				HEADER_SEARCH_PATHS = (
					"$(inherited)",
					/Applications/Xcode.app/Contents/Developer/Toolchains/XcodeDefault.xctoolchain/usr/include,
					"\"$(SDKROOT)/usr/include/libxml2\"",
					"\"$(SRCROOT)/XHProcessor\"",
					"\"$(SRCROOT)/XHProcessor\"",
				);
				INFOPLIST_FILE = XHProcessorTest/Info.plist;
				LD_RUNPATH_SEARCH_PATHS = "$(inherited) @executable_path/Frameworks";
				PRODUCT_NAME = "$(TARGET_NAME)";
				PROVISIONING_PROFILE = "";
			};
			name = Debug;
		};
		44EBAA2A19DEFF2B00F8404C /* Release */ = {
			isa = XCBuildConfiguration;
			baseConfigurationReference = C0F12CA4F50DAC0B8CBE9445 /* Pods.release.xcconfig */;
			buildSettings = {
				ASSETCATALOG_COMPILER_APPICON_NAME = AppIcon;
				CODE_SIGN_IDENTITY = "iPhone Developer";
				"CODE_SIGN_IDENTITY[sdk=iphoneos*]" = "iPhone Developer";
				HEADER_SEARCH_PATHS = (
					"$(inherited)",
					/Applications/Xcode.app/Contents/Developer/Toolchains/XcodeDefault.xctoolchain/usr/include,
					"\"$(SDKROOT)/usr/include/libxml2\"",
					"\"$(SRCROOT)/XHProcessor\"",
					"\"$(SRCROOT)/XHProcessor\"",
				);
				INFOPLIST_FILE = XHProcessorTest/Info.plist;
				LD_RUNPATH_SEARCH_PATHS = "$(inherited) @executable_path/Frameworks";
				PRODUCT_NAME = "$(TARGET_NAME)";
				PROVISIONING_PROFILE = "";
			};
			name = Release;
		};
		44EBAA2C19DEFF2B00F8404C /* Debug */ = {
			isa = XCBuildConfiguration;
			buildSettings = {
				BUNDLE_LOADER = "$(TEST_HOST)";
				FRAMEWORK_SEARCH_PATHS = (
					"$(SDKROOT)/Developer/Library/Frameworks",
					"$(inherited)",
				);
				GCC_PREPROCESSOR_DEFINITIONS = (
					"DEBUG=1",
					"$(inherited)",
				);
				INFOPLIST_FILE = XHProcessorTestTests/Info.plist;
				LD_RUNPATH_SEARCH_PATHS = "$(inherited) @executable_path/Frameworks @loader_path/Frameworks";
				PRODUCT_NAME = "$(TARGET_NAME)";
				TEST_HOST = "$(BUILT_PRODUCTS_DIR)/XHProcessorTest.app/XHProcessorTest";
			};
			name = Debug;
		};
		44EBAA2D19DEFF2B00F8404C /* Release */ = {
			isa = XCBuildConfiguration;
			buildSettings = {
				BUNDLE_LOADER = "$(TEST_HOST)";
				FRAMEWORK_SEARCH_PATHS = (
					"$(SDKROOT)/Developer/Library/Frameworks",
					"$(inherited)",
				);
				INFOPLIST_FILE = XHProcessorTestTests/Info.plist;
				LD_RUNPATH_SEARCH_PATHS = "$(inherited) @executable_path/Frameworks @loader_path/Frameworks";
				PRODUCT_NAME = "$(TARGET_NAME)";
				TEST_HOST = "$(BUILT_PRODUCTS_DIR)/XHProcessorTest.app/XHProcessorTest";
			};
			name = Release;
		};
/* End XCBuildConfiguration section */

/* Begin XCConfigurationList section */
		44EBAA0019DEFF2B00F8404C /* Build configuration list for PBXProject "XHProcessorTest" */ = {
			isa = XCConfigurationList;
			buildConfigurations = (
				44EBAA2619DEFF2B00F8404C /* Debug */,
				44EBAA2719DEFF2B00F8404C /* Release */,
			);
			defaultConfigurationIsVisible = 0;
			defaultConfigurationName = Release;
		};
		44EBAA2819DEFF2B00F8404C /* Build configuration list for PBXNativeTarget "XHProcessorTest" */ = {
			isa = XCConfigurationList;
			buildConfigurations = (
				44EBAA2919DEFF2B00F8404C /* Debug */,
				44EBAA2A19DEFF2B00F8404C /* Release */,
			);
			defaultConfigurationIsVisible = 0;
			defaultConfigurationName = Release;
		};
		44EBAA2B19DEFF2B00F8404C /* Build configuration list for PBXNativeTarget "XHProcessorTestTests" */ = {
			isa = XCConfigurationList;
			buildConfigurations = (
				44EBAA2C19DEFF2B00F8404C /* Debug */,
				44EBAA2D19DEFF2B00F8404C /* Release */,
			);
			defaultConfigurationIsVisible = 0;
			defaultConfigurationName = Release;
		};
/* End XCConfigurationList section */
	};
	rootObject = 44EBA9FD19DEFF2B00F8404C /* Project object */;
}
